// !$*UTF8*$!
{
	archiveVersion = 1;
	classes = {
	};
	objectVersion = 77;
	objects = {

/* Begin PBXBuildFile section */
		00D267B5D29A0D25FE6E98FA /* MemdoTheme.swift in Sources */ = {isa = PBXBuildFile; fileRef = F29F2315ADA3175E0D4A894C /* MemdoTheme.swift */; };
		048C8F30632F364BD0918E91 /* AppIcon.icon in Resources */ = {isa = PBXBuildFile; fileRef = 54A9DCC8471814155094BAFF /* AppIcon.icon */; };
		04DF8C7446EC772D7022AE9A /* AgentPrompts.yml in Resources */ = {isa = PBXBuildFile; fileRef = F8BB7B0BC6E2F7CAF1981DF2 /* AgentPrompts.yml */; };
		05A16520EDB91AFE6AA6B061 /* ShareWorkoutView.swift in Sources */ = {isa = PBXBuildFile; fileRef = DA9BC3B0CEFE2D4C6854CE6D /* ShareWorkoutView.swift */; };
		06AC50E98AA4C0324E03F6E0 /* AgentDomainServices.swift in Sources */ = {isa = PBXBuildFile; fileRef = ADD872A2D13D0CBDA8353C15 /* AgentDomainServices.swift */; };
		07C63312BBCA02E3A38CDA86 /* ShareViewController.swift in Sources */ = {isa = PBXBuildFile; fileRef = 592EA12B6FF1AB799EF6869C /* ShareViewController.swift */; };
		08DE99AB607725B2E3D52207 /* MemdoShare.appex in Embed Foundation Extensions */ = {isa = PBXBuildFile; fileRef = 7E846EC17F4BCC9B7757596E /* MemdoShare.appex */; settings = {ATTRIBUTES = (RemoveHeadersOnCopy, ); }; };
		09F92AF7FB120FDD80087A27 /* DateFormatting.swift in Sources */ = {isa = PBXBuildFile; fileRef = 81842BD1CFF4ED836A2E09A7 /* DateFormatting.swift */; };
		0F660EFC0579CCC6223DB2B9 /* WorkoutViews.swift in Sources */ = {isa = PBXBuildFile; fileRef = 5DE3D42537298C53BC842A35 /* WorkoutViews.swift */; };
		0FDA22493E17D874CFE3A6A4 /* MemdoGuideSheet.swift in Sources */ = {isa = PBXBuildFile; fileRef = 99214A59192502A52C8A73AD /* MemdoGuideSheet.swift */; };
		10D229CD2DFD8802FF479DC2 /* OnDeviceAgentRuntime.swift in Sources */ = {isa = PBXBuildFile; fileRef = 7DD71F391186F9CA01A625C1 /* OnDeviceAgentRuntime.swift */; };
		127639652BAACB34DA1E4279 /* MemdoLiveActivity.swift in Sources */ = {isa = PBXBuildFile; fileRef = D4F83C89D78FD9D59E7C1EE3 /* MemdoLiveActivity.swift */; };
		15CE7ABB984F0E7F0E18C4E0 /* CloudAgentRuntime.swift in Sources */ = {isa = PBXBuildFile; fileRef = 98D1929733AE37B7C5892133 /* CloudAgentRuntime.swift */; };
		190B58650DDB5E6EBE7AD2AC /* AgentTabBridge.swift in Sources */ = {isa = PBXBuildFile; fileRef = DC83A92A9DA90179F3E5254E /* AgentTabBridge.swift */; };
		1A1518E2534696A7B7A56C55 /* MemdoLiveActivity.swift in Sources */ = {isa = PBXBuildFile; fileRef = D4F83C89D78FD9D59E7C1EE3 /* MemdoLiveActivity.swift */; };
		1ACFAEEBEB53F95656F314FC /* MemdoWidget.swift in Sources */ = {isa = PBXBuildFile; fileRef = C4EA7A02C55094DEBD06AF37 /* MemdoWidget.swift */; };
		1F8672E2C40ED8E8853E55EA /* Pretendard-LICENSE.txt in Resources */ = {isa = PBXBuildFile; fileRef = 97B6BAE4945DFFB47769CA5C /* Pretendard-LICENSE.txt */; };
		216569CCC3FCC4402CA66A1C /* AgentDomainServicesTests.swift in Sources */ = {isa = PBXBuildFile; fileRef = EC09836B4409CD8802D9A9E1 /* AgentDomainServicesTests.swift */; };
		27F704F7116840EA5D152218 /* WallpaperIntent.swift in Sources */ = {isa = PBXBuildFile; fileRef = BFB1F40579E7D5062404CC55 /* WallpaperIntent.swift */; };
		28ACEBD7EE2EC6276D9F3CFE /* WorkoutAPI.swift in Sources */ = {isa = PBXBuildFile; fileRef = 67DDB3585BB47A7B725E0F95 /* WorkoutAPI.swift */; };
		2A29175D38335F059C4AE766 /* MemdoComponents.swift in Sources */ = {isa = PBXBuildFile; fileRef = 42994A317F898780763B33D4 /* MemdoComponents.swift */; };
		2E79B85E1483FF6B965024C6 /* AgentTools.swift in Sources */ = {isa = PBXBuildFile; fileRef = C6D1987E0D3F1E0418371476 /* AgentTools.swift */; };
		2ED1DD45744A43622AEE6E80 /* AgentCoordinator.swift in Sources */ = {isa = PBXBuildFile; fileRef = 6A1B5A86DB4CC8B6F486964C /* AgentCoordinator.swift */; };
		328C3099158F53FA548F9F7E /* AgentRoutePolicy.swift in Sources */ = {isa = PBXBuildFile; fileRef = ADB58B6ED6A1235B1E6FD1DD /* AgentRoutePolicy.swift */; };
		34C226C7140C637FA392B0B1 /* Supabase in Frameworks */ = {isa = PBXBuildFile; productRef = BA381B15831EFB2DC3181BCA /* Supabase */; };
		352FF44217347DA1AF4B9262 /* AgentRuntime.swift in Sources */ = {isa = PBXBuildFile; fileRef = 0C251476A8194801A86B8B41 /* AgentRuntime.swift */; };
		46C4AF8230A9E34403A557BF /* DailySummaryViewTests.swift in Sources */ = {isa = PBXBuildFile; fileRef = 27D626BB1584385C72608775 /* DailySummaryViewTests.swift */; };
		47980E617A1DA64917EB0AEB /* BriefingFeed.swift in Sources */ = {isa = PBXBuildFile; fileRef = D74BAC4CE2DAFC9BABA5244E /* BriefingFeed.swift */; };
		480BC8CB74B2601AFEEF5DBD /* ScheduleSheets.swift in Sources */ = {isa = PBXBuildFile; fileRef = 1F8C4864695656352FE70BA3 /* ScheduleSheets.swift */; };
		48BFE42E9CDDAC5BAEE6BA40 /* PrivacyInfo.xcprivacy in Resources */ = {isa = PBXBuildFile; fileRef = 72F40B29582C13FA7CF10006 /* PrivacyInfo.xcprivacy */; };
		4CE9071DE9A5E1E5F3D45F0A /* AppShellView.swift in Sources */ = {isa = PBXBuildFile; fileRef = B4D119A0D929FA9AE7D47773 /* AppShellView.swift */; };
		55306D301F120767611231F5 /* MemdoWidget.appex in Embed Foundation Extensions */ = {isa = PBXBuildFile; fileRef = AE1B6FFACC369DADAFC99ADB /* MemdoWidget.appex */; settings = {ATTRIBUTES = (RemoveHeadersOnCopy, ); }; };
		567B8523F98FA34B84994096 /* AgentPrompts.swift in Sources */ = {isa = PBXBuildFile; fileRef = 4CCEC3682202DC527390D6C3 /* AgentPrompts.swift */; };
		5AFEEBA9CD4F0FEBBA50F09B /* ScheduleModel.swift in Sources */ = {isa = PBXBuildFile; fileRef = 07B46ABED061C6BD316DB8F3 /* ScheduleModel.swift */; };
		5C8DB08635A4922DF0808F7B /* TodayComponents.swift in Sources */ = {isa = PBXBuildFile; fileRef = E81203EAFA09124BA54F8AE7 /* TodayComponents.swift */; };
		62BC23ACF0CA3B113A800BB4 /* PrivacyInfo.xcprivacy in Resources */ = {isa = PBXBuildFile; fileRef = A6F0561D5973698B66DB4119 /* PrivacyInfo.xcprivacy */; };
		6330199617D23E6B9A705C4A /* Preferences.swift in Sources */ = {isa = PBXBuildFile; fileRef = CC29E0621A97339E19CDC2C1 /* Preferences.swift */; };
		6D1456762B22F0F5585F1589 /* MemdoWidgetSchedule.swift in Sources */ = {isa = PBXBuildFile; fileRef = D7840EFE57EB95989FBC7696 /* MemdoWidgetSchedule.swift */; };
		6D52CEFC8B695B018FB30EAD /* MemdoApp.swift in Sources */ = {isa = PBXBuildFile; fileRef = 9B25474359568B8C6264B6E8 /* MemdoApp.swift */; };
		6D563326AB9CE5FDE9058501 /* WorkoutModel.swift in Sources */ = {isa = PBXBuildFile; fileRef = 6A32B5F7D73399A9F62D92CA /* WorkoutModel.swift */; };
		7457DB90063BE2771605A5AA /* NotificationSchedulerTests.swift in Sources */ = {isa = PBXBuildFile; fileRef = 96F566C420B634E1C8FE4B5C /* NotificationSchedulerTests.swift */; };
		76D234B343C9376873066059 /* EventCapture.swift in Sources */ = {isa = PBXBuildFile; fileRef = AB3E052299D1A953107E411D /* EventCapture.swift */; };
		78F5DD11294A40F25A5A9524 /* DailySummaryView.swift in Sources */ = {isa = PBXBuildFile; fileRef = 6561C352731005322618C740 /* DailySummaryView.swift */; };
		78FEB722CFF3DC8EE7034FBD /* Assets.xcassets in Resources */ = {isa = PBXBuildFile; fileRef = A5FCF0E385E87960B56A11F4 /* Assets.xcassets */; };
		7E76ED8B0A95132D8C445E02 /* SecureSessionStorage.swift in Sources */ = {isa = PBXBuildFile; fileRef = B159571A9900C21AA6BE4349 /* SecureSessionStorage.swift */; };
		8440D2E9F99B1C9848CF21ED /* CalendarView.swift in Sources */ = {isa = PBXBuildFile; fileRef = 8FD6B2D482673663626353C2 /* CalendarView.swift */; };
		84884B9604E82F5666617F18 /* WallpaperPreviewSheet.swift in Sources */ = {isa = PBXBuildFile; fileRef = F2C12B14694C882524384138 /* WallpaperPreviewSheet.swift */; };
		8536B44B386E9207B515D325 /* MetricsCollector.swift in Sources */ = {isa = PBXBuildFile; fileRef = 2AF5F6934F60994B33CA80FF /* MetricsCollector.swift */; };
		87E2689DFF3C0F8C22A74D06 /* CoachMarks.swift in Sources */ = {isa = PBXBuildFile; fileRef = DBD366DE45CA454C72F2BBC3 /* CoachMarks.swift */; };
		8D2EE9F6F32DD94165E33E60 /* Pretendard-Regular.otf in Resources */ = {isa = PBXBuildFile; fileRef = 5DD8651FBD4E38159886A3B3 /* Pretendard-Regular.otf */; };
		90F89ECA1FB60194F0A9A09C /* ScheduleAPI.swift in Sources */ = {isa = PBXBuildFile; fileRef = EA8A453029530AB440AFEB03 /* ScheduleAPI.swift */; };
		978C5FA035AB40F7D66F00F9 /* Pretendard-Bold.otf in Resources */ = {isa = PBXBuildFile; fileRef = 8640DA0A68D661636709CCDD /* Pretendard-Bold.otf */; };
		98172737F1AC51B31154A93D /* ScheduleRow.swift in Sources */ = {isa = PBXBuildFile; fileRef = 19BD21007334C06C0B2028F9 /* ScheduleRow.swift */; };
		A09C21CAE62B67DF6753F375 /* AssistantView.swift in Sources */ = {isa = PBXBuildFile; fileRef = 2C57EC467343059432D7D60D /* AssistantView.swift */; };
		AA47BAB65B42078F49070D0E /* AgentCoordinatorTests.swift in Sources */ = {isa = PBXBuildFile; fileRef = E5F8C1DE6F959CF3423D1DD8 /* AgentCoordinatorTests.swift */; };
		B34D55BB23AB902823B3C287 /* AgentIntentTests.swift in Sources */ = {isa = PBXBuildFile; fileRef = 5CAF5C62FEE7A3ECA9E67EB4 /* AgentIntentTests.swift */; };
		B9BE1E1D72E8D516A1E5022D /* MemdoWidgetSchedule.swift in Sources */ = {isa = PBXBuildFile; fileRef = D7840EFE57EB95989FBC7696 /* MemdoWidgetSchedule.swift */; };
		BFC6AD583CB383FAF7ABE782 /* SlackNotifier.swift in Sources */ = {isa = PBXBuildFile; fileRef = 420E092EB2A4627375577F43 /* SlackNotifier.swift */; };
		C058A05E23195B992D283DC5 /* FakeAgentRuntime.swift in Sources */ = {isa = PBXBuildFile; fileRef = AA8E9E99B2955B5F2A3FABD6 /* FakeAgentRuntime.swift */; };
		C535C49F5AF818D049EE98AE /* GoogleCalendarSettings.swift in Sources */ = {isa = PBXBuildFile; fileRef = 4E9F76C022917F1D22E0D1CE /* GoogleCalendarSettings.swift */; };
		C69C49A6035C81CD2F48A9F3 /* CloudAgentRuntimeTests.swift in Sources */ = {isa = PBXBuildFile; fileRef = 17E8C08961FC90CC6CA2A3B6 /* CloudAgentRuntimeTests.swift */; };
		C760F0C4525ACB0698EEC474 /* Yams in Frameworks */ = {isa = PBXBuildFile; productRef = 766260AB78CE2A6DF35FC443 /* Yams */; };
		C87861497E1330A80544FE13 /* AgentIntent.swift in Sources */ = {isa = PBXBuildFile; fileRef = 89D11582497A9B52756B755E /* AgentIntent.swift */; };
		C937284F923DF277B8EE53B3 /* Pretendard-SemiBold.otf in Resources */ = {isa = PBXBuildFile; fileRef = 38E5C3282FBC0EF28AA5FBD5 /* Pretendard-SemiBold.otf */; };
		CA69FB6F6D5B184690B56D4A /* ScheduleModelTests.swift in Sources */ = {isa = PBXBuildFile; fileRef = E3F01099D4577BD460F6C20F /* ScheduleModelTests.swift */; };
		CB913CAD17525E884D7AE65D /* PrivacyInfo.xcprivacy in Resources */ = {isa = PBXBuildFile; fileRef = DC46E17276DC090239774712 /* PrivacyInfo.xcprivacy */; };
		D0E0E2E1A7122A5734E8C07A /* AgentRuntimeTests.swift in Sources */ = {isa = PBXBuildFile; fileRef = 8DFEC754269D8947FB18E952 /* AgentRuntimeTests.swift */; };
		D2A3E9135268890871957A27 /* CloudAgentSettings.swift in Sources */ = {isa = PBXBuildFile; fileRef = 15F344D2A79A26B779462E85 /* CloudAgentSettings.swift */; };
		D51C8D4F2F01CBD92D0CFDB3 /* OutboxQueue.swift in Sources */ = {isa = PBXBuildFile; fileRef = 1FC52CA73A8785841A1E45A0 /* OutboxQueue.swift */; };
		E117E6A55D78273E89DFAAC0 /* ScheduleSearchView.swift in Sources */ = {isa = PBXBuildFile; fileRef = FC9B39D6188C70A056DA658E /* ScheduleSearchView.swift */; };
		E13CC110F4ADD28CD689DC33 /* HealthKitImporter.swift in Sources */ = {isa = PBXBuildFile; fileRef = CF37F31C681B18584711EBD0 /* HealthKitImporter.swift */; };
		E49AD453117D9B5AB53EA8CE /* TodayView.swift in Sources */ = {isa = PBXBuildFile; fileRef = 257B3BF059A0E5D9A80D8E50 /* TodayView.swift */; };
		E62B9C0643A47C6E12B4F08A /* PendingWorkoutStore.swift in Sources */ = {isa = PBXBuildFile; fileRef = 9CF4B965CFF4FE3ACB3B3D33 /* PendingWorkoutStore.swift */; };
		E654D89C787094926BDFF8AE /* SlackSettings.swift in Sources */ = {isa = PBXBuildFile; fileRef = 8996DE47EAC9D1762FB6DCAD /* SlackSettings.swift */; };
		EAD86635B870F07E38DF7E19 /* LiveActivityScheduler.swift in Sources */ = {isa = PBXBuildFile; fileRef = 282B54EFD5EB0ED2655D512E /* LiveActivityScheduler.swift */; };
		F3426B7FCF7A6E73261D2D93 /* NotificationScheduler.swift in Sources */ = {isa = PBXBuildFile; fileRef = 027C4773F8BAC3F78AF09125 /* NotificationScheduler.swift */; };
		F419353E585BF3E497A45906 /* PendingWorkoutStore.swift in Sources */ = {isa = PBXBuildFile; fileRef = 9CF4B965CFF4FE3ACB3B3D33 /* PendingWorkoutStore.swift */; };
		F4F9034A72064E154F3CB506 /* AgentComponents.swift in Sources */ = {isa = PBXBuildFile; fileRef = B892B8303D8BC814A1CFDC23 /* AgentComponents.swift */; };
		F63E8DD2470DCBE30FA93063 /* SettingsView.swift in Sources */ = {isa = PBXBuildFile; fileRef = 02910E4D9DB4CBEE1D8C7C10 /* SettingsView.swift */; };
		F8D4CF99953AB55A8AF78167 /* AppShortcuts.swift in Sources */ = {isa = PBXBuildFile; fileRef = 25993FA0A6C348E04CC8573E /* AppShortcuts.swift */; };
/* End PBXBuildFile section */

/* Begin PBXContainerItemProxy section */
		5F155E3226BFE87F41AC8DFD /* PBXContainerItemProxy */ = {
			isa = PBXContainerItemProxy;
			containerPortal = 3B84853CA27BE767B097094F /* Project object */;
			proxyType = 1;
			remoteGlobalIDString = EDA9105C2BB82DDC44D8F572;
			remoteInfo = Memdo;
		};
		BCC79A3A7139E6A60A38F4C7 /* PBXContainerItemProxy */ = {
			isa = PBXContainerItemProxy;
			containerPortal = 3B84853CA27BE767B097094F /* Project object */;
			proxyType = 1;
			remoteGlobalIDString = F69CF69208FED366E2E82936;
			remoteInfo = MemdoShare;
		};
		D88AEF70880F4A34DFD5652E /* PBXContainerItemProxy */ = {
			isa = PBXContainerItemProxy;
			containerPortal = 3B84853CA27BE767B097094F /* Project object */;
			proxyType = 1;
			remoteGlobalIDString = 435A95E3B147465EBFFCEFBE;
			remoteInfo = MemdoWidget;
		};
/* End PBXContainerItemProxy section */

/* Begin PBXCopyFilesBuildPhase section */
		7250461EED3A93CB14C80824 /* Embed Foundation Extensions */ = {
			isa = PBXCopyFilesBuildPhase;
			buildActionMask = 2147483647;
			dstPath = "";
			dstSubfolderSpec = 13;
			files = (
				55306D301F120767611231F5 /* MemdoWidget.appex in Embed Foundation Extensions */,
				08DE99AB607725B2E3D52207 /* MemdoShare.appex in Embed Foundation Extensions */,
			);
			name = "Embed Foundation Extensions";
			runOnlyForDeploymentPostprocessing = 0;
		};
/* End PBXCopyFilesBuildPhase section */

/* Begin PBXFileReference section */
		027C4773F8BAC3F78AF09125 /* NotificationScheduler.swift */ = {isa = PBXFileReference; lastKnownFileType = sourcecode.swift; path = NotificationScheduler.swift; sourceTree = "<group>"; };
		02910E4D9DB4CBEE1D8C7C10 /* SettingsView.swift */ = {isa = PBXFileReference; lastKnownFileType = sourcecode.swift; path = SettingsView.swift; sourceTree = "<group>"; };
		07B46ABED061C6BD316DB8F3 /* ScheduleModel.swift */ = {isa = PBXFileReference; lastKnownFileType = sourcecode.swift; path = ScheduleModel.swift; sourceTree = "<group>"; };
		0C251476A8194801A86B8B41 /* AgentRuntime.swift */ = {isa = PBXFileReference; lastKnownFileType = sourcecode.swift; path = AgentRuntime.swift; sourceTree = "<group>"; };
		15F344D2A79A26B779462E85 /* CloudAgentSettings.swift */ = {isa = PBXFileReference; lastKnownFileType = sourcecode.swift; path = CloudAgentSettings.swift; sourceTree = "<group>"; };
		17E8C08961FC90CC6CA2A3B6 /* CloudAgentRuntimeTests.swift */ = {isa = PBXFileReference; lastKnownFileType = sourcecode.swift; path = CloudAgentRuntimeTests.swift; sourceTree = "<group>"; };
		19BD21007334C06C0B2028F9 /* ScheduleRow.swift */ = {isa = PBXFileReference; lastKnownFileType = sourcecode.swift; path = ScheduleRow.swift; sourceTree = "<group>"; };
		1A687B41FD8CDA929BCB463B /* MemdoTests.xctest */ = {isa = PBXFileReference; includeInIndex = 0; lastKnownFileType = wrapper.cfbundle; path = MemdoTests.xctest; sourceTree = BUILT_PRODUCTS_DIR; };
		1F8C4864695656352FE70BA3 /* ScheduleSheets.swift */ = {isa = PBXFileReference; lastKnownFileType = sourcecode.swift; path = ScheduleSheets.swift; sourceTree = "<group>"; };
		1FC52CA73A8785841A1E45A0 /* OutboxQueue.swift */ = {isa = PBXFileReference; lastKnownFileType = sourcecode.swift; path = OutboxQueue.swift; sourceTree = "<group>"; };
		257B3BF059A0E5D9A80D8E50 /* TodayView.swift */ = {isa = PBXFileReference; lastKnownFileType = sourcecode.swift; path = TodayView.swift; sourceTree = "<group>"; };
		25993FA0A6C348E04CC8573E /* AppShortcuts.swift */ = {isa = PBXFileReference; lastKnownFileType = sourcecode.swift; path = AppShortcuts.swift; sourceTree = "<group>"; };
		2779812E7FB556A785234A2F /* Info.plist */ = {isa = PBXFileReference; lastKnownFileType = text.plist; path = Info.plist; sourceTree = "<group>"; };
		27D626BB1584385C72608775 /* DailySummaryViewTests.swift */ = {isa = PBXFileReference; lastKnownFileType = sourcecode.swift; path = DailySummaryViewTests.swift; sourceTree = "<group>"; };
		282B54EFD5EB0ED2655D512E /* LiveActivityScheduler.swift */ = {isa = PBXFileReference; lastKnownFileType = sourcecode.swift; path = LiveActivityScheduler.swift; sourceTree = "<group>"; };
		2AF5F6934F60994B33CA80FF /* MetricsCollector.swift */ = {isa = PBXFileReference; lastKnownFileType = sourcecode.swift; path = MetricsCollector.swift; sourceTree = "<group>"; };
		2C57EC467343059432D7D60D /* AssistantView.swift */ = {isa = PBXFileReference; lastKnownFileType = sourcecode.swift; path = AssistantView.swift; sourceTree = "<group>"; };
		2E4BAF77735FE322B2A29952 /* MemdoShare.entitlements */ = {isa = PBXFileReference; lastKnownFileType = text.plist.entitlements; path = MemdoShare.entitlements; sourceTree = "<group>"; };
		38E5C3282FBC0EF28AA5FBD5 /* Pretendard-SemiBold.otf */ = {isa = PBXFileReference; lastKnownFileType = file; path = "Pretendard-SemiBold.otf"; sourceTree = "<group>"; };
		3CB5605FC7B8059A8343A9D8 /* Info.plist */ = {isa = PBXFileReference; lastKnownFileType = text.plist; path = Info.plist; sourceTree = "<group>"; };
		420E092EB2A4627375577F43 /* SlackNotifier.swift */ = {isa = PBXFileReference; lastKnownFileType = sourcecode.swift; path = SlackNotifier.swift; sourceTree = "<group>"; };
		42994A317F898780763B33D4 /* MemdoComponents.swift */ = {isa = PBXFileReference; lastKnownFileType = sourcecode.swift; path = MemdoComponents.swift; sourceTree = "<group>"; };
		4CCEC3682202DC527390D6C3 /* AgentPrompts.swift */ = {isa = PBXFileReference; lastKnownFileType = sourcecode.swift; path = AgentPrompts.swift; sourceTree = "<group>"; };
		4E9F76C022917F1D22E0D1CE /* GoogleCalendarSettings.swift */ = {isa = PBXFileReference; lastKnownFileType = sourcecode.swift; path = GoogleCalendarSettings.swift; sourceTree = "<group>"; };
		54A9DCC8471814155094BAFF /* AppIcon.icon */ = {isa = PBXFileReference; lastKnownFileType = wrapper.icon; path = AppIcon.icon; sourceTree = "<group>"; };
		592EA12B6FF1AB799EF6869C /* ShareViewController.swift */ = {isa = PBXFileReference; lastKnownFileType = sourcecode.swift; path = ShareViewController.swift; sourceTree = "<group>"; };
		5CAF5C62FEE7A3ECA9E67EB4 /* AgentIntentTests.swift */ = {isa = PBXFileReference; lastKnownFileType = sourcecode.swift; path = AgentIntentTests.swift; sourceTree = "<group>"; };
		5DD8651FBD4E38159886A3B3 /* Pretendard-Regular.otf */ = {isa = PBXFileReference; lastKnownFileType = file; path = "Pretendard-Regular.otf"; sourceTree = "<group>"; };
		5DE3D42537298C53BC842A35 /* WorkoutViews.swift */ = {isa = PBXFileReference; lastKnownFileType = sourcecode.swift; path = WorkoutViews.swift; sourceTree = "<group>"; };
		6561C352731005322618C740 /* DailySummaryView.swift */ = {isa = PBXFileReference; lastKnownFileType = sourcecode.swift; path = DailySummaryView.swift; sourceTree = "<group>"; };
		67DDB3585BB47A7B725E0F95 /* WorkoutAPI.swift */ = {isa = PBXFileReference; lastKnownFileType = sourcecode.swift; path = WorkoutAPI.swift; sourceTree = "<group>"; };
		6A1B5A86DB4CC8B6F486964C /* AgentCoordinator.swift */ = {isa = PBXFileReference; lastKnownFileType = sourcecode.swift; path = AgentCoordinator.swift; sourceTree = "<group>"; };
		6A32B5F7D73399A9F62D92CA /* WorkoutModel.swift */ = {isa = PBXFileReference; lastKnownFileType = sourcecode.swift; path = WorkoutModel.swift; sourceTree = "<group>"; };
		72F40B29582C13FA7CF10006 /* PrivacyInfo.xcprivacy */ = {isa = PBXFileReference; path = PrivacyInfo.xcprivacy; sourceTree = "<group>"; };
		7687EBCFF670FFE2F6CA37D2 /* Memdo.app */ = {isa = PBXFileReference; includeInIndex = 0; lastKnownFileType = wrapper.application; path = Memdo.app; sourceTree = BUILT_PRODUCTS_DIR; };
		7DD71F391186F9CA01A625C1 /* OnDeviceAgentRuntime.swift */ = {isa = PBXFileReference; lastKnownFileType = sourcecode.swift; path = OnDeviceAgentRuntime.swift; sourceTree = "<group>"; };
		7E846EC17F4BCC9B7757596E /* MemdoShare.appex */ = {isa = PBXFileReference; includeInIndex = 0; lastKnownFileType = "wrapper.app-extension"; path = MemdoShare.appex; sourceTree = BUILT_PRODUCTS_DIR; };
		81842BD1CFF4ED836A2E09A7 /* DateFormatting.swift */ = {isa = PBXFileReference; lastKnownFileType = sourcecode.swift; path = DateFormatting.swift; sourceTree = "<group>"; };
		83EC68D64631B324F171F399 /* Info.plist */ = {isa = PBXFileReference; lastKnownFileType = text.plist; path = Info.plist; sourceTree = "<group>"; };
		8640DA0A68D661636709CCDD /* Pretendard-Bold.otf */ = {isa = PBXFileReference; lastKnownFileType = file; path = "Pretendard-Bold.otf"; sourceTree = "<group>"; };
		8996DE47EAC9D1762FB6DCAD /* SlackSettings.swift */ = {isa = PBXFileReference; lastKnownFileType = sourcecode.swift; path = SlackSettings.swift; sourceTree = "<group>"; };
		89D11582497A9B52756B755E /* AgentIntent.swift */ = {isa = PBXFileReference; lastKnownFileType = sourcecode.swift; path = AgentIntent.swift; sourceTree = "<group>"; };
		8DFEC754269D8947FB18E952 /* AgentRuntimeTests.swift */ = {isa = PBXFileReference; lastKnownFileType = sourcecode.swift; path = AgentRuntimeTests.swift; sourceTree = "<group>"; };
		8FD6B2D482673663626353C2 /* CalendarView.swift */ = {isa = PBXFileReference; lastKnownFileType = sourcecode.swift; path = CalendarView.swift; sourceTree = "<group>"; };
		96F566C420B634E1C8FE4B5C /* NotificationSchedulerTests.swift */ = {isa = PBXFileReference; lastKnownFileType = sourcecode.swift; path = NotificationSchedulerTests.swift; sourceTree = "<group>"; };
		97B6BAE4945DFFB47769CA5C /* Pretendard-LICENSE.txt */ = {isa = PBXFileReference; lastKnownFileType = text; path = "Pretendard-LICENSE.txt"; sourceTree = "<group>"; };
		98D1929733AE37B7C5892133 /* CloudAgentRuntime.swift */ = {isa = PBXFileReference; lastKnownFileType = sourcecode.swift; path = CloudAgentRuntime.swift; sourceTree = "<group>"; };
		99214A59192502A52C8A73AD /* MemdoGuideSheet.swift */ = {isa = PBXFileReference; lastKnownFileType = sourcecode.swift; path = MemdoGuideSheet.swift; sourceTree = "<group>"; };
		9B25474359568B8C6264B6E8 /* MemdoApp.swift */ = {isa = PBXFileReference; lastKnownFileType = sourcecode.swift; path = MemdoApp.swift; sourceTree = "<group>"; };
		9CF4B965CFF4FE3ACB3B3D33 /* PendingWorkoutStore.swift */ = {isa = PBXFileReference; lastKnownFileType = sourcecode.swift; path = PendingWorkoutStore.swift; sourceTree = "<group>"; };
		A5FCF0E385E87960B56A11F4 /* Assets.xcassets */ = {isa = PBXFileReference; lastKnownFileType = folder.assetcatalog; path = Assets.xcassets; sourceTree = "<group>"; };
		A6F0561D5973698B66DB4119 /* PrivacyInfo.xcprivacy */ = {isa = PBXFileReference; path = PrivacyInfo.xcprivacy; sourceTree = "<group>"; };
		AA8E9E99B2955B5F2A3FABD6 /* FakeAgentRuntime.swift */ = {isa = PBXFileReference; lastKnownFileType = sourcecode.swift; path = FakeAgentRuntime.swift; sourceTree = "<group>"; };
		AB3E052299D1A953107E411D /* EventCapture.swift */ = {isa = PBXFileReference; lastKnownFileType = sourcecode.swift; path = EventCapture.swift; sourceTree = "<group>"; };
		ADB58B6ED6A1235B1E6FD1DD /* AgentRoutePolicy.swift */ = {isa = PBXFileReference; lastKnownFileType = sourcecode.swift; path = AgentRoutePolicy.swift; sourceTree = "<group>"; };
		ADD872A2D13D0CBDA8353C15 /* AgentDomainServices.swift */ = {isa = PBXFileReference; lastKnownFileType = sourcecode.swift; path = AgentDomainServices.swift; sourceTree = "<group>"; };
		AE1B6FFACC369DADAFC99ADB /* MemdoWidget.appex */ = {isa = PBXFileReference; includeInIndex = 0; lastKnownFileType = "wrapper.app-extension"; path = MemdoWidget.appex; sourceTree = BUILT_PRODUCTS_DIR; };
		B159571A9900C21AA6BE4349 /* SecureSessionStorage.swift */ = {isa = PBXFileReference; lastKnownFileType = sourcecode.swift; path = SecureSessionStorage.swift; sourceTree = "<group>"; };
		B4D119A0D929FA9AE7D47773 /* AppShellView.swift */ = {isa = PBXFileReference; lastKnownFileType = sourcecode.swift; path = AppShellView.swift; sourceTree = "<group>"; };
		B892B8303D8BC814A1CFDC23 /* AgentComponents.swift */ = {isa = PBXFileReference; lastKnownFileType = sourcecode.swift; path = AgentComponents.swift; sourceTree = "<group>"; };
		BFB1F40579E7D5062404CC55 /* WallpaperIntent.swift */ = {isa = PBXFileReference; lastKnownFileType = sourcecode.swift; path = WallpaperIntent.swift; sourceTree = "<group>"; };
		C4EA7A02C55094DEBD06AF37 /* MemdoWidget.swift */ = {isa = PBXFileReference; lastKnownFileType = sourcecode.swift; path = MemdoWidget.swift; sourceTree = "<group>"; };
		C6D1987E0D3F1E0418371476 /* AgentTools.swift */ = {isa = PBXFileReference; lastKnownFileType = sourcecode.swift; path = AgentTools.swift; sourceTree = "<group>"; };
		CC29E0621A97339E19CDC2C1 /* Preferences.swift */ = {isa = PBXFileReference; lastKnownFileType = sourcecode.swift; path = Preferences.swift; sourceTree = "<group>"; };
		CF37F31C681B18584711EBD0 /* HealthKitImporter.swift */ = {isa = PBXFileReference; lastKnownFileType = sourcecode.swift; path = HealthKitImporter.swift; sourceTree = "<group>"; };
		D4F83C89D78FD9D59E7C1EE3 /* MemdoLiveActivity.swift */ = {isa = PBXFileReference; lastKnownFileType = sourcecode.swift; path = MemdoLiveActivity.swift; sourceTree = "<group>"; };
		D74BAC4CE2DAFC9BABA5244E /* BriefingFeed.swift */ = {isa = PBXFileReference; lastKnownFileType = sourcecode.swift; path = BriefingFeed.swift; sourceTree = "<group>"; };
		D7840EFE57EB95989FBC7696 /* MemdoWidgetSchedule.swift */ = {isa = PBXFileReference; lastKnownFileType = sourcecode.swift; path = MemdoWidgetSchedule.swift; sourceTree = "<group>"; };
		D9B3823CB01B28F0EFA5C1AD /* MemdoWidget.entitlements */ = {isa = PBXFileReference; lastKnownFileType = text.plist.entitlements; path = MemdoWidget.entitlements; sourceTree = "<group>"; };
		DA9BC3B0CEFE2D4C6854CE6D /* ShareWorkoutView.swift */ = {isa = PBXFileReference; lastKnownFileType = sourcecode.swift; path = ShareWorkoutView.swift; sourceTree = "<group>"; };
		DBD366DE45CA454C72F2BBC3 /* CoachMarks.swift */ = {isa = PBXFileReference; lastKnownFileType = sourcecode.swift; path = CoachMarks.swift; sourceTree = "<group>"; };
		DC46E17276DC090239774712 /* PrivacyInfo.xcprivacy */ = {isa = PBXFileReference; path = PrivacyInfo.xcprivacy; sourceTree = "<group>"; };
		DC83A92A9DA90179F3E5254E /* AgentTabBridge.swift */ = {isa = PBXFileReference; lastKnownFileType = sourcecode.swift; path = AgentTabBridge.swift; sourceTree = "<group>"; };
		E3F01099D4577BD460F6C20F /* ScheduleModelTests.swift */ = {isa = PBXFileReference; lastKnownFileType = sourcecode.swift; path = ScheduleModelTests.swift; sourceTree = "<group>"; };
		E5F8C1DE6F959CF3423D1DD8 /* AgentCoordinatorTests.swift */ = {isa = PBXFileReference; lastKnownFileType = sourcecode.swift; path = AgentCoordinatorTests.swift; sourceTree = "<group>"; };
		E81203EAFA09124BA54F8AE7 /* TodayComponents.swift */ = {isa = PBXFileReference; lastKnownFileType = sourcecode.swift; path = TodayComponents.swift; sourceTree = "<group>"; };
		EA8A453029530AB440AFEB03 /* ScheduleAPI.swift */ = {isa = PBXFileReference; lastKnownFileType = sourcecode.swift; path = ScheduleAPI.swift; sourceTree = "<group>"; };
		EC09836B4409CD8802D9A9E1 /* AgentDomainServicesTests.swift */ = {isa = PBXFileReference; lastKnownFileType = sourcecode.swift; path = AgentDomainServicesTests.swift; sourceTree = "<group>"; };
		F29F2315ADA3175E0D4A894C /* MemdoTheme.swift */ = {isa = PBXFileReference; lastKnownFileType = sourcecode.swift; path = MemdoTheme.swift; sourceTree = "<group>"; };
		F2C12B14694C882524384138 /* WallpaperPreviewSheet.swift */ = {isa = PBXFileReference; lastKnownFileType = sourcecode.swift; path = WallpaperPreviewSheet.swift; sourceTree = "<group>"; };
		F8BB7B0BC6E2F7CAF1981DF2 /* AgentPrompts.yml */ = {isa = PBXFileReference; lastKnownFileType = text.yaml; path = AgentPrompts.yml; sourceTree = "<group>"; };
		F9442BC0734AAE004616103C /* Config.xcconfig */ = {isa = PBXFileReference; lastKnownFileType = text.xcconfig; path = Config.xcconfig; sourceTree = "<group>"; };
		F9CC492AD2A5C7D2A9F13061 /* Memdo.entitlements */ = {isa = PBXFileReference; lastKnownFileType = text.plist.entitlements; path = Memdo.entitlements; sourceTree = "<group>"; };
		FC9B39D6188C70A056DA658E /* ScheduleSearchView.swift */ = {isa = PBXFileReference; lastKnownFileType = sourcecode.swift; path = ScheduleSearchView.swift; sourceTree = "<group>"; };
/* End PBXFileReference section */

/* Begin PBXFrameworksBuildPhase section */
		3C882FDED173FCF56812B6D1 /* Frameworks */ = {
			isa = PBXFrameworksBuildPhase;
			buildActionMask = 2147483647;
			files = (
				34C226C7140C637FA392B0B1 /* Supabase in Frameworks */,
				C760F0C4525ACB0698EEC474 /* Yams in Frameworks */,
			);
			runOnlyForDeploymentPostprocessing = 0;
		};
/* End PBXFrameworksBuildPhase section */

/* Begin PBXGroup section */
		1C97FF6EDE54AD00BE4A0A37 /* MemdoWidget */ = {
			isa = PBXGroup;
			children = (
				3CB5605FC7B8059A8343A9D8 /* Info.plist */,
				D9B3823CB01B28F0EFA5C1AD /* MemdoWidget.entitlements */,
				C4EA7A02C55094DEBD06AF37 /* MemdoWidget.swift */,
				72F40B29582C13FA7CF10006 /* PrivacyInfo.xcprivacy */,
			);
			path = MemdoWidget;
			sourceTree = "<group>";
		};
		2529AEF2A11C53E361FF1210 /* Products */ = {
			isa = PBXGroup;
			children = (
				7687EBCFF670FFE2F6CA37D2 /* Memdo.app */,
				7E846EC17F4BCC9B7757596E /* MemdoShare.appex */,
				1A687B41FD8CDA929BCB463B /* MemdoTests.xctest */,
				AE1B6FFACC369DADAFC99ADB /* MemdoWidget.appex */,
			);
			name = Products;
			sourceTree = "<group>";
		};
		2935AD640DE9B72D0D9A24BF /* Prompts */ = {
			isa = PBXGroup;
			children = (
				F8BB7B0BC6E2F7CAF1981DF2 /* AgentPrompts.yml */,
			);
			path = Prompts;
			sourceTree = "<group>";
		};
		2EF9D59B18ADAF5A2707CBB6 /* MemdoTests */ = {
			isa = PBXGroup;
			children = (
				E5F8C1DE6F959CF3423D1DD8 /* AgentCoordinatorTests.swift */,
				EC09836B4409CD8802D9A9E1 /* AgentDomainServicesTests.swift */,
				5CAF5C62FEE7A3ECA9E67EB4 /* AgentIntentTests.swift */,
				8DFEC754269D8947FB18E952 /* AgentRuntimeTests.swift */,
				17E8C08961FC90CC6CA2A3B6 /* CloudAgentRuntimeTests.swift */,
				27D626BB1584385C72608775 /* DailySummaryViewTests.swift */,
				AA8E9E99B2955B5F2A3FABD6 /* FakeAgentRuntime.swift */,
				96F566C420B634E1C8FE4B5C /* NotificationSchedulerTests.swift */,
				E3F01099D4577BD460F6C20F /* ScheduleModelTests.swift */,
			);
			path = MemdoTests;
			sourceTree = "<group>";
		};
		495B7847D10D93C7E0919657 /* MemdoShare */ = {
			isa = PBXGroup;
			children = (
				2779812E7FB556A785234A2F /* Info.plist */,
				2E4BAF77735FE322B2A29952 /* MemdoShare.entitlements */,
				A6F0561D5973698B66DB4119 /* PrivacyInfo.xcprivacy */,
				592EA12B6FF1AB799EF6869C /* ShareViewController.swift */,
				DA9BC3B0CEFE2D4C6854CE6D /* ShareWorkoutView.swift */,
			);
			path = MemdoShare;
			sourceTree = "<group>";
		};
		519B599F787D6B6D491AB20B /* Resources */ = {
			isa = PBXGroup;
			children = (
				F80F39A232557DEBA6405DAD /* Fonts */,
				2935AD640DE9B72D0D9A24BF /* Prompts */,
			);
			path = Resources;
			sourceTree = "<group>";
		};
		5D4D14025AC0E221E668A0F8 /* Memdo */ = {
			isa = PBXGroup;
			children = (
				B892B8303D8BC814A1CFDC23 /* AgentComponents.swift */,
				6A1B5A86DB4CC8B6F486964C /* AgentCoordinator.swift */,
				ADD872A2D13D0CBDA8353C15 /* AgentDomainServices.swift */,
				89D11582497A9B52756B755E /* AgentIntent.swift */,
				4CCEC3682202DC527390D6C3 /* AgentPrompts.swift */,
				ADB58B6ED6A1235B1E6FD1DD /* AgentRoutePolicy.swift */,
				0C251476A8194801A86B8B41 /* AgentRuntime.swift */,
				DC83A92A9DA90179F3E5254E /* AgentTabBridge.swift */,
				C6D1987E0D3F1E0418371476 /* AgentTools.swift */,
				54A9DCC8471814155094BAFF /* AppIcon.icon */,
				B4D119A0D929FA9AE7D47773 /* AppShellView.swift */,
				25993FA0A6C348E04CC8573E /* AppShortcuts.swift */,
				A5FCF0E385E87960B56A11F4 /* Assets.xcassets */,
				2C57EC467343059432D7D60D /* AssistantView.swift */,
				D74BAC4CE2DAFC9BABA5244E /* BriefingFeed.swift */,
				8FD6B2D482673663626353C2 /* CalendarView.swift */,
				98D1929733AE37B7C5892133 /* CloudAgentRuntime.swift */,
				15F344D2A79A26B779462E85 /* CloudAgentSettings.swift */,
				DBD366DE45CA454C72F2BBC3 /* CoachMarks.swift */,
				F9442BC0734AAE004616103C /* Config.xcconfig */,
				6561C352731005322618C740 /* DailySummaryView.swift */,
				81842BD1CFF4ED836A2E09A7 /* DateFormatting.swift */,
				AB3E052299D1A953107E411D /* EventCapture.swift */,
				4E9F76C022917F1D22E0D1CE /* GoogleCalendarSettings.swift */,
				CF37F31C681B18584711EBD0 /* HealthKitImporter.swift */,
				83EC68D64631B324F171F399 /* Info.plist */,
				282B54EFD5EB0ED2655D512E /* LiveActivityScheduler.swift */,
				F9CC492AD2A5C7D2A9F13061 /* Memdo.entitlements */,
				9B25474359568B8C6264B6E8 /* MemdoApp.swift */,
				42994A317F898780763B33D4 /* MemdoComponents.swift */,
				99214A59192502A52C8A73AD /* MemdoGuideSheet.swift */,
				D4F83C89D78FD9D59E7C1EE3 /* MemdoLiveActivity.swift */,
				F29F2315ADA3175E0D4A894C /* MemdoTheme.swift */,
				D7840EFE57EB95989FBC7696 /* MemdoWidgetSchedule.swift */,
				2AF5F6934F60994B33CA80FF /* MetricsCollector.swift */,
				027C4773F8BAC3F78AF09125 /* NotificationScheduler.swift */,
				7DD71F391186F9CA01A625C1 /* OnDeviceAgentRuntime.swift */,
				1FC52CA73A8785841A1E45A0 /* OutboxQueue.swift */,
				9CF4B965CFF4FE3ACB3B3D33 /* PendingWorkoutStore.swift */,
				CC29E0621A97339E19CDC2C1 /* Preferences.swift */,
				DC46E17276DC090239774712 /* PrivacyInfo.xcprivacy */,
				EA8A453029530AB440AFEB03 /* ScheduleAPI.swift */,
				07B46ABED061C6BD316DB8F3 /* ScheduleModel.swift */,
				19BD21007334C06C0B2028F9 /* ScheduleRow.swift */,
				FC9B39D6188C70A056DA658E /* ScheduleSearchView.swift */,
				1F8C4864695656352FE70BA3 /* ScheduleSheets.swift */,
				B159571A9900C21AA6BE4349 /* SecureSessionStorage.swift */,
				02910E4D9DB4CBEE1D8C7C10 /* SettingsView.swift */,
				420E092EB2A4627375577F43 /* SlackNotifier.swift */,
				8996DE47EAC9D1762FB6DCAD /* SlackSettings.swift */,
				E81203EAFA09124BA54F8AE7 /* TodayComponents.swift */,
				257B3BF059A0E5D9A80D8E50 /* TodayView.swift */,
				BFB1F40579E7D5062404CC55 /* WallpaperIntent.swift */,
				F2C12B14694C882524384138 /* WallpaperPreviewSheet.swift */,
				67DDB3585BB47A7B725E0F95 /* WorkoutAPI.swift */,
				6A32B5F7D73399A9F62D92CA /* WorkoutModel.swift */,
				5DE3D42537298C53BC842A35 /* WorkoutViews.swift */,
				519B599F787D6B6D491AB20B /* Resources */,
			);
			path = Memdo;
			sourceTree = "<group>";
		};
		C936733213A2E83BBDD6CEEA = {
			isa = PBXGroup;
			children = (
				5D4D14025AC0E221E668A0F8 /* Memdo */,
				495B7847D10D93C7E0919657 /* MemdoShare */,
				2EF9D59B18ADAF5A2707CBB6 /* MemdoTests */,
				1C97FF6EDE54AD00BE4A0A37 /* MemdoWidget */,
				2529AEF2A11C53E361FF1210 /* Products */,
			);
			sourceTree = "<group>";
		};
		F80F39A232557DEBA6405DAD /* Fonts */ = {
			isa = PBXGroup;
			children = (
				8640DA0A68D661636709CCDD /* Pretendard-Bold.otf */,
				97B6BAE4945DFFB47769CA5C /* Pretendard-LICENSE.txt */,
				5DD8651FBD4E38159886A3B3 /* Pretendard-Regular.otf */,
				38E5C3282FBC0EF28AA5FBD5 /* Pretendard-SemiBold.otf */,
			);
			path = Fonts;
			sourceTree = "<group>";
		};
/* End PBXGroup section */

/* Begin PBXNativeTarget section */
		1B683FF28DB6692648FB54AE /* MemdoTests */ = {
			isa = PBXNativeTarget;
			buildConfigurationList = 511F19F0EF32E885EE2F71FF /* Build configuration list for PBXNativeTarget "MemdoTests" */;
			buildPhases = (
				0EAB669B47D7B11C389FC81A /* Sources */,
			);
			buildRules = (
			);
			dependencies = (
				7B0FC42C29CFE9B0443C2E31 /* PBXTargetDependency */,
			);
			name = MemdoTests;
			packageProductDependencies = (
			);
			productName = MemdoTests;
			productReference = 1A687B41FD8CDA929BCB463B /* MemdoTests.xctest */;
			productType = "com.apple.product-type.bundle.unit-test";
		};
		435A95E3B147465EBFFCEFBE /* MemdoWidget */ = {
			isa = PBXNativeTarget;
			buildConfigurationList = F84B9E5F4847501839A4F85C /* Build configuration list for PBXNativeTarget "MemdoWidget" */;
			buildPhases = (
				9512733DD05B73EA1C4A0BCA /* Sources */,
				0597BCCBD654918B581D748E /* Resources */,
			);
			buildRules = (
			);
			dependencies = (
			);
			name = MemdoWidget;
			packageProductDependencies = (
			);
			productName = MemdoWidget;
			productReference = AE1B6FFACC369DADAFC99ADB /* MemdoWidget.appex */;
			productType = "com.apple.product-type.app-extension";
		};
		EDA9105C2BB82DDC44D8F572 /* Memdo */ = {
			isa = PBXNativeTarget;
			buildConfigurationList = A98668BF3B00C961DCAB3EDF /* Build configuration list for PBXNativeTarget "Memdo" */;
			buildPhases = (
				B6EAAEBBCBA9992C43C1B8A5 /* Sources */,
				5468C02C0083065B4D28CB4B /* Resources */,
				3C882FDED173FCF56812B6D1 /* Frameworks */,
				7250461EED3A93CB14C80824 /* Embed Foundation Extensions */,
			);
			buildRules = (
			);
			dependencies = (
				3FAFBF7AAA82D83C2F6169B9 /* PBXTargetDependency */,
				0026546884E367979884DF40 /* PBXTargetDependency */,
			);
			name = Memdo;
			packageProductDependencies = (
				BA381B15831EFB2DC3181BCA /* Supabase */,
				766260AB78CE2A6DF35FC443 /* Yams */,
			);
			productName = Memdo;
			productReference = 7687EBCFF670FFE2F6CA37D2 /* Memdo.app */;
			productType = "com.apple.product-type.application";
		};
		F69CF69208FED366E2E82936 /* MemdoShare */ = {
			isa = PBXNativeTarget;
			buildConfigurationList = 6A1285056B173BD91547E1F7 /* Build configuration list for PBXNativeTarget "MemdoShare" */;
			buildPhases = (
				B948FFEDD9D678F1FB2A322E /* Sources */,
				4DEB074A69832D905EF4EDCB /* Resources */,
			);
			buildRules = (
			);
			dependencies = (
			);
			name = MemdoShare;
			packageProductDependencies = (
			);
			productName = MemdoShare;
			productReference = 7E846EC17F4BCC9B7757596E /* MemdoShare.appex */;
			productType = "com.apple.product-type.app-extension";
		};
/* End PBXNativeTarget section */

/* Begin PBXProject section */
		3B84853CA27BE767B097094F /* Project object */ = {
			isa = PBXProject;
			attributes = {
				BuildIndependentTargetsInParallel = YES;
				LastUpgradeCheck = 1430;
				TargetAttributes = {
				};
			};
			buildConfigurationList = 19005277C9F7D659B325E203 /* Build configuration list for PBXProject "Memdo" */;
			developmentRegion = en;
			hasScannedForEncodings = 0;
			knownRegions = (
				Base,
				en,
			);
			mainGroup = C936733213A2E83BBDD6CEEA;
			minimizedProjectReferenceProxies = 1;
			packageReferences = (
				8CB5E0622EFDAEE425383438 /* XCRemoteSwiftPackageReference "supabase-swift" */,
				5E1819744222B853F1397914 /* XCRemoteSwiftPackageReference "Yams" */,
			);
			preferredProjectObjectVersion = 77;
			productRefGroup = 2529AEF2A11C53E361FF1210 /* Products */;
			projectDirPath = "";
			projectRoot = "";
			targets = (
				EDA9105C2BB82DDC44D8F572 /* Memdo */,
				F69CF69208FED366E2E82936 /* MemdoShare */,
				1B683FF28DB6692648FB54AE /* MemdoTests */,
				435A95E3B147465EBFFCEFBE /* MemdoWidget */,
			);
		};
/* End PBXProject section */

/* Begin PBXResourcesBuildPhase section */
		0597BCCBD654918B581D748E /* Resources */ = {
			isa = PBXResourcesBuildPhase;
			buildActionMask = 2147483647;
			files = (
				48BFE42E9CDDAC5BAEE6BA40 /* PrivacyInfo.xcprivacy in Resources */,
			);
			runOnlyForDeploymentPostprocessing = 0;
		};
		4DEB074A69832D905EF4EDCB /* Resources */ = {
			isa = PBXResourcesBuildPhase;
			buildActionMask = 2147483647;
			files = (
				62BC23ACF0CA3B113A800BB4 /* PrivacyInfo.xcprivacy in Resources */,
			);
			runOnlyForDeploymentPostprocessing = 0;
		};
		5468C02C0083065B4D28CB4B /* Resources */ = {
			isa = PBXResourcesBuildPhase;
			buildActionMask = 2147483647;
			files = (
				04DF8C7446EC772D7022AE9A /* AgentPrompts.yml in Resources */,
				048C8F30632F364BD0918E91 /* AppIcon.icon in Resources */,
				78FEB722CFF3DC8EE7034FBD /* Assets.xcassets in Resources */,
				978C5FA035AB40F7D66F00F9 /* Pretendard-Bold.otf in Resources */,
				1F8672E2C40ED8E8853E55EA /* Pretendard-LICENSE.txt in Resources */,
				8D2EE9F6F32DD94165E33E60 /* Pretendard-Regular.otf in Resources */,
				C937284F923DF277B8EE53B3 /* Pretendard-SemiBold.otf in Resources */,
				CB913CAD17525E884D7AE65D /* PrivacyInfo.xcprivacy in Resources */,
			);
			runOnlyForDeploymentPostprocessing = 0;
		};
/* End PBXResourcesBuildPhase section */

/* Begin PBXSourcesBuildPhase section */
		0EAB669B47D7B11C389FC81A /* Sources */ = {
			isa = PBXSourcesBuildPhase;
			buildActionMask = 2147483647;
			files = (
				AA47BAB65B42078F49070D0E /* AgentCoordinatorTests.swift in Sources */,
				216569CCC3FCC4402CA66A1C /* AgentDomainServicesTests.swift in Sources */,
				B34D55BB23AB902823B3C287 /* AgentIntentTests.swift in Sources */,
				D0E0E2E1A7122A5734E8C07A /* AgentRuntimeTests.swift in Sources */,
				C69C49A6035C81CD2F48A9F3 /* CloudAgentRuntimeTests.swift in Sources */,
				46C4AF8230A9E34403A557BF /* DailySummaryViewTests.swift in Sources */,
				C058A05E23195B992D283DC5 /* FakeAgentRuntime.swift in Sources */,
				7457DB90063BE2771605A5AA /* NotificationSchedulerTests.swift in Sources */,
				CA69FB6F6D5B184690B56D4A /* ScheduleModelTests.swift in Sources */,
			);
			runOnlyForDeploymentPostprocessing = 0;
		};
		9512733DD05B73EA1C4A0BCA /* Sources */ = {
			isa = PBXSourcesBuildPhase;
			buildActionMask = 2147483647;
			files = (
				1A1518E2534696A7B7A56C55 /* MemdoLiveActivity.swift in Sources */,
				1ACFAEEBEB53F95656F314FC /* MemdoWidget.swift in Sources */,
				6D1456762B22F0F5585F1589 /* MemdoWidgetSchedule.swift in Sources */,
			);
			runOnlyForDeploymentPostprocessing = 0;
		};
		B6EAAEBBCBA9992C43C1B8A5 /* Sources */ = {
			isa = PBXSourcesBuildPhase;
			buildActionMask = 2147483647;
			files = (
				F4F9034A72064E154F3CB506 /* AgentComponents.swift in Sources */,
				2ED1DD45744A43622AEE6E80 /* AgentCoordinator.swift in Sources */,
				06AC50E98AA4C0324E03F6E0 /* AgentDomainServices.swift in Sources */,
				C87861497E1330A80544FE13 /* AgentIntent.swift in Sources */,
				567B8523F98FA34B84994096 /* AgentPrompts.swift in Sources */,
				328C3099158F53FA548F9F7E /* AgentRoutePolicy.swift in Sources */,
				352FF44217347DA1AF4B9262 /* AgentRuntime.swift in Sources */,
				190B58650DDB5E6EBE7AD2AC /* AgentTabBridge.swift in Sources */,
				2E79B85E1483FF6B965024C6 /* AgentTools.swift in Sources */,
				4CE9071DE9A5E1E5F3D45F0A /* AppShellView.swift in Sources */,
				F8D4CF99953AB55A8AF78167 /* AppShortcuts.swift in Sources */,
				A09C21CAE62B67DF6753F375 /* AssistantView.swift in Sources */,
				47980E617A1DA64917EB0AEB /* BriefingFeed.swift in Sources */,
				8440D2E9F99B1C9848CF21ED /* CalendarView.swift in Sources */,
				15CE7ABB984F0E7F0E18C4E0 /* CloudAgentRuntime.swift in Sources */,
				D2A3E9135268890871957A27 /* CloudAgentSettings.swift in Sources */,
				87E2689DFF3C0F8C22A74D06 /* CoachMarks.swift in Sources */,
				78F5DD11294A40F25A5A9524 /* DailySummaryView.swift in Sources */,
				09F92AF7FB120FDD80087A27 /* DateFormatting.swift in Sources */,
				76D234B343C9376873066059 /* EventCapture.swift in Sources */,
				C535C49F5AF818D049EE98AE /* GoogleCalendarSettings.swift in Sources */,
				E13CC110F4ADD28CD689DC33 /* HealthKitImporter.swift in Sources */,
				EAD86635B870F07E38DF7E19 /* LiveActivityScheduler.swift in Sources */,
				6D52CEFC8B695B018FB30EAD /* MemdoApp.swift in Sources */,
				2A29175D38335F059C4AE766 /* MemdoComponents.swift in Sources */,
				0FDA22493E17D874CFE3A6A4 /* MemdoGuideSheet.swift in Sources */,
				127639652BAACB34DA1E4279 /* MemdoLiveActivity.swift in Sources */,
				00D267B5D29A0D25FE6E98FA /* MemdoTheme.swift in Sources */,
				B9BE1E1D72E8D516A1E5022D /* MemdoWidgetSchedule.swift in Sources */,
				8536B44B386E9207B515D325 /* MetricsCollector.swift in Sources */,
				F3426B7FCF7A6E73261D2D93 /* NotificationScheduler.swift in Sources */,
				10D229CD2DFD8802FF479DC2 /* OnDeviceAgentRuntime.swift in Sources */,
				D51C8D4F2F01CBD92D0CFDB3 /* OutboxQueue.swift in Sources */,
				E62B9C0643A47C6E12B4F08A /* PendingWorkoutStore.swift in Sources */,
				6330199617D23E6B9A705C4A /* Preferences.swift in Sources */,
				90F89ECA1FB60194F0A9A09C /* ScheduleAPI.swift in Sources */,
				5AFEEBA9CD4F0FEBBA50F09B /* ScheduleModel.swift in Sources */,
				98172737F1AC51B31154A93D /* ScheduleRow.swift in Sources */,
				E117E6A55D78273E89DFAAC0 /* ScheduleSearchView.swift in Sources */,
				480BC8CB74B2601AFEEF5DBD /* ScheduleSheets.swift in Sources */,
				7E76ED8B0A95132D8C445E02 /* SecureSessionStorage.swift in Sources */,
				F63E8DD2470DCBE30FA93063 /* SettingsView.swift in Sources */,
				BFC6AD583CB383FAF7ABE782 /* SlackNotifier.swift in Sources */,
				E654D89C787094926BDFF8AE /* SlackSettings.swift in Sources */,
				5C8DB08635A4922DF0808F7B /* TodayComponents.swift in Sources */,
				E49AD453117D9B5AB53EA8CE /* TodayView.swift in Sources */,
				27F704F7116840EA5D152218 /* WallpaperIntent.swift in Sources */,
				84884B9604E82F5666617F18 /* WallpaperPreviewSheet.swift in Sources */,
				28ACEBD7EE2EC6276D9F3CFE /* WorkoutAPI.swift in Sources */,
				6D563326AB9CE5FDE9058501 /* WorkoutModel.swift in Sources */,
				0F660EFC0579CCC6223DB2B9 /* WorkoutViews.swift in Sources */,
			);
			runOnlyForDeploymentPostprocessing = 0;
		};
		B948FFEDD9D678F1FB2A322E /* Sources */ = {
			isa = PBXSourcesBuildPhase;
			buildActionMask = 2147483647;
			files = (
				F419353E585BF3E497A45906 /* PendingWorkoutStore.swift in Sources */,
				07C63312BBCA02E3A38CDA86 /* ShareViewController.swift in Sources */,
				05A16520EDB91AFE6AA6B061 /* ShareWorkoutView.swift in Sources */,
			);
			runOnlyForDeploymentPostprocessing = 0;
		};
/* End PBXSourcesBuildPhase section */

/* Begin PBXTargetDependency section */
		0026546884E367979884DF40 /* PBXTargetDependency */ = {
			isa = PBXTargetDependency;
			target = F69CF69208FED366E2E82936 /* MemdoShare */;
			targetProxy = BCC79A3A7139E6A60A38F4C7 /* PBXContainerItemProxy */;
		};
		3FAFBF7AAA82D83C2F6169B9 /* PBXTargetDependency */ = {
			isa = PBXTargetDependency;
			target = 435A95E3B147465EBFFCEFBE /* MemdoWidget */;
			targetProxy = D88AEF70880F4A34DFD5652E /* PBXContainerItemProxy */;
		};
		7B0FC42C29CFE9B0443C2E31 /* PBXTargetDependency */ = {
			isa = PBXTargetDependency;
			target = EDA9105C2BB82DDC44D8F572 /* Memdo */;
			targetProxy = 5F155E3226BFE87F41AC8DFD /* PBXContainerItemProxy */;
		};
/* End PBXTargetDependency section */

/* Begin XCBuildConfiguration section */
		07DC1EAB0F49E2863D99B923 /* Debug */ = {
			isa = XCBuildConfiguration;
			buildSettings = {
				CODE_SIGN_ENTITLEMENTS = MemdoWidget/MemdoWidget.entitlements;
				GENERATE_INFOPLIST_FILE = NO;
				INFOPLIST_FILE = MemdoWidget/Info.plist;
				LD_RUNPATH_SEARCH_PATHS = (
					"$(inherited)",
					"@executable_path/Frameworks",
					"@executable_path/../../Frameworks",
				);
				PRODUCT_BUNDLE_IDENTIFIER = com.memdo.ios.widget;
				PRODUCT_NAME = MemdoWidget;
				SDKROOT = iphoneos;
				SKIP_INSTALL = YES;
				TARGETED_DEVICE_FAMILY = "1,2";
			};
			name = Debug;
		};
		07FE6F754E82B6F83673E62B /* Release */ = {
			isa = XCBuildConfiguration;
			buildSettings = {
				CODE_SIGN_ENTITLEMENTS = MemdoWidget/MemdoWidget.entitlements;
				GENERATE_INFOPLIST_FILE = NO;
				INFOPLIST_FILE = MemdoWidget/Info.plist;
				LD_RUNPATH_SEARCH_PATHS = (
					"$(inherited)",
					"@executable_path/Frameworks",
					"@executable_path/../../Frameworks",
				);
				PRODUCT_BUNDLE_IDENTIFIER = com.memdo.ios.widget;
				PRODUCT_NAME = MemdoWidget;
				SDKROOT = iphoneos;
				SKIP_INSTALL = YES;
				TARGETED_DEVICE_FAMILY = "1,2";
			};
			name = Release;
		};
		31AF473DE7DE81227B54997F /* Debug */ = {
			isa = XCBuildConfiguration;
			buildSettings = {
				BUNDLE_LOADER = "$(TEST_HOST)";
				LD_RUNPATH_SEARCH_PATHS = (
					"$(inherited)",
					"@executable_path/Frameworks",
					"@loader_path/Frameworks",
				);
				PRODUCT_BUNDLE_IDENTIFIER = com.memdo.ios.tests;
				SDKROOT = iphoneos;
				TARGETED_DEVICE_FAMILY = "1,2";
				TEST_HOST = "$(BUILT_PRODUCTS_DIR)/Memdo.app/Memdo";
			};
			name = Debug;
		};
		41EAE821237ABD4E305ABC97 /* Debug */ = {
			isa = XCBuildConfiguration;
			baseConfigurationReference = F9442BC0734AAE004616103C /* Config.xcconfig */;
			buildSettings = {
				ASSETCATALOG_COMPILER_APPICON_NAME = AppIcon;
				CODE_SIGN_ENTITLEMENTS = Memdo/Memdo.entitlements;
				CODE_SIGN_IDENTITY = "iPhone Developer";
				GENERATE_INFOPLIST_FILE = NO;
				INFOPLIST_FILE = Memdo/Info.plist;
				LD_RUNPATH_SEARCH_PATHS = (
					"$(inherited)",
					"@executable_path/Frameworks",
				);
				PRODUCT_BUNDLE_IDENTIFIER = com.memdo.ios;
				PRODUCT_NAME = Memdo;
				SDKROOT = iphoneos;
				TARGETED_DEVICE_FAMILY = "1,2";
			};
			name = Debug;
		};
		5E1E91CB30E6F8FF8AEA8A9C /* Debug */ = {
			isa = XCBuildConfiguration;
			buildSettings = {
				ALWAYS_SEARCH_USER_PATHS = NO;
				CLANG_ANALYZER_NONNULL = YES;
				CLANG_ANALYZER_NUMBER_OBJECT_CONVERSION = YES_AGGRESSIVE;
				CLANG_CXX_LANGUAGE_STANDARD = "gnu++14";
				CLANG_CXX_LIBRARY = "libc++";
				CLANG_ENABLE_MODULES = YES;
				CLANG_ENABLE_OBJC_ARC = YES;
				CLANG_ENABLE_OBJC_WEAK = YES;
				CLANG_WARN_BLOCK_CAPTURE_AUTORELEASING = YES;
				CLANG_WARN_BOOL_CONVERSION = YES;
				CLANG_WARN_COMMA = YES;
				CLANG_WARN_CONSTANT_CONVERSION = YES;
				CLANG_WARN_DEPRECATED_OBJC_IMPLEMENTATIONS = YES;
				CLANG_WARN_DIRECT_OBJC_ISA_USAGE = YES_ERROR;
				CLANG_WARN_DOCUMENTATION_COMMENTS = YES;
				CLANG_WARN_EMPTY_BODY = YES;
				CLANG_WARN_ENUM_CONVERSION = YES;
				CLANG_WARN_INFINITE_RECURSION = YES;
				CLANG_WARN_INT_CONVERSION = YES;
				CLANG_WARN_NON_LITERAL_NULL_CONVERSION = YES;
				CLANG_WARN_OBJC_IMPLICIT_RETAIN_SELF = YES;
				CLANG_WARN_OBJC_LITERAL_CONVERSION = YES;
				CLANG_WARN_OBJC_ROOT_CLASS = YES_ERROR;
				CLANG_WARN_QUOTED_INCLUDE_IN_FRAMEWORK_HEADER = YES;
				CLANG_WARN_RANGE_LOOP_ANALYSIS = YES;
				CLANG_WARN_STRICT_PROTOTYPES = YES;
				CLANG_WARN_SUSPICIOUS_MOVE = YES;
				CLANG_WARN_UNGUARDED_AVAILABILITY = YES_AGGRESSIVE;
				CLANG_WARN_UNREACHABLE_CODE = YES;
				CLANG_WARN__DUPLICATE_METHOD_MATCH = YES;
				COPY_PHASE_STRIP = NO;
				DEBUG_INFORMATION_FORMAT = dwarf;
				ENABLE_STRICT_OBJC_MSGSEND = YES;
				ENABLE_TESTABILITY = YES;
				GCC_C_LANGUAGE_STANDARD = gnu11;
				GCC_DYNAMIC_NO_PIC = NO;
				GCC_NO_COMMON_BLOCKS = YES;
				GCC_OPTIMIZATION_LEVEL = 0;
				GCC_PREPROCESSOR_DEFINITIONS = (
					"$(inherited)",
					"DEBUG=1",
				);
				GCC_WARN_64_TO_32_BIT_CONVERSION = YES;
				GCC_WARN_ABOUT_RETURN_TYPE = YES_ERROR;
				GCC_WARN_UNDECLARED_SELECTOR = YES;
				GCC_WARN_UNINITIALIZED_AUTOS = YES_AGGRESSIVE;
				GCC_WARN_UNUSED_FUNCTION = YES;
				GCC_WARN_UNUSED_VARIABLE = YES;
				GENERATE_INFOPLIST_FILE = YES;
				INFOPLIST_KEY_UIApplicationSupportsIndirectInputEvents = YES;
				INFOPLIST_KEY_UILaunchScreen_Generation = YES;
				IPHONEOS_DEPLOYMENT_TARGET = 17.0;
				MTL_ENABLE_DEBUG_INFO = INCLUDE_SOURCE;
				MTL_FAST_MATH = YES;
				ONLY_ACTIVE_ARCH = YES;
				PRODUCT_NAME = "$(TARGET_NAME)";
				SDKROOT = iphoneos;
				SWIFT_ACTIVE_COMPILATION_CONDITIONS = DEBUG;
				SWIFT_OPTIMIZATION_LEVEL = "-Onone";
				SWIFT_VERSION = 6.0;
				TARGETED_DEVICE_FAMILY = 1;
			};
			name = Debug;
		};
		62D21A933467C8DED303A527 /* Release */ = {
			isa = XCBuildConfiguration;
			buildSettings = {
				BUNDLE_LOADER = "$(TEST_HOST)";
				LD_RUNPATH_SEARCH_PATHS = (
					"$(inherited)",
					"@executable_path/Frameworks",
					"@loader_path/Frameworks",
				);
				PRODUCT_BUNDLE_IDENTIFIER = com.memdo.ios.tests;
				SDKROOT = iphoneos;
				TARGETED_DEVICE_FAMILY = "1,2";
				TEST_HOST = "$(BUILT_PRODUCTS_DIR)/Memdo.app/Memdo";
			};
			name = Release;
		};
		6B7BD2B29544DDBE5903B871 /* Release */ = {
			isa = XCBuildConfiguration;
			baseConfigurationReference = F9442BC0734AAE004616103C /* Config.xcconfig */;
			buildSettings = {
				ASSETCATALOG_COMPILER_APPICON_NAME = AppIcon;
				CODE_SIGN_ENTITLEMENTS = Memdo/Memdo.entitlements;
				CODE_SIGN_IDENTITY = "iPhone Developer";
				GENERATE_INFOPLIST_FILE = NO;
				INFOPLIST_FILE = Memdo/Info.plist;
				LD_RUNPATH_SEARCH_PATHS = (
					"$(inherited)",
					"@executable_path/Frameworks",
				);
				PRODUCT_BUNDLE_IDENTIFIER = com.memdo.ios;
				PRODUCT_NAME = Memdo;
				SDKROOT = iphoneos;
				TARGETED_DEVICE_FAMILY = "1,2";
			};
			name = Release;
		};
		7DBBBF2B86CAA477B76BA568 /* Debug */ = {
			isa = XCBuildConfiguration;
			buildSettings = {
				CODE_SIGN_ENTITLEMENTS = MemdoShare/MemdoShare.entitlements;
				GENERATE_INFOPLIST_FILE = NO;
				INFOPLIST_FILE = MemdoShare/Info.plist;
				LD_RUNPATH_SEARCH_PATHS = (
					"$(inherited)",
					"@executable_path/Frameworks",
					"@executable_path/../../Frameworks",
				);
				PRODUCT_BUNDLE_IDENTIFIER = com.memdo.ios.share;
				PRODUCT_NAME = MemdoShare;
				SDKROOT = iphoneos;
				SKIP_INSTALL = YES;
				TARGETED_DEVICE_FAMILY = "1,2";
			};
			name = Debug;
		};
		90D2B5F50223DD43C467E72F /* Release */ = {
			isa = XCBuildConfiguration;
			buildSettings = {
				CODE_SIGN_ENTITLEMENTS = MemdoShare/MemdoShare.entitlements;
				GENERATE_INFOPLIST_FILE = NO;
				INFOPLIST_FILE = MemdoShare/Info.plist;
				LD_RUNPATH_SEARCH_PATHS = (
					"$(inherited)",
					"@executable_path/Frameworks",
					"@executable_path/../../Frameworks",
				);
				PRODUCT_BUNDLE_IDENTIFIER = com.memdo.ios.share;
				PRODUCT_NAME = MemdoShare;
				SDKROOT = iphoneos;
				SKIP_INSTALL = YES;
				TARGETED_DEVICE_FAMILY = "1,2";
			};
			name = Release;
		};
		C1D767AFA49CE9646B2903C7 /* Release */ = {
			isa = XCBuildConfiguration;
			buildSettings = {
				ALWAYS_SEARCH_USER_PATHS = NO;
				CLANG_ANALYZER_NONNULL = YES;
				CLANG_ANALYZER_NUMBER_OBJECT_CONVERSION = YES_AGGRESSIVE;
				CLANG_CXX_LANGUAGE_STANDARD = "gnu++14";
				CLANG_CXX_LIBRARY = "libc++";
				CLANG_ENABLE_MODULES = YES;
				CLANG_ENABLE_OBJC_ARC = YES;
				CLANG_ENABLE_OBJC_WEAK = YES;
				CLANG_WARN_BLOCK_CAPTURE_AUTORELEASING = YES;
				CLANG_WARN_BOOL_CONVERSION = YES;
				CLANG_WARN_COMMA = YES;
				CLANG_WARN_CONSTANT_CONVERSION = YES;
				CLANG_WARN_DEPRECATED_OBJC_IMPLEMENTATIONS = YES;
				CLANG_WARN_DIRECT_OBJC_ISA_USAGE = YES_ERROR;
				CLANG_WARN_DOCUMENTATION_COMMENTS = YES;
				CLANG_WARN_EMPTY_BODY = YES;
				CLANG_WARN_ENUM_CONVERSION = YES;
				CLANG_WARN_INFINITE_RECURSION = YES;
				CLANG_WARN_INT_CONVERSION = YES;
				CLANG_WARN_NON_LITERAL_NULL_CONVERSION = YES;
				CLANG_WARN_OBJC_IMPLICIT_RETAIN_SELF = YES;
				CLANG_WARN_OBJC_LITERAL_CONVERSION = YES;
				CLANG_WARN_OBJC_ROOT_CLASS = YES_ERROR;
				CLANG_WARN_QUOTED_INCLUDE_IN_FRAMEWORK_HEADER = YES;
				CLANG_WARN_RANGE_LOOP_ANALYSIS = YES;
				CLANG_WARN_STRICT_PROTOTYPES = YES;
				CLANG_WARN_SUSPICIOUS_MOVE = YES;
				CLANG_WARN_UNGUARDED_AVAILABILITY = YES_AGGRESSIVE;
				CLANG_WARN_UNREACHABLE_CODE = YES;
				CLANG_WARN__DUPLICATE_METHOD_MATCH = YES;
				COPY_PHASE_STRIP = NO;
				DEBUG_INFORMATION_FORMAT = "dwarf-with-dsym";
				ENABLE_NS_ASSERTIONS = NO;
				ENABLE_STRICT_OBJC_MSGSEND = YES;
				GCC_C_LANGUAGE_STANDARD = gnu11;
				GCC_NO_COMMON_BLOCKS = YES;
				GCC_WARN_64_TO_32_BIT_CONVERSION = YES;
				GCC_WARN_ABOUT_RETURN_TYPE = YES_ERROR;
				GCC_WARN_UNDECLARED_SELECTOR = YES;
				GCC_WARN_UNINITIALIZED_AUTOS = YES_AGGRESSIVE;
				GCC_WARN_UNUSED_FUNCTION = YES;
				GCC_WARN_UNUSED_VARIABLE = YES;
				GENERATE_INFOPLIST_FILE = YES;
				INFOPLIST_KEY_UIApplicationSupportsIndirectInputEvents = YES;
				INFOPLIST_KEY_UILaunchScreen_Generation = YES;
				IPHONEOS_DEPLOYMENT_TARGET = 17.0;
				MTL_ENABLE_DEBUG_INFO = NO;
				MTL_FAST_MATH = YES;
				PRODUCT_NAME = "$(TARGET_NAME)";
				SDKROOT = iphoneos;
				SWIFT_COMPILATION_MODE = wholemodule;
				SWIFT_OPTIMIZATION_LEVEL = "-O";
				SWIFT_VERSION = 6.0;
				TARGETED_DEVICE_FAMILY = 1;
			};
			name = Release;
		};
/* End XCBuildConfiguration section */

/* Begin XCConfigurationList section */
		19005277C9F7D659B325E203 /* Build configuration list for PBXProject "Memdo" */ = {
			isa = XCConfigurationList;
			buildConfigurations = (
				5E1E91CB30E6F8FF8AEA8A9C /* Debug */,
				C1D767AFA49CE9646B2903C7 /* Release */,
			);
			defaultConfigurationIsVisible = 0;
			defaultConfigurationName = Debug;
		};
		511F19F0EF32E885EE2F71FF /* Build configuration list for PBXNativeTarget "MemdoTests" */ = {
			isa = XCConfigurationList;
			buildConfigurations = (
				31AF473DE7DE81227B54997F /* Debug */,
				62D21A933467C8DED303A527 /* Release */,
			);
			defaultConfigurationIsVisible = 0;
			defaultConfigurationName = Debug;
		};
		6A1285056B173BD91547E1F7 /* Build configuration list for PBXNativeTarget "MemdoShare" */ = {
			isa = XCConfigurationList;
			buildConfigurations = (
				7DBBBF2B86CAA477B76BA568 /* Debug */,
				90D2B5F50223DD43C467E72F /* Release */,
			);
			defaultConfigurationIsVisible = 0;
			defaultConfigurationName = Debug;
		};
		A98668BF3B00C961DCAB3EDF /* Build configuration list for PBXNativeTarget "Memdo" */ = {
			isa = XCConfigurationList;
			buildConfigurations = (
				41EAE821237ABD4E305ABC97 /* Debug */,
				6B7BD2B29544DDBE5903B871 /* Release */,
			);
			defaultConfigurationIsVisible = 0;
			defaultConfigurationName = Debug;
		};
		F84B9E5F4847501839A4F85C /* Build configuration list for PBXNativeTarget "MemdoWidget" */ = {
			isa = XCConfigurationList;
			buildConfigurations = (
				07DC1EAB0F49E2863D99B923 /* Debug */,
				07FE6F754E82B6F83673E62B /* Release */,
			);
			defaultConfigurationIsVisible = 0;
			defaultConfigurationName = Debug;
		};
/* End XCConfigurationList section */

/* Begin XCRemoteSwiftPackageReference section */
		5E1819744222B853F1397914 /* XCRemoteSwiftPackageReference "Yams" */ = {
			isa = XCRemoteSwiftPackageReference;
			repositoryURL = "https://github.com/jpsim/Yams";
			requirement = {
				kind = upToNextMajorVersion;
				minimumVersion = 6.0.0;
			};
		};
		8CB5E0622EFDAEE425383438 /* XCRemoteSwiftPackageReference "supabase-swift" */ = {
			isa = XCRemoteSwiftPackageReference;
			repositoryURL = "https://github.com/supabase/supabase-swift";
			requirement = {
				kind = upToNextMajorVersion;
				minimumVersion = 2.46.0;
			};
		};
/* End XCRemoteSwiftPackageReference section */

/* Begin XCSwiftPackageProductDependency section */
		766260AB78CE2A6DF35FC443 /* Yams */ = {
			isa = XCSwiftPackageProductDependency;
			package = 5E1819744222B853F1397914 /* XCRemoteSwiftPackageReference "Yams" */;
			productName = Yams;
		};
		BA381B15831EFB2DC3181BCA /* Supabase */ = {
			isa = XCSwiftPackageProductDependency;
			package = 8CB5E0622EFDAEE425383438 /* XCRemoteSwiftPackageReference "supabase-swift" */;
			productName = Supabase;
		};
/* End XCSwiftPackageProductDependency section */
	};
	rootObject = 3B84853CA27BE767B097094F /* Project object */;
}
