// !$*UTF8*$!
{
	archiveVersion = 1;
	classes = {
	};
	objectVersion = 77;
	objects = {

/* Begin PBXBuildFile section */
		029BCFE649A10D57D0FB8F02 /* WallpaperPreviewSheet.swift in Sources */ = {isa = PBXBuildFile; fileRef = 18F7B680206A8BE790270ABE /* WallpaperPreviewSheet.swift */; };
		03029AEE8B04A990AC0CFF5B /* ScheduleAPI.swift in Sources */ = {isa = PBXBuildFile; fileRef = E328A1A389F5FE46A7998702 /* ScheduleAPI.swift */; };
		03432A8BB4B4B5A8E0410DDE /* WorkoutModel.swift in Sources */ = {isa = PBXBuildFile; fileRef = A46BF0632FBAC7731A1BBF22 /* WorkoutModel.swift */; };
		048C8F30632F364BD0918E91 /* AppIcon.icon in Resources */ = {isa = PBXBuildFile; fileRef = 54A9DCC8471814155094BAFF /* AppIcon.icon */; };
		04DF8C7446EC772D7022AE9A /* AgentPrompts.yml in Resources */ = {isa = PBXBuildFile; fileRef = F8BB7B0BC6E2F7CAF1981DF2 /* AgentPrompts.yml */; };
		05A16520EDB91AFE6AA6B061 /* ShareWorkoutView.swift in Sources */ = {isa = PBXBuildFile; fileRef = DA9BC3B0CEFE2D4C6854CE6D /* ShareWorkoutView.swift */; };
		071627E506B356D700D140DD /* AppNotice.swift in Sources */ = {isa = PBXBuildFile; fileRef = 2C47ACC390E487B3A878F732 /* AppNotice.swift */; };
		07C63312BBCA02E3A38CDA86 /* ShareViewController.swift in Sources */ = {isa = PBXBuildFile; fileRef = 592EA12B6FF1AB799EF6869C /* ShareViewController.swift */; };
		08DE99AB607725B2E3D52207 /* MemdoShare.appex in Embed Foundation Extensions */ = {isa = PBXBuildFile; fileRef = 7E846EC17F4BCC9B7757596E /* MemdoShare.appex */; settings = {ATTRIBUTES = (RemoveHeadersOnCopy, ); }; };
		0D576589FC10FC25F8B1CC8D /* CloudAgentRuntime.swift in Sources */ = {isa = PBXBuildFile; fileRef = 47EDAB67D2EFCBBFE6D8CA42 /* CloudAgentRuntime.swift */; };
		0E1F6700073E9BF8906A63DF /* CalendarManagementView.swift in Sources */ = {isa = PBXBuildFile; fileRef = FFE07A837834B81E6C3D75B8 /* CalendarManagementView.swift */; };
		0F8A1295169A027545B9FB85 /* MemdoLiveActivity.swift in Sources */ = {isa = PBXBuildFile; fileRef = BC1EA1B96C5CAFC2AA18E481 /* MemdoLiveActivity.swift */; };
		10BB4EDBE3FB7043996D0257 /* DailySummaryView.swift in Sources */ = {isa = PBXBuildFile; fileRef = C7C756D233D1CE90858FD51D /* DailySummaryView.swift */; };
		127792DB267FD6E50F01FA30 /* AgentRoutePolicy.swift in Sources */ = {isa = PBXBuildFile; fileRef = 32D9538B41F691FBE390AACE /* AgentRoutePolicy.swift */; };
		12CAABCFEDAB22B3A8710BE1 /* MemdoLiveActivity.swift in Sources */ = {isa = PBXBuildFile; fileRef = BC1EA1B96C5CAFC2AA18E481 /* MemdoLiveActivity.swift */; };
		1403415E65D0516BC85DB3F3 /* ScheduleSheets.swift in Sources */ = {isa = PBXBuildFile; fileRef = 55ED02172D7A008997C2FE6A /* ScheduleSheets.swift */; };
		1670831061E175566C43AB00 /* LiveActivityScheduler.swift in Sources */ = {isa = PBXBuildFile; fileRef = FDF889AA1597E0D38A91878C /* LiveActivityScheduler.swift */; };
		1A42A4C9AFBC7E520D27930E /* ScheduleSearchView.swift in Sources */ = {isa = PBXBuildFile; fileRef = 643E1DF1F5D6ED233BE1C46B /* ScheduleSearchView.swift */; };
		1ACFAEEBEB53F95656F314FC /* MemdoWidget.swift in Sources */ = {isa = PBXBuildFile; fileRef = C4EA7A02C55094DEBD06AF37 /* MemdoWidget.swift */; };
		1BF3922D1F205A9973FF234B /* AssistantView.swift in Sources */ = {isa = PBXBuildFile; fileRef = 81740148C9FB170E6125C238 /* AssistantView.swift */; };
		1F7A2A43213AA7960920931E /* BriefingFeed.swift in Sources */ = {isa = PBXBuildFile; fileRef = 0CC1165FE10BDB815D9D3F6A /* BriefingFeed.swift */; };
		1F7FAA5B9F1CB4AF1903EC60 /* AgentPrompts.swift in Sources */ = {isa = PBXBuildFile; fileRef = 442DAEEAABF8F2E37FFE6443 /* AgentPrompts.swift */; };
		1F8672E2C40ED8E8853E55EA /* Pretendard-LICENSE.txt in Resources */ = {isa = PBXBuildFile; fileRef = 97B6BAE4945DFFB47769CA5C /* Pretendard-LICENSE.txt */; };
		216569CCC3FCC4402CA66A1C /* AgentDomainServicesTests.swift in Sources */ = {isa = PBXBuildFile; fileRef = EC09836B4409CD8802D9A9E1 /* AgentDomainServicesTests.swift */; };
		219E807AE9509209609449C8 /* ScheduleRow.swift in Sources */ = {isa = PBXBuildFile; fileRef = 3048C7BB27AF08C451A6A33B /* ScheduleRow.swift */; };
		262A55A9A5260185B26BA9B9 /* CalendarView.swift in Sources */ = {isa = PBXBuildFile; fileRef = CD8D35F4873B689E3120EAFF /* CalendarView.swift */; };
		2765C9534E80850EB835B5D7 /* CloudAgentSettings.swift in Sources */ = {isa = PBXBuildFile; fileRef = 59546D8FCD3983174F9D0D8B /* CloudAgentSettings.swift */; };
		3433161D58846297FD7FBE3A /* AppShortcuts.swift in Sources */ = {isa = PBXBuildFile; fileRef = B030D354180AB4FA9588ED73 /* AppShortcuts.swift */; };
		34C226C7140C637FA392B0B1 /* Supabase in Frameworks */ = {isa = PBXBuildFile; productRef = BA381B15831EFB2DC3181BCA /* Supabase */; };
		35222D2A086D62CD95E0501C /* SettingsView.swift in Sources */ = {isa = PBXBuildFile; fileRef = CAF29E00AFFC800E797EC476 /* SettingsView.swift */; };
		3E196F0990C7D535041507AB /* AgentRuntime.swift in Sources */ = {isa = PBXBuildFile; fileRef = 6E959B5A777D4C5351CE3EF2 /* AgentRuntime.swift */; };
		3FE05EF6C0C46892B1ED8A85 /* SlackSettings.swift in Sources */ = {isa = PBXBuildFile; fileRef = 844348F11EA03E4AC005D1BD /* SlackSettings.swift */; };
		45B9283ED9F12349CFECE8D7 /* MetricsCollector.swift in Sources */ = {isa = PBXBuildFile; fileRef = E744A0B890EE8281B27C627A /* MetricsCollector.swift */; };
		46C4AF8230A9E34403A557BF /* DailySummaryViewTests.swift in Sources */ = {isa = PBXBuildFile; fileRef = 27D626BB1584385C72608775 /* DailySummaryViewTests.swift */; };
		48BFE42E9CDDAC5BAEE6BA40 /* PrivacyInfo.xcprivacy in Resources */ = {isa = PBXBuildFile; fileRef = 72F40B29582C13FA7CF10006 /* PrivacyInfo.xcprivacy */; };
		49038B6BAF891E54BD98775E /* CoachMarks.swift in Sources */ = {isa = PBXBuildFile; fileRef = F0C79772933D7596B4A6005F /* CoachMarks.swift */; };
		4A68AE260A16FB5A29BD4316 /* MemdoApp.swift in Sources */ = {isa = PBXBuildFile; fileRef = 0F2A8196BA5A998E84163727 /* MemdoApp.swift */; };
		4CEC067789BBB1118A019009 /* AgentDebugTrace.swift in Sources */ = {isa = PBXBuildFile; fileRef = 6C8C80C6989638B08ED7607E /* AgentDebugTrace.swift */; };
		4E83766DA756BBB1772D30A8 /* GoogleCalendarSettings.swift in Sources */ = {isa = PBXBuildFile; fileRef = 60B44CC42E894B2213A536CF /* GoogleCalendarSettings.swift */; };
		55306D301F120767611231F5 /* MemdoWidget.appex in Embed Foundation Extensions */ = {isa = PBXBuildFile; fileRef = AE1B6FFACC369DADAFC99ADB /* MemdoWidget.appex */; settings = {ATTRIBUTES = (RemoveHeadersOnCopy, ); }; };
		564AC30EFCF98DADA6994EE5 /* PendingWorkoutStore.swift in Sources */ = {isa = PBXBuildFile; fileRef = 64CF3C6915A1423A586F0451 /* PendingWorkoutStore.swift */; };
		58CE1940F528D9DAC0143771 /* MemdoTheme.swift in Sources */ = {isa = PBXBuildFile; fileRef = 94940402E6622B81A2842916 /* MemdoTheme.swift */; };
		59E81453640A406C24736379 /* OutboxQueueTests.swift in Sources */ = {isa = PBXBuildFile; fileRef = 21413C9C4783D0ED219C2D06 /* OutboxQueueTests.swift */; };
		5A8930B5D27A7BBA10EF2B8A /* MemdoWidgetSchedule.swift in Sources */ = {isa = PBXBuildFile; fileRef = 75B6320ADF58513A2DCF71C9 /* MemdoWidgetSchedule.swift */; };
		5AE88A617799A472163217FD /* SlackNotifier.swift in Sources */ = {isa = PBXBuildFile; fileRef = 54EB80D55A00D110F406F499 /* SlackNotifier.swift */; };
		62BC23ACF0CA3B113A800BB4 /* PrivacyInfo.xcprivacy in Resources */ = {isa = PBXBuildFile; fileRef = A6F0561D5973698B66DB4119 /* PrivacyInfo.xcprivacy */; };
		7457DB90063BE2771605A5AA /* NotificationSchedulerTests.swift in Sources */ = {isa = PBXBuildFile; fileRef = 96F566C420B634E1C8FE4B5C /* NotificationSchedulerTests.swift */; };
		756F3930E511618763E56373 /* AgentCloudDTOs.swift in Sources */ = {isa = PBXBuildFile; fileRef = DCAF96D165A397CF237CBB10 /* AgentCloudDTOs.swift */; };
		75F250EFCB55739DAE925C05 /* SecureSessionStorage.swift in Sources */ = {isa = PBXBuildFile; fileRef = 16D789EDA2213C9A1197C89E /* SecureSessionStorage.swift */; };
		78322181CBA281979EA33855 /* TodayComponents.swift in Sources */ = {isa = PBXBuildFile; fileRef = 5CCC6E53696DAEEFD8936928 /* TodayComponents.swift */; };
		78B0EF713AF6185AFC604273 /* Preferences.swift in Sources */ = {isa = PBXBuildFile; fileRef = 068DFC4E18BD0F5EE9DE39FA /* Preferences.swift */; };
		78FEB722CFF3DC8EE7034FBD /* Assets.xcassets in Resources */ = {isa = PBXBuildFile; fileRef = A5FCF0E385E87960B56A11F4 /* Assets.xcassets */; };
		841B54650CFB7A25B129C6E6 /* MemdoGuideSheet.swift in Sources */ = {isa = PBXBuildFile; fileRef = 320B3DE410656C0F6E337CDD /* MemdoGuideSheet.swift */; };
		844E17681F3B71B811C9BC11 /* WorkoutViews.swift in Sources */ = {isa = PBXBuildFile; fileRef = 3EF3EDCFC83BC3F74D9FAEA8 /* WorkoutViews.swift */; };
		87950A31730B9371325C8DFB /* NotificationScheduler.swift in Sources */ = {isa = PBXBuildFile; fileRef = 47FDA3937F5C651902DA3729 /* NotificationScheduler.swift */; };
		8D2EE9F6F32DD94165E33E60 /* Pretendard-Regular.otf in Resources */ = {isa = PBXBuildFile; fileRef = 5DD8651FBD4E38159886A3B3 /* Pretendard-Regular.otf */; };
		94DE3EB3F00446D969A51479 /* ScheduleModel.swift in Sources */ = {isa = PBXBuildFile; fileRef = 918AFCC9B4F6A0A3C75048E3 /* ScheduleModel.swift */; };
		96D281AB9F5FEF335ACC0ED4 /* AgentToolActivity.swift in Sources */ = {isa = PBXBuildFile; fileRef = 6EA7F0220162635CC1A9E588 /* AgentToolActivity.swift */; };
		978C5FA035AB40F7D66F00F9 /* Pretendard-Bold.otf in Resources */ = {isa = PBXBuildFile; fileRef = 8640DA0A68D661636709CCDD /* Pretendard-Bold.otf */; };
		980EAD0D88C03FC01EEB8547 /* AgentTabBridge.swift in Sources */ = {isa = PBXBuildFile; fileRef = B3B648549C951FDA6ABDA717 /* AgentTabBridge.swift */; };
		A093B5D51FE1213169DEF2E1 /* AgentToolActivityTests.swift in Sources */ = {isa = PBXBuildFile; fileRef = 370FD4DDE6E4DA0262210BD5 /* AgentToolActivityTests.swift */; };
		A0F9B5AEA9E0146B0EEF1291 /* AgentCoordinator.swift in Sources */ = {isa = PBXBuildFile; fileRef = C8558D0EA8EE8A71488D9C2D /* AgentCoordinator.swift */; };
		A3016069FA3CDECBE8C71FED /* PendingWorkoutStore.swift in Sources */ = {isa = PBXBuildFile; fileRef = 64CF3C6915A1423A586F0451 /* PendingWorkoutStore.swift */; };
		A5612A08648A63073633DA85 /* AppShellView.swift in Sources */ = {isa = PBXBuildFile; fileRef = 54F5EBBCE5BE693019425CD3 /* AppShellView.swift */; };
		A8B3B7E69C864007557E0ACB /* AppNoticeCenterTests.swift in Sources */ = {isa = PBXBuildFile; fileRef = E03B3314406F919051B8F163 /* AppNoticeCenterTests.swift */; };
		AA47BAB65B42078F49070D0E /* AgentCoordinatorTests.swift in Sources */ = {isa = PBXBuildFile; fileRef = E5F8C1DE6F959CF3423D1DD8 /* AgentCoordinatorTests.swift */; };
		B34D55BB23AB902823B3C287 /* AgentIntentTests.swift in Sources */ = {isa = PBXBuildFile; fileRef = 5CAF5C62FEE7A3ECA9E67EB4 /* AgentIntentTests.swift */; };
		B65B035617D75272EA8047C0 /* AgentDomainServices.swift in Sources */ = {isa = PBXBuildFile; fileRef = D66022FC2E2E56F7A2999F8A /* AgentDomainServices.swift */; };
		BA6644D44959B43408691CF0 /* OnDeviceAgentRuntime.swift in Sources */ = {isa = PBXBuildFile; fileRef = 5A1C91B6D9CFC0EF07B1238D /* OnDeviceAgentRuntime.swift */; };
		BF5EFAA58219AB9BC07BB412 /* MemdoComponents.swift in Sources */ = {isa = PBXBuildFile; fileRef = 1EAA933963305A4D83E01ED0 /* MemdoComponents.swift */; };
		C058A05E23195B992D283DC5 /* FakeAgentRuntime.swift in Sources */ = {isa = PBXBuildFile; fileRef = AA8E9E99B2955B5F2A3FABD6 /* FakeAgentRuntime.swift */; };
		C392F8DCA51AF52E84FCB083 /* TodayView.swift in Sources */ = {isa = PBXBuildFile; fileRef = 6B4440ADF13786E2CBA9BE17 /* TodayView.swift */; };
		C3D99BEEE9142FD7A1B179A0 /* AgentComponents.swift in Sources */ = {isa = PBXBuildFile; fileRef = 8A896642ADB62C32798D6FC1 /* AgentComponents.swift */; };
		C655E51B5740BF16E10B3778 /* AgentTools.swift in Sources */ = {isa = PBXBuildFile; fileRef = 20CC46B725C50E080241E474 /* AgentTools.swift */; };
		C69C49A6035C81CD2F48A9F3 /* CloudAgentRuntimeTests.swift in Sources */ = {isa = PBXBuildFile; fileRef = 17E8C08961FC90CC6CA2A3B6 /* CloudAgentRuntimeTests.swift */; };
		C760F0C4525ACB0698EEC474 /* Yams in Frameworks */ = {isa = PBXBuildFile; productRef = 766260AB78CE2A6DF35FC443 /* Yams */; };
		C8B7C8B5A108EA79F630D34D /* WorkoutAPI.swift in Sources */ = {isa = PBXBuildFile; fileRef = 0781F64320C76031AD43E2AC /* WorkoutAPI.swift */; };
		C937284F923DF277B8EE53B3 /* Pretendard-SemiBold.otf in Resources */ = {isa = PBXBuildFile; fileRef = 38E5C3282FBC0EF28AA5FBD5 /* Pretendard-SemiBold.otf */; };
		CA69FB6F6D5B184690B56D4A /* ScheduleModelTests.swift in Sources */ = {isa = PBXBuildFile; fileRef = E3F01099D4577BD460F6C20F /* ScheduleModelTests.swift */; };
		CB913CAD17525E884D7AE65D /* PrivacyInfo.xcprivacy in Resources */ = {isa = PBXBuildFile; fileRef = DC46E17276DC090239774712 /* PrivacyInfo.xcprivacy */; };
		CECBB19E49B71007B565589E /* EventCapture.swift in Sources */ = {isa = PBXBuildFile; fileRef = 8FB606FA5773A9EFCF3F3DCD /* EventCapture.swift */; };
		D0E0E2E1A7122A5734E8C07A /* AgentRuntimeTests.swift in Sources */ = {isa = PBXBuildFile; fileRef = 8DFEC754269D8947FB18E952 /* AgentRuntimeTests.swift */; };
		D71379C75C5090437F8F4535 /* AgentDebugTraceTests.swift in Sources */ = {isa = PBXBuildFile; fileRef = 41EE6828A47A0C79D604FE8A /* AgentDebugTraceTests.swift */; };
		DE018243E2C7C369CC036536 /* AgentIntent.swift in Sources */ = {isa = PBXBuildFile; fileRef = C3F678075164345BEDF06149 /* AgentIntent.swift */; };
		DE7EB754AAB0EF1BC58721E4 /* HealthKitImporter.swift in Sources */ = {isa = PBXBuildFile; fileRef = A5E2CE5E5C262F0187C2E3E0 /* HealthKitImporter.swift */; };
		DFD6491615BBE200178B4717 /* MemdoWidgetSchedule.swift in Sources */ = {isa = PBXBuildFile; fileRef = 75B6320ADF58513A2DCF71C9 /* MemdoWidgetSchedule.swift */; };
		E377058BDA56E9F69690040B /* WallpaperIntent.swift in Sources */ = {isa = PBXBuildFile; fileRef = 4D30135297E22300B8519D61 /* WallpaperIntent.swift */; };
		F1B952368CE51BB88717E911 /* DateFormatting.swift in Sources */ = {isa = PBXBuildFile; fileRef = 3358821A72A62FFEABDD2BD4 /* DateFormatting.swift */; };
		F29F2F0272E4AD95479DB67D /* OutboxQueue.swift in Sources */ = {isa = PBXBuildFile; fileRef = F42626C74188CA3DC28829FA /* OutboxQueue.swift */; };
/* End PBXBuildFile section */

/* Begin PBXContainerItemProxy section */
		5F155E3226BFE87F41AC8DFD /* PBXContainerItemProxy */ = {
			isa = PBXContainerItemProxy;
			containerPortal = 3B84853CA27BE767B097094F /* Project object */;
			proxyType = 1;
			remoteGlobalIDString = EDA9105C2BB82DDC44D8F572;
			remoteInfo = Memdo;
		};
		BCC79A3A7139E6A60A38F4C7 /* PBXContainerItemProxy */ = {
			isa = PBXContainerItemProxy;
			containerPortal = 3B84853CA27BE767B097094F /* Project object */;
			proxyType = 1;
			remoteGlobalIDString = F69CF69208FED366E2E82936;
			remoteInfo = MemdoShare;
		};
		D88AEF70880F4A34DFD5652E /* PBXContainerItemProxy */ = {
			isa = PBXContainerItemProxy;
			containerPortal = 3B84853CA27BE767B097094F /* Project object */;
			proxyType = 1;
			remoteGlobalIDString = 435A95E3B147465EBFFCEFBE;
			remoteInfo = MemdoWidget;
		};
/* End PBXContainerItemProxy section */

/* Begin PBXCopyFilesBuildPhase section */
		7250461EED3A93CB14C80824 /* Embed Foundation Extensions */ = {
			isa = PBXCopyFilesBuildPhase;
			buildActionMask = 2147483647;
			dstPath = "";
			dstSubfolderSpec = 13;
			files = (
				55306D301F120767611231F5 /* MemdoWidget.appex in Embed Foundation Extensions */,
				08DE99AB607725B2E3D52207 /* MemdoShare.appex in Embed Foundation Extensions */,
			);
			name = "Embed Foundation Extensions";
			runOnlyForDeploymentPostprocessing = 0;
		};
/* End PBXCopyFilesBuildPhase section */

/* Begin PBXFileReference section */
		068DFC4E18BD0F5EE9DE39FA /* Preferences.swift */ = {isa = PBXFileReference; lastKnownFileType = sourcecode.swift; path = Preferences.swift; sourceTree = "<group>"; };
		0781F64320C76031AD43E2AC /* WorkoutAPI.swift */ = {isa = PBXFileReference; lastKnownFileType = sourcecode.swift; path = WorkoutAPI.swift; sourceTree = "<group>"; };
		0CC1165FE10BDB815D9D3F6A /* BriefingFeed.swift */ = {isa = PBXFileReference; lastKnownFileType = sourcecode.swift; path = BriefingFeed.swift; sourceTree = "<group>"; };
		0F2A8196BA5A998E84163727 /* MemdoApp.swift */ = {isa = PBXFileReference; lastKnownFileType = sourcecode.swift; path = MemdoApp.swift; sourceTree = "<group>"; };
		16D789EDA2213C9A1197C89E /* SecureSessionStorage.swift */ = {isa = PBXFileReference; lastKnownFileType = sourcecode.swift; path = SecureSessionStorage.swift; sourceTree = "<group>"; };
		17E8C08961FC90CC6CA2A3B6 /* CloudAgentRuntimeTests.swift */ = {isa = PBXFileReference; lastKnownFileType = sourcecode.swift; path = CloudAgentRuntimeTests.swift; sourceTree = "<group>"; };
		18F7B680206A8BE790270ABE /* WallpaperPreviewSheet.swift */ = {isa = PBXFileReference; lastKnownFileType = sourcecode.swift; path = WallpaperPreviewSheet.swift; sourceTree = "<group>"; };
		1A687B41FD8CDA929BCB463B /* MemdoTests.xctest */ = {isa = PBXFileReference; includeInIndex = 0; lastKnownFileType = wrapper.cfbundle; path = MemdoTests.xctest; sourceTree = BUILT_PRODUCTS_DIR; };
		1EAA933963305A4D83E01ED0 /* MemdoComponents.swift */ = {isa = PBXFileReference; lastKnownFileType = sourcecode.swift; path = MemdoComponents.swift; sourceTree = "<group>"; };
		20CC46B725C50E080241E474 /* AgentTools.swift */ = {isa = PBXFileReference; lastKnownFileType = sourcecode.swift; path = AgentTools.swift; sourceTree = "<group>"; };
		21413C9C4783D0ED219C2D06 /* OutboxQueueTests.swift */ = {isa = PBXFileReference; lastKnownFileType = sourcecode.swift; path = OutboxQueueTests.swift; sourceTree = "<group>"; };
		2779812E7FB556A785234A2F /* Info.plist */ = {isa = PBXFileReference; lastKnownFileType = text.plist; path = Info.plist; sourceTree = "<group>"; };
		27D626BB1584385C72608775 /* DailySummaryViewTests.swift */ = {isa = PBXFileReference; lastKnownFileType = sourcecode.swift; path = DailySummaryViewTests.swift; sourceTree = "<group>"; };
		2C47ACC390E487B3A878F732 /* AppNotice.swift */ = {isa = PBXFileReference; lastKnownFileType = sourcecode.swift; path = AppNotice.swift; sourceTree = "<group>"; };
		2E4BAF77735FE322B2A29952 /* MemdoShare.entitlements */ = {isa = PBXFileReference; lastKnownFileType = text.plist.entitlements; path = MemdoShare.entitlements; sourceTree = "<group>"; };
		3048C7BB27AF08C451A6A33B /* ScheduleRow.swift */ = {isa = PBXFileReference; lastKnownFileType = sourcecode.swift; path = ScheduleRow.swift; sourceTree = "<group>"; };
		320B3DE410656C0F6E337CDD /* MemdoGuideSheet.swift */ = {isa = PBXFileReference; lastKnownFileType = sourcecode.swift; path = MemdoGuideSheet.swift; sourceTree = "<group>"; };
		32D9538B41F691FBE390AACE /* AgentRoutePolicy.swift */ = {isa = PBXFileReference; lastKnownFileType = sourcecode.swift; path = AgentRoutePolicy.swift; sourceTree = "<group>"; };
		3358821A72A62FFEABDD2BD4 /* DateFormatting.swift */ = {isa = PBXFileReference; lastKnownFileType = sourcecode.swift; path = DateFormatting.swift; sourceTree = "<group>"; };
		370FD4DDE6E4DA0262210BD5 /* AgentToolActivityTests.swift */ = {isa = PBXFileReference; lastKnownFileType = sourcecode.swift; path = AgentToolActivityTests.swift; sourceTree = "<group>"; };
		38E5C3282FBC0EF28AA5FBD5 /* Pretendard-SemiBold.otf */ = {isa = PBXFileReference; lastKnownFileType = file; path = "Pretendard-SemiBold.otf"; sourceTree = "<group>"; };
		3CB5605FC7B8059A8343A9D8 /* Info.plist */ = {isa = PBXFileReference; lastKnownFileType = text.plist; path = Info.plist; sourceTree = "<group>"; };
		3EF3EDCFC83BC3F74D9FAEA8 /* WorkoutViews.swift */ = {isa = PBXFileReference; lastKnownFileType = sourcecode.swift; path = WorkoutViews.swift; sourceTree = "<group>"; };
		41EE6828A47A0C79D604FE8A /* AgentDebugTraceTests.swift */ = {isa = PBXFileReference; lastKnownFileType = sourcecode.swift; path = AgentDebugTraceTests.swift; sourceTree = "<group>"; };
		442DAEEAABF8F2E37FFE6443 /* AgentPrompts.swift */ = {isa = PBXFileReference; lastKnownFileType = sourcecode.swift; path = AgentPrompts.swift; sourceTree = "<group>"; };
		47EDAB67D2EFCBBFE6D8CA42 /* CloudAgentRuntime.swift */ = {isa = PBXFileReference; lastKnownFileType = sourcecode.swift; path = CloudAgentRuntime.swift; sourceTree = "<group>"; };
		47FDA3937F5C651902DA3729 /* NotificationScheduler.swift */ = {isa = PBXFileReference; lastKnownFileType = sourcecode.swift; path = NotificationScheduler.swift; sourceTree = "<group>"; };
		4D30135297E22300B8519D61 /* WallpaperIntent.swift */ = {isa = PBXFileReference; lastKnownFileType = sourcecode.swift; path = WallpaperIntent.swift; sourceTree = "<group>"; };
		54A9DCC8471814155094BAFF /* AppIcon.icon */ = {isa = PBXFileReference; lastKnownFileType = wrapper.icon; path = AppIcon.icon; sourceTree = "<group>"; };
		54EB80D55A00D110F406F499 /* SlackNotifier.swift */ = {isa = PBXFileReference; lastKnownFileType = sourcecode.swift; path = SlackNotifier.swift; sourceTree = "<group>"; };
		54F5EBBCE5BE693019425CD3 /* AppShellView.swift */ = {isa = PBXFileReference; lastKnownFileType = sourcecode.swift; path = AppShellView.swift; sourceTree = "<group>"; };
		55ED02172D7A008997C2FE6A /* ScheduleSheets.swift */ = {isa = PBXFileReference; lastKnownFileType = sourcecode.swift; path = ScheduleSheets.swift; sourceTree = "<group>"; };
		592EA12B6FF1AB799EF6869C /* ShareViewController.swift */ = {isa = PBXFileReference; lastKnownFileType = sourcecode.swift; path = ShareViewController.swift; sourceTree = "<group>"; };
		59546D8FCD3983174F9D0D8B /* CloudAgentSettings.swift */ = {isa = PBXFileReference; lastKnownFileType = sourcecode.swift; path = CloudAgentSettings.swift; sourceTree = "<group>"; };
		5A1C91B6D9CFC0EF07B1238D /* OnDeviceAgentRuntime.swift */ = {isa = PBXFileReference; lastKnownFileType = sourcecode.swift; path = OnDeviceAgentRuntime.swift; sourceTree = "<group>"; };
		5CAF5C62FEE7A3ECA9E67EB4 /* AgentIntentTests.swift */ = {isa = PBXFileReference; lastKnownFileType = sourcecode.swift; path = AgentIntentTests.swift; sourceTree = "<group>"; };
		5CCC6E53696DAEEFD8936928 /* TodayComponents.swift */ = {isa = PBXFileReference; lastKnownFileType = sourcecode.swift; path = TodayComponents.swift; sourceTree = "<group>"; };
		5DD8651FBD4E38159886A3B3 /* Pretendard-Regular.otf */ = {isa = PBXFileReference; lastKnownFileType = file; path = "Pretendard-Regular.otf"; sourceTree = "<group>"; };
		60B44CC42E894B2213A536CF /* GoogleCalendarSettings.swift */ = {isa = PBXFileReference; lastKnownFileType = sourcecode.swift; path = GoogleCalendarSettings.swift; sourceTree = "<group>"; };
		643E1DF1F5D6ED233BE1C46B /* ScheduleSearchView.swift */ = {isa = PBXFileReference; lastKnownFileType = sourcecode.swift; path = ScheduleSearchView.swift; sourceTree = "<group>"; };
		64CF3C6915A1423A586F0451 /* PendingWorkoutStore.swift */ = {isa = PBXFileReference; lastKnownFileType = sourcecode.swift; path = PendingWorkoutStore.swift; sourceTree = "<group>"; };
		6B4440ADF13786E2CBA9BE17 /* TodayView.swift */ = {isa = PBXFileReference; lastKnownFileType = sourcecode.swift; path = TodayView.swift; sourceTree = "<group>"; };
		6C8C80C6989638B08ED7607E /* AgentDebugTrace.swift */ = {isa = PBXFileReference; lastKnownFileType = sourcecode.swift; path = AgentDebugTrace.swift; sourceTree = "<group>"; };
		6E959B5A777D4C5351CE3EF2 /* AgentRuntime.swift */ = {isa = PBXFileReference; lastKnownFileType = sourcecode.swift; path = AgentRuntime.swift; sourceTree = "<group>"; };
		6EA7F0220162635CC1A9E588 /* AgentToolActivity.swift */ = {isa = PBXFileReference; lastKnownFileType = sourcecode.swift; path = AgentToolActivity.swift; sourceTree = "<group>"; };
		72F40B29582C13FA7CF10006 /* PrivacyInfo.xcprivacy */ = {isa = PBXFileReference; path = PrivacyInfo.xcprivacy; sourceTree = "<group>"; };
		75B6320ADF58513A2DCF71C9 /* MemdoWidgetSchedule.swift */ = {isa = PBXFileReference; lastKnownFileType = sourcecode.swift; path = MemdoWidgetSchedule.swift; sourceTree = "<group>"; };
		7687EBCFF670FFE2F6CA37D2 /* Memdo.app */ = {isa = PBXFileReference; includeInIndex = 0; lastKnownFileType = wrapper.application; path = Memdo.app; sourceTree = BUILT_PRODUCTS_DIR; };
		7E846EC17F4BCC9B7757596E /* MemdoShare.appex */ = {isa = PBXFileReference; includeInIndex = 0; lastKnownFileType = "wrapper.app-extension"; path = MemdoShare.appex; sourceTree = BUILT_PRODUCTS_DIR; };
		81740148C9FB170E6125C238 /* AssistantView.swift */ = {isa = PBXFileReference; lastKnownFileType = sourcecode.swift; path = AssistantView.swift; sourceTree = "<group>"; };
		83EC68D64631B324F171F399 /* Info.plist */ = {isa = PBXFileReference; lastKnownFileType = text.plist; path = Info.plist; sourceTree = "<group>"; };
		844348F11EA03E4AC005D1BD /* SlackSettings.swift */ = {isa = PBXFileReference; lastKnownFileType = sourcecode.swift; path = SlackSettings.swift; sourceTree = "<group>"; };
		8640DA0A68D661636709CCDD /* Pretendard-Bold.otf */ = {isa = PBXFileReference; lastKnownFileType = file; path = "Pretendard-Bold.otf"; sourceTree = "<group>"; };
		8A896642ADB62C32798D6FC1 /* AgentComponents.swift */ = {isa = PBXFileReference; lastKnownFileType = sourcecode.swift; path = AgentComponents.swift; sourceTree = "<group>"; };
		8DFEC754269D8947FB18E952 /* AgentRuntimeTests.swift */ = {isa = PBXFileReference; lastKnownFileType = sourcecode.swift; path = AgentRuntimeTests.swift; sourceTree = "<group>"; };
		8FB606FA5773A9EFCF3F3DCD /* EventCapture.swift */ = {isa = PBXFileReference; lastKnownFileType = sourcecode.swift; path = EventCapture.swift; sourceTree = "<group>"; };
		918AFCC9B4F6A0A3C75048E3 /* ScheduleModel.swift */ = {isa = PBXFileReference; lastKnownFileType = sourcecode.swift; path = ScheduleModel.swift; sourceTree = "<group>"; };
		94940402E6622B81A2842916 /* MemdoTheme.swift */ = {isa = PBXFileReference; lastKnownFileType = sourcecode.swift; path = MemdoTheme.swift; sourceTree = "<group>"; };
		96F566C420B634E1C8FE4B5C /* NotificationSchedulerTests.swift */ = {isa = PBXFileReference; lastKnownFileType = sourcecode.swift; path = NotificationSchedulerTests.swift; sourceTree = "<group>"; };
		97B6BAE4945DFFB47769CA5C /* Pretendard-LICENSE.txt */ = {isa = PBXFileReference; lastKnownFileType = text; path = "Pretendard-LICENSE.txt"; sourceTree = "<group>"; };
		A46BF0632FBAC7731A1BBF22 /* WorkoutModel.swift */ = {isa = PBXFileReference; lastKnownFileType = sourcecode.swift; path = WorkoutModel.swift; sourceTree = "<group>"; };
		A5E2CE5E5C262F0187C2E3E0 /* HealthKitImporter.swift */ = {isa = PBXFileReference; lastKnownFileType = sourcecode.swift; path = HealthKitImporter.swift; sourceTree = "<group>"; };
		A5FCF0E385E87960B56A11F4 /* Assets.xcassets */ = {isa = PBXFileReference; lastKnownFileType = folder.assetcatalog; path = Assets.xcassets; sourceTree = "<group>"; };
		A6F0561D5973698B66DB4119 /* PrivacyInfo.xcprivacy */ = {isa = PBXFileReference; path = PrivacyInfo.xcprivacy; sourceTree = "<group>"; };
		AA8E9E99B2955B5F2A3FABD6 /* FakeAgentRuntime.swift */ = {isa = PBXFileReference; lastKnownFileType = sourcecode.swift; path = FakeAgentRuntime.swift; sourceTree = "<group>"; };
		AE1B6FFACC369DADAFC99ADB /* MemdoWidget.appex */ = {isa = PBXFileReference; includeInIndex = 0; lastKnownFileType = "wrapper.app-extension"; path = MemdoWidget.appex; sourceTree = BUILT_PRODUCTS_DIR; };
		B030D354180AB4FA9588ED73 /* AppShortcuts.swift */ = {isa = PBXFileReference; lastKnownFileType = sourcecode.swift; path = AppShortcuts.swift; sourceTree = "<group>"; };
		B3B648549C951FDA6ABDA717 /* AgentTabBridge.swift */ = {isa = PBXFileReference; lastKnownFileType = sourcecode.swift; path = AgentTabBridge.swift; sourceTree = "<group>"; };
		BC1EA1B96C5CAFC2AA18E481 /* MemdoLiveActivity.swift */ = {isa = PBXFileReference; lastKnownFileType = sourcecode.swift; path = MemdoLiveActivity.swift; sourceTree = "<group>"; };
		C3F678075164345BEDF06149 /* AgentIntent.swift */ = {isa = PBXFileReference; lastKnownFileType = sourcecode.swift; path = AgentIntent.swift; sourceTree = "<group>"; };
		C4EA7A02C55094DEBD06AF37 /* MemdoWidget.swift */ = {isa = PBXFileReference; lastKnownFileType = sourcecode.swift; path = MemdoWidget.swift; sourceTree = "<group>"; };
		C7C756D233D1CE90858FD51D /* DailySummaryView.swift */ = {isa = PBXFileReference; lastKnownFileType = sourcecode.swift; path = DailySummaryView.swift; sourceTree = "<group>"; };
		C8558D0EA8EE8A71488D9C2D /* AgentCoordinator.swift */ = {isa = PBXFileReference; lastKnownFileType = sourcecode.swift; path = AgentCoordinator.swift; sourceTree = "<group>"; };
		CAF29E00AFFC800E797EC476 /* SettingsView.swift */ = {isa = PBXFileReference; lastKnownFileType = sourcecode.swift; path = SettingsView.swift; sourceTree = "<group>"; };
		CD8D35F4873B689E3120EAFF /* CalendarView.swift */ = {isa = PBXFileReference; lastKnownFileType = sourcecode.swift; path = CalendarView.swift; sourceTree = "<group>"; };
		D66022FC2E2E56F7A2999F8A /* AgentDomainServices.swift */ = {isa = PBXFileReference; lastKnownFileType = sourcecode.swift; path = AgentDomainServices.swift; sourceTree = "<group>"; };
		D9B3823CB01B28F0EFA5C1AD /* MemdoWidget.entitlements */ = {isa = PBXFileReference; lastKnownFileType = text.plist.entitlements; path = MemdoWidget.entitlements; sourceTree = "<group>"; };
		DA9BC3B0CEFE2D4C6854CE6D /* ShareWorkoutView.swift */ = {isa = PBXFileReference; lastKnownFileType = sourcecode.swift; path = ShareWorkoutView.swift; sourceTree = "<group>"; };
		DC46E17276DC090239774712 /* PrivacyInfo.xcprivacy */ = {isa = PBXFileReference; path = PrivacyInfo.xcprivacy; sourceTree = "<group>"; };
		DCAF96D165A397CF237CBB10 /* AgentCloudDTOs.swift */ = {isa = PBXFileReference; lastKnownFileType = sourcecode.swift; path = AgentCloudDTOs.swift; sourceTree = "<group>"; };
		E03B3314406F919051B8F163 /* AppNoticeCenterTests.swift */ = {isa = PBXFileReference; lastKnownFileType = sourcecode.swift; path = AppNoticeCenterTests.swift; sourceTree = "<group>"; };
		E328A1A389F5FE46A7998702 /* ScheduleAPI.swift */ = {isa = PBXFileReference; lastKnownFileType = sourcecode.swift; path = ScheduleAPI.swift; sourceTree = "<group>"; };
		E3F01099D4577BD460F6C20F /* ScheduleModelTests.swift */ = {isa = PBXFileReference; lastKnownFileType = sourcecode.swift; path = ScheduleModelTests.swift; sourceTree = "<group>"; };
		E5F8C1DE6F959CF3423D1DD8 /* AgentCoordinatorTests.swift */ = {isa = PBXFileReference; lastKnownFileType = sourcecode.swift; path = AgentCoordinatorTests.swift; sourceTree = "<group>"; };
		E744A0B890EE8281B27C627A /* MetricsCollector.swift */ = {isa = PBXFileReference; lastKnownFileType = sourcecode.swift; path = MetricsCollector.swift; sourceTree = "<group>"; };
		EC09836B4409CD8802D9A9E1 /* AgentDomainServicesTests.swift */ = {isa = PBXFileReference; lastKnownFileType = sourcecode.swift; path = AgentDomainServicesTests.swift; sourceTree = "<group>"; };
		F0C79772933D7596B4A6005F /* CoachMarks.swift */ = {isa = PBXFileReference; lastKnownFileType = sourcecode.swift; path = CoachMarks.swift; sourceTree = "<group>"; };
		F42626C74188CA3DC28829FA /* OutboxQueue.swift */ = {isa = PBXFileReference; lastKnownFileType = sourcecode.swift; path = OutboxQueue.swift; sourceTree = "<group>"; };
		F8BB7B0BC6E2F7CAF1981DF2 /* AgentPrompts.yml */ = {isa = PBXFileReference; lastKnownFileType = text.yaml; path = AgentPrompts.yml; sourceTree = "<group>"; };
		F9442BC0734AAE004616103C /* Config.xcconfig */ = {isa = PBXFileReference; lastKnownFileType = text.xcconfig; path = Config.xcconfig; sourceTree = "<group>"; };
		F9CC492AD2A5C7D2A9F13061 /* Memdo.entitlements */ = {isa = PBXFileReference; lastKnownFileType = text.plist.entitlements; path = Memdo.entitlements; sourceTree = "<group>"; };
		FDF889AA1597E0D38A91878C /* LiveActivityScheduler.swift */ = {isa = PBXFileReference; lastKnownFileType = sourcecode.swift; path = LiveActivityScheduler.swift; sourceTree = "<group>"; };
		FFE07A837834B81E6C3D75B8 /* CalendarManagementView.swift */ = {isa = PBXFileReference; lastKnownFileType = sourcecode.swift; path = CalendarManagementView.swift; sourceTree = "<group>"; };
/* End PBXFileReference section */

/* Begin PBXFrameworksBuildPhase section */
		3C882FDED173FCF56812B6D1 /* Frameworks */ = {
			isa = PBXFrameworksBuildPhase;
			buildActionMask = 2147483647;
			files = (
				34C226C7140C637FA392B0B1 /* Supabase in Frameworks */,
				C760F0C4525ACB0698EEC474 /* Yams in Frameworks */,
			);
			runOnlyForDeploymentPostprocessing = 0;
		};
/* End PBXFrameworksBuildPhase section */

/* Begin PBXGroup section */
		03E896102DD1AF51E2964556 /* Schedule */ = {
			isa = PBXGroup;
			children = (
				FFE07A837834B81E6C3D75B8 /* CalendarManagementView.swift */,
				CD8D35F4873B689E3120EAFF /* CalendarView.swift */,
				8FB606FA5773A9EFCF3F3DCD /* EventCapture.swift */,
				60B44CC42E894B2213A536CF /* GoogleCalendarSettings.swift */,
				F42626C74188CA3DC28829FA /* OutboxQueue.swift */,
				E328A1A389F5FE46A7998702 /* ScheduleAPI.swift */,
				918AFCC9B4F6A0A3C75048E3 /* ScheduleModel.swift */,
				3048C7BB27AF08C451A6A33B /* ScheduleRow.swift */,
				643E1DF1F5D6ED233BE1C46B /* ScheduleSearchView.swift */,
				55ED02172D7A008997C2FE6A /* ScheduleSheets.swift */,
			);
			path = Schedule;
			sourceTree = "<group>";
		};
		127AF13A8DDF212093CB74E0 /* Agent */ = {
			isa = PBXGroup;
			children = (
				DCAF96D165A397CF237CBB10 /* AgentCloudDTOs.swift */,
				8A896642ADB62C32798D6FC1 /* AgentComponents.swift */,
				C8558D0EA8EE8A71488D9C2D /* AgentCoordinator.swift */,
				6C8C80C6989638B08ED7607E /* AgentDebugTrace.swift */,
				D66022FC2E2E56F7A2999F8A /* AgentDomainServices.swift */,
				C3F678075164345BEDF06149 /* AgentIntent.swift */,
				442DAEEAABF8F2E37FFE6443 /* AgentPrompts.swift */,
				32D9538B41F691FBE390AACE /* AgentRoutePolicy.swift */,
				6E959B5A777D4C5351CE3EF2 /* AgentRuntime.swift */,
				B3B648549C951FDA6ABDA717 /* AgentTabBridge.swift */,
				6EA7F0220162635CC1A9E588 /* AgentToolActivity.swift */,
				20CC46B725C50E080241E474 /* AgentTools.swift */,
				81740148C9FB170E6125C238 /* AssistantView.swift */,
				47EDAB67D2EFCBBFE6D8CA42 /* CloudAgentRuntime.swift */,
				59546D8FCD3983174F9D0D8B /* CloudAgentSettings.swift */,
				5A1C91B6D9CFC0EF07B1238D /* OnDeviceAgentRuntime.swift */,
			);
			path = Agent;
			sourceTree = "<group>";
		};
		1C97FF6EDE54AD00BE4A0A37 /* MemdoWidget */ = {
			isa = PBXGroup;
			children = (
				3CB5605FC7B8059A8343A9D8 /* Info.plist */,
				D9B3823CB01B28F0EFA5C1AD /* MemdoWidget.entitlements */,
				C4EA7A02C55094DEBD06AF37 /* MemdoWidget.swift */,
				72F40B29582C13FA7CF10006 /* PrivacyInfo.xcprivacy */,
			);
			path = MemdoWidget;
			sourceTree = "<group>";
		};
		1EA2DF0F1E09A289D720B784 /* Core */ = {
			isa = PBXGroup;
			children = (
				2C47ACC390E487B3A878F732 /* AppNotice.swift */,
				54F5EBBCE5BE693019425CD3 /* AppShellView.swift */,
				B030D354180AB4FA9588ED73 /* AppShortcuts.swift */,
				F0C79772933D7596B4A6005F /* CoachMarks.swift */,
				3358821A72A62FFEABDD2BD4 /* DateFormatting.swift */,
				0F2A8196BA5A998E84163727 /* MemdoApp.swift */,
				1EAA933963305A4D83E01ED0 /* MemdoComponents.swift */,
				320B3DE410656C0F6E337CDD /* MemdoGuideSheet.swift */,
				94940402E6622B81A2842916 /* MemdoTheme.swift */,
				E744A0B890EE8281B27C627A /* MetricsCollector.swift */,
				47FDA3937F5C651902DA3729 /* NotificationScheduler.swift */,
			);
			path = Core;
			sourceTree = "<group>";
		};
		2529AEF2A11C53E361FF1210 /* Products */ = {
			isa = PBXGroup;
			children = (
				7687EBCFF670FFE2F6CA37D2 /* Memdo.app */,
				7E846EC17F4BCC9B7757596E /* MemdoShare.appex */,
				1A687B41FD8CDA929BCB463B /* MemdoTests.xctest */,
				AE1B6FFACC369DADAFC99ADB /* MemdoWidget.appex */,
			);
			name = Products;
			sourceTree = "<group>";
		};
		2935AD640DE9B72D0D9A24BF /* Prompts */ = {
			isa = PBXGroup;
			children = (
				F8BB7B0BC6E2F7CAF1981DF2 /* AgentPrompts.yml */,
			);
			path = Prompts;
			sourceTree = "<group>";
		};
		2EF9D59B18ADAF5A2707CBB6 /* MemdoTests */ = {
			isa = PBXGroup;
			children = (
				E5F8C1DE6F959CF3423D1DD8 /* AgentCoordinatorTests.swift */,
				41EE6828A47A0C79D604FE8A /* AgentDebugTraceTests.swift */,
				EC09836B4409CD8802D9A9E1 /* AgentDomainServicesTests.swift */,
				5CAF5C62FEE7A3ECA9E67EB4 /* AgentIntentTests.swift */,
				8DFEC754269D8947FB18E952 /* AgentRuntimeTests.swift */,
				370FD4DDE6E4DA0262210BD5 /* AgentToolActivityTests.swift */,
				E03B3314406F919051B8F163 /* AppNoticeCenterTests.swift */,
				17E8C08961FC90CC6CA2A3B6 /* CloudAgentRuntimeTests.swift */,
				27D626BB1584385C72608775 /* DailySummaryViewTests.swift */,
				AA8E9E99B2955B5F2A3FABD6 /* FakeAgentRuntime.swift */,
				96F566C420B634E1C8FE4B5C /* NotificationSchedulerTests.swift */,
				21413C9C4783D0ED219C2D06 /* OutboxQueueTests.swift */,
				E3F01099D4577BD460F6C20F /* ScheduleModelTests.swift */,
			);
			path = MemdoTests;
			sourceTree = "<group>";
		};
		495B7847D10D93C7E0919657 /* MemdoShare */ = {
			isa = PBXGroup;
			children = (
				2779812E7FB556A785234A2F /* Info.plist */,
				2E4BAF77735FE322B2A29952 /* MemdoShare.entitlements */,
				A6F0561D5973698B66DB4119 /* PrivacyInfo.xcprivacy */,
				592EA12B6FF1AB799EF6869C /* ShareViewController.swift */,
				DA9BC3B0CEFE2D4C6854CE6D /* ShareWorkoutView.swift */,
			);
			path = MemdoShare;
			sourceTree = "<group>";
		};
		519B599F787D6B6D491AB20B /* Resources */ = {
			isa = PBXGroup;
			children = (
				F80F39A232557DEBA6405DAD /* Fonts */,
				2935AD640DE9B72D0D9A24BF /* Prompts */,
			);
			path = Resources;
			sourceTree = "<group>";
		};
		5D4D14025AC0E221E668A0F8 /* Memdo */ = {
			isa = PBXGroup;
			children = (
				54A9DCC8471814155094BAFF /* AppIcon.icon */,
				A5FCF0E385E87960B56A11F4 /* Assets.xcassets */,
				F9442BC0734AAE004616103C /* Config.xcconfig */,
				83EC68D64631B324F171F399 /* Info.plist */,
				F9CC492AD2A5C7D2A9F13061 /* Memdo.entitlements */,
				DC46E17276DC090239774712 /* PrivacyInfo.xcprivacy */,
				127AF13A8DDF212093CB74E0 /* Agent */,
				1EA2DF0F1E09A289D720B784 /* Core */,
				519B599F787D6B6D491AB20B /* Resources */,
				03E896102DD1AF51E2964556 /* Schedule */,
				78CC3B8A6549173614C897E8 /* Settings */,
				F4B3BB377F18844135B9CA8A /* Today */,
				DC6679F54E014DE765D26F9C /* Widgets */,
				B8B7BEF412CFFD15513EFAD6 /* Workout */,
			);
			path = Memdo;
			sourceTree = "<group>";
		};
		78CC3B8A6549173614C897E8 /* Settings */ = {
			isa = PBXGroup;
			children = (
				068DFC4E18BD0F5EE9DE39FA /* Preferences.swift */,
				16D789EDA2213C9A1197C89E /* SecureSessionStorage.swift */,
				CAF29E00AFFC800E797EC476 /* SettingsView.swift */,
				54EB80D55A00D110F406F499 /* SlackNotifier.swift */,
				844348F11EA03E4AC005D1BD /* SlackSettings.swift */,
			);
			path = Settings;
			sourceTree = "<group>";
		};
		B8B7BEF412CFFD15513EFAD6 /* Workout */ = {
			isa = PBXGroup;
			children = (
				A5E2CE5E5C262F0187C2E3E0 /* HealthKitImporter.swift */,
				FDF889AA1597E0D38A91878C /* LiveActivityScheduler.swift */,
				64CF3C6915A1423A586F0451 /* PendingWorkoutStore.swift */,
				0781F64320C76031AD43E2AC /* WorkoutAPI.swift */,
				A46BF0632FBAC7731A1BBF22 /* WorkoutModel.swift */,
				3EF3EDCFC83BC3F74D9FAEA8 /* WorkoutViews.swift */,
			);
			path = Workout;
			sourceTree = "<group>";
		};
		C936733213A2E83BBDD6CEEA = {
			isa = PBXGroup;
			children = (
				5D4D14025AC0E221E668A0F8 /* Memdo */,
				495B7847D10D93C7E0919657 /* MemdoShare */,
				2EF9D59B18ADAF5A2707CBB6 /* MemdoTests */,
				1C97FF6EDE54AD00BE4A0A37 /* MemdoWidget */,
				2529AEF2A11C53E361FF1210 /* Products */,
			);
			sourceTree = "<group>";
		};
		DC6679F54E014DE765D26F9C /* Widgets */ = {
			isa = PBXGroup;
			children = (
				BC1EA1B96C5CAFC2AA18E481 /* MemdoLiveActivity.swift */,
				75B6320ADF58513A2DCF71C9 /* MemdoWidgetSchedule.swift */,
				4D30135297E22300B8519D61 /* WallpaperIntent.swift */,
				18F7B680206A8BE790270ABE /* WallpaperPreviewSheet.swift */,
			);
			path = Widgets;
			sourceTree = "<group>";
		};
		F4B3BB377F18844135B9CA8A /* Today */ = {
			isa = PBXGroup;
			children = (
				0CC1165FE10BDB815D9D3F6A /* BriefingFeed.swift */,
				C7C756D233D1CE90858FD51D /* DailySummaryView.swift */,
				5CCC6E53696DAEEFD8936928 /* TodayComponents.swift */,
				6B4440ADF13786E2CBA9BE17 /* TodayView.swift */,
			);
			path = Today;
			sourceTree = "<group>";
		};
		F80F39A232557DEBA6405DAD /* Fonts */ = {
			isa = PBXGroup;
			children = (
				8640DA0A68D661636709CCDD /* Pretendard-Bold.otf */,
				97B6BAE4945DFFB47769CA5C /* Pretendard-LICENSE.txt */,
				5DD8651FBD4E38159886A3B3 /* Pretendard-Regular.otf */,
				38E5C3282FBC0EF28AA5FBD5 /* Pretendard-SemiBold.otf */,
			);
			path = Fonts;
			sourceTree = "<group>";
		};
/* End PBXGroup section */

/* Begin PBXNativeTarget section */
		1B683FF28DB6692648FB54AE /* MemdoTests */ = {
			isa = PBXNativeTarget;
			buildConfigurationList = 511F19F0EF32E885EE2F71FF /* Build configuration list for PBXNativeTarget "MemdoTests" */;
			buildPhases = (
				0EAB669B47D7B11C389FC81A /* Sources */,
			);
			buildRules = (
			);
			dependencies = (
				7B0FC42C29CFE9B0443C2E31 /* PBXTargetDependency */,
			);
			name = MemdoTests;
			packageProductDependencies = (
			);
			productName = MemdoTests;
			productReference = 1A687B41FD8CDA929BCB463B /* MemdoTests.xctest */;
			productType = "com.apple.product-type.bundle.unit-test";
		};
		435A95E3B147465EBFFCEFBE /* MemdoWidget */ = {
			isa = PBXNativeTarget;
			buildConfigurationList = F84B9E5F4847501839A4F85C /* Build configuration list for PBXNativeTarget "MemdoWidget" */;
			buildPhases = (
				9512733DD05B73EA1C4A0BCA /* Sources */,
				0597BCCBD654918B581D748E /* Resources */,
			);
			buildRules = (
			);
			dependencies = (
			);
			name = MemdoWidget;
			packageProductDependencies = (
			);
			productName = MemdoWidget;
			productReference = AE1B6FFACC369DADAFC99ADB /* MemdoWidget.appex */;
			productType = "com.apple.product-type.app-extension";
		};
		EDA9105C2BB82DDC44D8F572 /* Memdo */ = {
			isa = PBXNativeTarget;
			buildConfigurationList = A98668BF3B00C961DCAB3EDF /* Build configuration list for PBXNativeTarget "Memdo" */;
			buildPhases = (
				B6EAAEBBCBA9992C43C1B8A5 /* Sources */,
				5468C02C0083065B4D28CB4B /* Resources */,
				3C882FDED173FCF56812B6D1 /* Frameworks */,
				7250461EED3A93CB14C80824 /* Embed Foundation Extensions */,
			);
			buildRules = (
			);
			dependencies = (
				3FAFBF7AAA82D83C2F6169B9 /* PBXTargetDependency */,
				0026546884E367979884DF40 /* PBXTargetDependency */,
			);
			name = Memdo;
			packageProductDependencies = (
				BA381B15831EFB2DC3181BCA /* Supabase */,
				766260AB78CE2A6DF35FC443 /* Yams */,
			);
			productName = Memdo;
			productReference = 7687EBCFF670FFE2F6CA37D2 /* Memdo.app */;
			productType = "com.apple.product-type.application";
		};
		F69CF69208FED366E2E82936 /* MemdoShare */ = {
			isa = PBXNativeTarget;
			buildConfigurationList = 6A1285056B173BD91547E1F7 /* Build configuration list for PBXNativeTarget "MemdoShare" */;
			buildPhases = (
				B948FFEDD9D678F1FB2A322E /* Sources */,
				4DEB074A69832D905EF4EDCB /* Resources */,
			);
			buildRules = (
			);
			dependencies = (
			);
			name = MemdoShare;
			packageProductDependencies = (
			);
			productName = MemdoShare;
			productReference = 7E846EC17F4BCC9B7757596E /* MemdoShare.appex */;
			productType = "com.apple.product-type.app-extension";
		};
/* End PBXNativeTarget section */

/* Begin PBXProject section */
		3B84853CA27BE767B097094F /* Project object */ = {
			isa = PBXProject;
			attributes = {
				BuildIndependentTargetsInParallel = YES;
				LastUpgradeCheck = 1430;
				TargetAttributes = {
				};
			};
			buildConfigurationList = 19005277C9F7D659B325E203 /* Build configuration list for PBXProject "Memdo" */;
			developmentRegion = en;
			hasScannedForEncodings = 0;
			knownRegions = (
				Base,
				en,
			);
			mainGroup = C936733213A2E83BBDD6CEEA;
			minimizedProjectReferenceProxies = 1;
			packageReferences = (
				8CB5E0622EFDAEE425383438 /* XCRemoteSwiftPackageReference "supabase-swift" */,
				5E1819744222B853F1397914 /* XCRemoteSwiftPackageReference "Yams" */,
			);
			preferredProjectObjectVersion = 77;
			productRefGroup = 2529AEF2A11C53E361FF1210 /* Products */;
			projectDirPath = "";
			projectRoot = "";
			targets = (
				EDA9105C2BB82DDC44D8F572 /* Memdo */,
				F69CF69208FED366E2E82936 /* MemdoShare */,
				1B683FF28DB6692648FB54AE /* MemdoTests */,
				435A95E3B147465EBFFCEFBE /* MemdoWidget */,
			);
		};
/* End PBXProject section */

/* Begin PBXResourcesBuildPhase section */
		0597BCCBD654918B581D748E /* Resources */ = {
			isa = PBXResourcesBuildPhase;
			buildActionMask = 2147483647;
			files = (
				48BFE42E9CDDAC5BAEE6BA40 /* PrivacyInfo.xcprivacy in Resources */,
			);
			runOnlyForDeploymentPostprocessing = 0;
		};
		4DEB074A69832D905EF4EDCB /* Resources */ = {
			isa = PBXResourcesBuildPhase;
			buildActionMask = 2147483647;
			files = (
				62BC23ACF0CA3B113A800BB4 /* PrivacyInfo.xcprivacy in Resources */,
			);
			runOnlyForDeploymentPostprocessing = 0;
		};
		5468C02C0083065B4D28CB4B /* Resources */ = {
			isa = PBXResourcesBuildPhase;
			buildActionMask = 2147483647;
			files = (
				04DF8C7446EC772D7022AE9A /* AgentPrompts.yml in Resources */,
				048C8F30632F364BD0918E91 /* AppIcon.icon in Resources */,
				78FEB722CFF3DC8EE7034FBD /* Assets.xcassets in Resources */,
				978C5FA035AB40F7D66F00F9 /* Pretendard-Bold.otf in Resources */,
				1F8672E2C40ED8E8853E55EA /* Pretendard-LICENSE.txt in Resources */,
				8D2EE9F6F32DD94165E33E60 /* Pretendard-Regular.otf in Resources */,
				C937284F923DF277B8EE53B3 /* Pretendard-SemiBold.otf in Resources */,
				CB913CAD17525E884D7AE65D /* PrivacyInfo.xcprivacy in Resources */,
			);
			runOnlyForDeploymentPostprocessing = 0;
		};
/* End PBXResourcesBuildPhase section */

/* Begin PBXSourcesBuildPhase section */
		0EAB669B47D7B11C389FC81A /* Sources */ = {
			isa = PBXSourcesBuildPhase;
			buildActionMask = 2147483647;
			files = (
				AA47BAB65B42078F49070D0E /* AgentCoordinatorTests.swift in Sources */,
				D71379C75C5090437F8F4535 /* AgentDebugTraceTests.swift in Sources */,
				216569CCC3FCC4402CA66A1C /* AgentDomainServicesTests.swift in Sources */,
				B34D55BB23AB902823B3C287 /* AgentIntentTests.swift in Sources */,
				D0E0E2E1A7122A5734E8C07A /* AgentRuntimeTests.swift in Sources */,
				A093B5D51FE1213169DEF2E1 /* AgentToolActivityTests.swift in Sources */,
				A8B3B7E69C864007557E0ACB /* AppNoticeCenterTests.swift in Sources */,
				C69C49A6035C81CD2F48A9F3 /* CloudAgentRuntimeTests.swift in Sources */,
				46C4AF8230A9E34403A557BF /* DailySummaryViewTests.swift in Sources */,
				C058A05E23195B992D283DC5 /* FakeAgentRuntime.swift in Sources */,
				7457DB90063BE2771605A5AA /* NotificationSchedulerTests.swift in Sources */,
				59E81453640A406C24736379 /* OutboxQueueTests.swift in Sources */,
				CA69FB6F6D5B184690B56D4A /* ScheduleModelTests.swift in Sources */,
			);
			runOnlyForDeploymentPostprocessing = 0;
		};
		9512733DD05B73EA1C4A0BCA /* Sources */ = {
			isa = PBXSourcesBuildPhase;
			buildActionMask = 2147483647;
			files = (
				0F8A1295169A027545B9FB85 /* MemdoLiveActivity.swift in Sources */,
				1ACFAEEBEB53F95656F314FC /* MemdoWidget.swift in Sources */,
				DFD6491615BBE200178B4717 /* MemdoWidgetSchedule.swift in Sources */,
			);
			runOnlyForDeploymentPostprocessing = 0;
		};
		B6EAAEBBCBA9992C43C1B8A5 /* Sources */ = {
			isa = PBXSourcesBuildPhase;
			buildActionMask = 2147483647;
			files = (
				756F3930E511618763E56373 /* AgentCloudDTOs.swift in Sources */,
				C3D99BEEE9142FD7A1B179A0 /* AgentComponents.swift in Sources */,
				A0F9B5AEA9E0146B0EEF1291 /* AgentCoordinator.swift in Sources */,
				4CEC067789BBB1118A019009 /* AgentDebugTrace.swift in Sources */,
				B65B035617D75272EA8047C0 /* AgentDomainServices.swift in Sources */,
				DE018243E2C7C369CC036536 /* AgentIntent.swift in Sources */,
				1F7FAA5B9F1CB4AF1903EC60 /* AgentPrompts.swift in Sources */,
				127792DB267FD6E50F01FA30 /* AgentRoutePolicy.swift in Sources */,
				3E196F0990C7D535041507AB /* AgentRuntime.swift in Sources */,
				980EAD0D88C03FC01EEB8547 /* AgentTabBridge.swift in Sources */,
				96D281AB9F5FEF335ACC0ED4 /* AgentToolActivity.swift in Sources */,
				C655E51B5740BF16E10B3778 /* AgentTools.swift in Sources */,
				071627E506B356D700D140DD /* AppNotice.swift in Sources */,
				A5612A08648A63073633DA85 /* AppShellView.swift in Sources */,
				3433161D58846297FD7FBE3A /* AppShortcuts.swift in Sources */,
				1BF3922D1F205A9973FF234B /* AssistantView.swift in Sources */,
				1F7A2A43213AA7960920931E /* BriefingFeed.swift in Sources */,
				0E1F6700073E9BF8906A63DF /* CalendarManagementView.swift in Sources */,
				262A55A9A5260185B26BA9B9 /* CalendarView.swift in Sources */,
				0D576589FC10FC25F8B1CC8D /* CloudAgentRuntime.swift in Sources */,
				2765C9534E80850EB835B5D7 /* CloudAgentSettings.swift in Sources */,
				49038B6BAF891E54BD98775E /* CoachMarks.swift in Sources */,
				10BB4EDBE3FB7043996D0257 /* DailySummaryView.swift in Sources */,
				F1B952368CE51BB88717E911 /* DateFormatting.swift in Sources */,
				CECBB19E49B71007B565589E /* EventCapture.swift in Sources */,
				4E83766DA756BBB1772D30A8 /* GoogleCalendarSettings.swift in Sources */,
				DE7EB754AAB0EF1BC58721E4 /* HealthKitImporter.swift in Sources */,
				1670831061E175566C43AB00 /* LiveActivityScheduler.swift in Sources */,
				4A68AE260A16FB5A29BD4316 /* MemdoApp.swift in Sources */,
				BF5EFAA58219AB9BC07BB412 /* MemdoComponents.swift in Sources */,
				841B54650CFB7A25B129C6E6 /* MemdoGuideSheet.swift in Sources */,
				12CAABCFEDAB22B3A8710BE1 /* MemdoLiveActivity.swift in Sources */,
				58CE1940F528D9DAC0143771 /* MemdoTheme.swift in Sources */,
				5A8930B5D27A7BBA10EF2B8A /* MemdoWidgetSchedule.swift in Sources */,
				45B9283ED9F12349CFECE8D7 /* MetricsCollector.swift in Sources */,
				87950A31730B9371325C8DFB /* NotificationScheduler.swift in Sources */,
				BA6644D44959B43408691CF0 /* OnDeviceAgentRuntime.swift in Sources */,
				F29F2F0272E4AD95479DB67D /* OutboxQueue.swift in Sources */,
				564AC30EFCF98DADA6994EE5 /* PendingWorkoutStore.swift in Sources */,
				78B0EF713AF6185AFC604273 /* Preferences.swift in Sources */,
				03029AEE8B04A990AC0CFF5B /* ScheduleAPI.swift in Sources */,
				94DE3EB3F00446D969A51479 /* ScheduleModel.swift in Sources */,
				219E807AE9509209609449C8 /* ScheduleRow.swift in Sources */,
				1A42A4C9AFBC7E520D27930E /* ScheduleSearchView.swift in Sources */,
				1403415E65D0516BC85DB3F3 /* ScheduleSheets.swift in Sources */,
				75F250EFCB55739DAE925C05 /* SecureSessionStorage.swift in Sources */,
				35222D2A086D62CD95E0501C /* SettingsView.swift in Sources */,
				5AE88A617799A472163217FD /* SlackNotifier.swift in Sources */,
				3FE05EF6C0C46892B1ED8A85 /* SlackSettings.swift in Sources */,
				78322181CBA281979EA33855 /* TodayComponents.swift in Sources */,
				C392F8DCA51AF52E84FCB083 /* TodayView.swift in Sources */,
				E377058BDA56E9F69690040B /* WallpaperIntent.swift in Sources */,
				029BCFE649A10D57D0FB8F02 /* WallpaperPreviewSheet.swift in Sources */,
				C8B7C8B5A108EA79F630D34D /* WorkoutAPI.swift in Sources */,
				03432A8BB4B4B5A8E0410DDE /* WorkoutModel.swift in Sources */,
				844E17681F3B71B811C9BC11 /* WorkoutViews.swift in Sources */,
			);
			runOnlyForDeploymentPostprocessing = 0;
		};
		B948FFEDD9D678F1FB2A322E /* Sources */ = {
			isa = PBXSourcesBuildPhase;
			buildActionMask = 2147483647;
			files = (
				A3016069FA3CDECBE8C71FED /* PendingWorkoutStore.swift in Sources */,
				07C63312BBCA02E3A38CDA86 /* ShareViewController.swift in Sources */,
				05A16520EDB91AFE6AA6B061 /* ShareWorkoutView.swift in Sources */,
			);
			runOnlyForDeploymentPostprocessing = 0;
		};
/* End PBXSourcesBuildPhase section */

/* Begin PBXTargetDependency section */
		0026546884E367979884DF40 /* PBXTargetDependency */ = {
			isa = PBXTargetDependency;
			target = F69CF69208FED366E2E82936 /* MemdoShare */;
			targetProxy = BCC79A3A7139E6A60A38F4C7 /* PBXContainerItemProxy */;
		};
		3FAFBF7AAA82D83C2F6169B9 /* PBXTargetDependency */ = {
			isa = PBXTargetDependency;
			target = 435A95E3B147465EBFFCEFBE /* MemdoWidget */;
			targetProxy = D88AEF70880F4A34DFD5652E /* PBXContainerItemProxy */;
		};
		7B0FC42C29CFE9B0443C2E31 /* PBXTargetDependency */ = {
			isa = PBXTargetDependency;
			target = EDA9105C2BB82DDC44D8F572 /* Memdo */;
			targetProxy = 5F155E3226BFE87F41AC8DFD /* PBXContainerItemProxy */;
		};
/* End PBXTargetDependency section */

/* Begin XCBuildConfiguration section */
		07DC1EAB0F49E2863D99B923 /* Debug */ = {
			isa = XCBuildConfiguration;
			buildSettings = {
				CODE_SIGN_ENTITLEMENTS = MemdoWidget/MemdoWidget.entitlements;
				GENERATE_INFOPLIST_FILE = NO;
				INFOPLIST_FILE = MemdoWidget/Info.plist;
				LD_RUNPATH_SEARCH_PATHS = (
					"$(inherited)",
					"@executable_path/Frameworks",
					"@executable_path/../../Frameworks",
				);
				PRODUCT_BUNDLE_IDENTIFIER = com.memdo.ios.widget;
				PRODUCT_NAME = MemdoWidget;
				SDKROOT = iphoneos;
				SKIP_INSTALL = YES;
				TARGETED_DEVICE_FAMILY = "1,2";
			};
			name = Debug;
		};
		07FE6F754E82B6F83673E62B /* Release */ = {
			isa = XCBuildConfiguration;
			buildSettings = {
				CODE_SIGN_ENTITLEMENTS = MemdoWidget/MemdoWidget.entitlements;
				GENERATE_INFOPLIST_FILE = NO;
				INFOPLIST_FILE = MemdoWidget/Info.plist;
				LD_RUNPATH_SEARCH_PATHS = (
					"$(inherited)",
					"@executable_path/Frameworks",
					"@executable_path/../../Frameworks",
				);
				PRODUCT_BUNDLE_IDENTIFIER = com.memdo.ios.widget;
				PRODUCT_NAME = MemdoWidget;
				SDKROOT = iphoneos;
				SKIP_INSTALL = YES;
				TARGETED_DEVICE_FAMILY = "1,2";
			};
			name = Release;
		};
		31AF473DE7DE81227B54997F /* Debug */ = {
			isa = XCBuildConfiguration;
			buildSettings = {
				BUNDLE_LOADER = "$(TEST_HOST)";
				LD_RUNPATH_SEARCH_PATHS = (
					"$(inherited)",
					"@executable_path/Frameworks",
					"@loader_path/Frameworks",
				);
				PRODUCT_BUNDLE_IDENTIFIER = com.memdo.ios.tests;
				SDKROOT = iphoneos;
				TARGETED_DEVICE_FAMILY = "1,2";
				TEST_HOST = "$(BUILT_PRODUCTS_DIR)/Memdo.app/Memdo";
			};
			name = Debug;
		};
		41EAE821237ABD4E305ABC97 /* Debug */ = {
			isa = XCBuildConfiguration;
			baseConfigurationReference = F9442BC0734AAE004616103C /* Config.xcconfig */;
			buildSettings = {
				ASSETCATALOG_COMPILER_APPICON_NAME = AppIcon;
				CODE_SIGN_ENTITLEMENTS = Memdo/Memdo.entitlements;
				CODE_SIGN_IDENTITY = "iPhone Developer";
				GENERATE_INFOPLIST_FILE = NO;
				INFOPLIST_FILE = Memdo/Info.plist;
				LD_RUNPATH_SEARCH_PATHS = (
					"$(inherited)",
					"@executable_path/Frameworks",
				);
				PRODUCT_BUNDLE_IDENTIFIER = com.memdo.ios;
				PRODUCT_NAME = Memdo;
				SDKROOT = iphoneos;
				TARGETED_DEVICE_FAMILY = "1,2";
			};
			name = Debug;
		};
		5E1E91CB30E6F8FF8AEA8A9C /* Debug */ = {
			isa = XCBuildConfiguration;
			buildSettings = {
				ALWAYS_SEARCH_USER_PATHS = NO;
				CLANG_ANALYZER_NONNULL = YES;
				CLANG_ANALYZER_NUMBER_OBJECT_CONVERSION = YES_AGGRESSIVE;
				CLANG_CXX_LANGUAGE_STANDARD = "gnu++14";
				CLANG_CXX_LIBRARY = "libc++";
				CLANG_ENABLE_MODULES = YES;
				CLANG_ENABLE_OBJC_ARC = YES;
				CLANG_ENABLE_OBJC_WEAK = YES;
				CLANG_WARN_BLOCK_CAPTURE_AUTORELEASING = YES;
				CLANG_WARN_BOOL_CONVERSION = YES;
				CLANG_WARN_COMMA = YES;
				CLANG_WARN_CONSTANT_CONVERSION = YES;
				CLANG_WARN_DEPRECATED_OBJC_IMPLEMENTATIONS = YES;
				CLANG_WARN_DIRECT_OBJC_ISA_USAGE = YES_ERROR;
				CLANG_WARN_DOCUMENTATION_COMMENTS = YES;
				CLANG_WARN_EMPTY_BODY = YES;
				CLANG_WARN_ENUM_CONVERSION = YES;
				CLANG_WARN_INFINITE_RECURSION = YES;
				CLANG_WARN_INT_CONVERSION = YES;
				CLANG_WARN_NON_LITERAL_NULL_CONVERSION = YES;
				CLANG_WARN_OBJC_IMPLICIT_RETAIN_SELF = YES;
				CLANG_WARN_OBJC_LITERAL_CONVERSION = YES;
				CLANG_WARN_OBJC_ROOT_CLASS = YES_ERROR;
				CLANG_WARN_QUOTED_INCLUDE_IN_FRAMEWORK_HEADER = YES;
				CLANG_WARN_RANGE_LOOP_ANALYSIS = YES;
				CLANG_WARN_STRICT_PROTOTYPES = YES;
				CLANG_WARN_SUSPICIOUS_MOVE = YES;
				CLANG_WARN_UNGUARDED_AVAILABILITY = YES_AGGRESSIVE;
				CLANG_WARN_UNREACHABLE_CODE = YES;
				CLANG_WARN__DUPLICATE_METHOD_MATCH = YES;
				COPY_PHASE_STRIP = NO;
				DEBUG_INFORMATION_FORMAT = dwarf;
				ENABLE_STRICT_OBJC_MSGSEND = YES;
				ENABLE_TESTABILITY = YES;
				GCC_C_LANGUAGE_STANDARD = gnu11;
				GCC_DYNAMIC_NO_PIC = NO;
				GCC_NO_COMMON_BLOCKS = YES;
				GCC_OPTIMIZATION_LEVEL = 0;
				GCC_PREPROCESSOR_DEFINITIONS = (
					"$(inherited)",
					"DEBUG=1",
				);
				GCC_WARN_64_TO_32_BIT_CONVERSION = YES;
				GCC_WARN_ABOUT_RETURN_TYPE = YES_ERROR;
				GCC_WARN_UNDECLARED_SELECTOR = YES;
				GCC_WARN_UNINITIALIZED_AUTOS = YES_AGGRESSIVE;
				GCC_WARN_UNUSED_FUNCTION = YES;
				GCC_WARN_UNUSED_VARIABLE = YES;
				GENERATE_INFOPLIST_FILE = YES;
				INFOPLIST_KEY_UIApplicationSupportsIndirectInputEvents = YES;
				INFOPLIST_KEY_UILaunchScreen_Generation = YES;
				IPHONEOS_DEPLOYMENT_TARGET = 17.0;
				MTL_ENABLE_DEBUG_INFO = INCLUDE_SOURCE;
				MTL_FAST_MATH = YES;
				ONLY_ACTIVE_ARCH = YES;
				PRODUCT_NAME = "$(TARGET_NAME)";
				SDKROOT = iphoneos;
				SWIFT_ACTIVE_COMPILATION_CONDITIONS = DEBUG;
				SWIFT_OPTIMIZATION_LEVEL = "-Onone";
				SWIFT_VERSION = 6.0;
				TARGETED_DEVICE_FAMILY = 1;
			};
			name = Debug;
		};
		62D21A933467C8DED303A527 /* Release */ = {
			isa = XCBuildConfiguration;
			buildSettings = {
				BUNDLE_LOADER = "$(TEST_HOST)";
				LD_RUNPATH_SEARCH_PATHS = (
					"$(inherited)",
					"@executable_path/Frameworks",
					"@loader_path/Frameworks",
				);
				PRODUCT_BUNDLE_IDENTIFIER = com.memdo.ios.tests;
				SDKROOT = iphoneos;
				TARGETED_DEVICE_FAMILY = "1,2";
				TEST_HOST = "$(BUILT_PRODUCTS_DIR)/Memdo.app/Memdo";
			};
			name = Release;
		};
		6B7BD2B29544DDBE5903B871 /* Release */ = {
			isa = XCBuildConfiguration;
			baseConfigurationReference = F9442BC0734AAE004616103C /* Config.xcconfig */;
			buildSettings = {
				ASSETCATALOG_COMPILER_APPICON_NAME = AppIcon;
				CODE_SIGN_ENTITLEMENTS = Memdo/Memdo.entitlements;
				CODE_SIGN_IDENTITY = "iPhone Developer";
				GENERATE_INFOPLIST_FILE = NO;
				INFOPLIST_FILE = Memdo/Info.plist;
				LD_RUNPATH_SEARCH_PATHS = (
					"$(inherited)",
					"@executable_path/Frameworks",
				);
				PRODUCT_BUNDLE_IDENTIFIER = com.memdo.ios;
				PRODUCT_NAME = Memdo;
				SDKROOT = iphoneos;
				TARGETED_DEVICE_FAMILY = "1,2";
			};
			name = Release;
		};
		7DBBBF2B86CAA477B76BA568 /* Debug */ = {
			isa = XCBuildConfiguration;
			buildSettings = {
				CODE_SIGN_ENTITLEMENTS = MemdoShare/MemdoShare.entitlements;
				GENERATE_INFOPLIST_FILE = NO;
				INFOPLIST_FILE = MemdoShare/Info.plist;
				LD_RUNPATH_SEARCH_PATHS = (
					"$(inherited)",
					"@executable_path/Frameworks",
					"@executable_path/../../Frameworks",
				);
				PRODUCT_BUNDLE_IDENTIFIER = com.memdo.ios.share;
				PRODUCT_NAME = MemdoShare;
				SDKROOT = iphoneos;
				SKIP_INSTALL = YES;
				TARGETED_DEVICE_FAMILY = "1,2";
			};
			name = Debug;
		};
		90D2B5F50223DD43C467E72F /* Release */ = {
			isa = XCBuildConfiguration;
			buildSettings = {
				CODE_SIGN_ENTITLEMENTS = MemdoShare/MemdoShare.entitlements;
				GENERATE_INFOPLIST_FILE = NO;
				INFOPLIST_FILE = MemdoShare/Info.plist;
				LD_RUNPATH_SEARCH_PATHS = (
					"$(inherited)",
					"@executable_path/Frameworks",
					"@executable_path/../../Frameworks",
				);
				PRODUCT_BUNDLE_IDENTIFIER = com.memdo.ios.share;
				PRODUCT_NAME = MemdoShare;
				SDKROOT = iphoneos;
				SKIP_INSTALL = YES;
				TARGETED_DEVICE_FAMILY = "1,2";
			};
			name = Release;
		};
		C1D767AFA49CE9646B2903C7 /* Release */ = {
			isa = XCBuildConfiguration;
			buildSettings = {
				ALWAYS_SEARCH_USER_PATHS = NO;
				CLANG_ANALYZER_NONNULL = YES;
				CLANG_ANALYZER_NUMBER_OBJECT_CONVERSION = YES_AGGRESSIVE;
				CLANG_CXX_LANGUAGE_STANDARD = "gnu++14";
				CLANG_CXX_LIBRARY = "libc++";
				CLANG_ENABLE_MODULES = YES;
				CLANG_ENABLE_OBJC_ARC = YES;
				CLANG_ENABLE_OBJC_WEAK = YES;
				CLANG_WARN_BLOCK_CAPTURE_AUTORELEASING = YES;
				CLANG_WARN_BOOL_CONVERSION = YES;
				CLANG_WARN_COMMA = YES;
				CLANG_WARN_CONSTANT_CONVERSION = YES;
				CLANG_WARN_DEPRECATED_OBJC_IMPLEMENTATIONS = YES;
				CLANG_WARN_DIRECT_OBJC_ISA_USAGE = YES_ERROR;
				CLANG_WARN_DOCUMENTATION_COMMENTS = YES;
				CLANG_WARN_EMPTY_BODY = YES;
				CLANG_WARN_ENUM_CONVERSION = YES;
				CLANG_WARN_INFINITE_RECURSION = YES;
				CLANG_WARN_INT_CONVERSION = YES;
				CLANG_WARN_NON_LITERAL_NULL_CONVERSION = YES;
				CLANG_WARN_OBJC_IMPLICIT_RETAIN_SELF = YES;
				CLANG_WARN_OBJC_LITERAL_CONVERSION = YES;
				CLANG_WARN_OBJC_ROOT_CLASS = YES_ERROR;
				CLANG_WARN_QUOTED_INCLUDE_IN_FRAMEWORK_HEADER = YES;
				CLANG_WARN_RANGE_LOOP_ANALYSIS = YES;
				CLANG_WARN_STRICT_PROTOTYPES = YES;
				CLANG_WARN_SUSPICIOUS_MOVE = YES;
				CLANG_WARN_UNGUARDED_AVAILABILITY = YES_AGGRESSIVE;
				CLANG_WARN_UNREACHABLE_CODE = YES;
				CLANG_WARN__DUPLICATE_METHOD_MATCH = YES;
				COPY_PHASE_STRIP = NO;
				DEBUG_INFORMATION_FORMAT = "dwarf-with-dsym";
				ENABLE_NS_ASSERTIONS = NO;
				ENABLE_STRICT_OBJC_MSGSEND = YES;
				GCC_C_LANGUAGE_STANDARD = gnu11;
				GCC_NO_COMMON_BLOCKS = YES;
				GCC_WARN_64_TO_32_BIT_CONVERSION = YES;
				GCC_WARN_ABOUT_RETURN_TYPE = YES_ERROR;
				GCC_WARN_UNDECLARED_SELECTOR = YES;
				GCC_WARN_UNINITIALIZED_AUTOS = YES_AGGRESSIVE;
				GCC_WARN_UNUSED_FUNCTION = YES;
				GCC_WARN_UNUSED_VARIABLE = YES;
				GENERATE_INFOPLIST_FILE = YES;
				INFOPLIST_KEY_UIApplicationSupportsIndirectInputEvents = YES;
				INFOPLIST_KEY_UILaunchScreen_Generation = YES;
				IPHONEOS_DEPLOYMENT_TARGET = 17.0;
				MTL_ENABLE_DEBUG_INFO = NO;
				MTL_FAST_MATH = YES;
				PRODUCT_NAME = "$(TARGET_NAME)";
				SDKROOT = iphoneos;
				SWIFT_COMPILATION_MODE = wholemodule;
				SWIFT_OPTIMIZATION_LEVEL = "-O";
				SWIFT_VERSION = 6.0;
				TARGETED_DEVICE_FAMILY = 1;
			};
			name = Release;
		};
/* End XCBuildConfiguration section */

/* Begin XCConfigurationList section */
		19005277C9F7D659B325E203 /* Build configuration list for PBXProject "Memdo" */ = {
			isa = XCConfigurationList;
			buildConfigurations = (
				5E1E91CB30E6F8FF8AEA8A9C /* Debug */,
				C1D767AFA49CE9646B2903C7 /* Release */,
			);
			defaultConfigurationIsVisible = 0;
			defaultConfigurationName = Debug;
		};
		511F19F0EF32E885EE2F71FF /* Build configuration list for PBXNativeTarget "MemdoTests" */ = {
			isa = XCConfigurationList;
			buildConfigurations = (
				31AF473DE7DE81227B54997F /* Debug */,
				62D21A933467C8DED303A527 /* Release */,
			);
			defaultConfigurationIsVisible = 0;
			defaultConfigurationName = Debug;
		};
		6A1285056B173BD91547E1F7 /* Build configuration list for PBXNativeTarget "MemdoShare" */ = {
			isa = XCConfigurationList;
			buildConfigurations = (
				7DBBBF2B86CAA477B76BA568 /* Debug */,
				90D2B5F50223DD43C467E72F /* Release */,
			);
			defaultConfigurationIsVisible = 0;
			defaultConfigurationName = Debug;
		};
		A98668BF3B00C961DCAB3EDF /* Build configuration list for PBXNativeTarget "Memdo" */ = {
			isa = XCConfigurationList;
			buildConfigurations = (
				41EAE821237ABD4E305ABC97 /* Debug */,
				6B7BD2B29544DDBE5903B871 /* Release */,
			);
			defaultConfigurationIsVisible = 0;
			defaultConfigurationName = Debug;
		};
		F84B9E5F4847501839A4F85C /* Build configuration list for PBXNativeTarget "MemdoWidget" */ = {
			isa = XCConfigurationList;
			buildConfigurations = (
				07DC1EAB0F49E2863D99B923 /* Debug */,
				07FE6F754E82B6F83673E62B /* Release */,
			);
			defaultConfigurationIsVisible = 0;
			defaultConfigurationName = Debug;
		};
/* End XCConfigurationList section */

/* Begin XCRemoteSwiftPackageReference section */
		5E1819744222B853F1397914 /* XCRemoteSwiftPackageReference "Yams" */ = {
			isa = XCRemoteSwiftPackageReference;
			repositoryURL = "https://github.com/jpsim/Yams";
			requirement = {
				kind = upToNextMajorVersion;
				minimumVersion = 6.0.0;
			};
		};
		8CB5E0622EFDAEE425383438 /* XCRemoteSwiftPackageReference "supabase-swift" */ = {
			isa = XCRemoteSwiftPackageReference;
			repositoryURL = "https://github.com/supabase/supabase-swift";
			requirement = {
				kind = upToNextMajorVersion;
				minimumVersion = 2.46.0;
			};
		};
/* End XCRemoteSwiftPackageReference section */

/* Begin XCSwiftPackageProductDependency section */
		766260AB78CE2A6DF35FC443 /* Yams */ = {
			isa = XCSwiftPackageProductDependency;
			package = 5E1819744222B853F1397914 /* XCRemoteSwiftPackageReference "Yams" */;
			productName = Yams;
		};
		BA381B15831EFB2DC3181BCA /* Supabase */ = {
			isa = XCSwiftPackageProductDependency;
			package = 8CB5E0622EFDAEE425383438 /* XCRemoteSwiftPackageReference "supabase-swift" */;
			productName = Supabase;
		};
/* End XCSwiftPackageProductDependency section */
	};
	rootObject = 3B84853CA27BE767B097094F /* Project object */;
}
