// !$*UTF8*$!
{
	archiveVersion = 1;
	classes = {
	};
	objectVersion = 77;
	objects = {

/* Begin PBXBuildFile section */
		00D267B5D29A0D25FE6E98FA /* MemdoTheme.swift in Sources */ = {isa = PBXBuildFile; fileRef = F29F2315ADA3175E0D4A894C /* MemdoTheme.swift */; };
		1ACFAEEBEB53F95656F314FC /* MemdoWidget.swift in Sources */ = {isa = PBXBuildFile; fileRef = C4EA7A02C55094DEBD06AF37 /* MemdoWidget.swift */; };
		2A29175D38335F059C4AE766 /* MemdoComponents.swift in Sources */ = {isa = PBXBuildFile; fileRef = 42994A317F898780763B33D4 /* MemdoComponents.swift */; };
		480BC8CB74B2601AFEEF5DBD /* ScheduleSheets.swift in Sources */ = {isa = PBXBuildFile; fileRef = 1F8C4864695656352FE70BA3 /* ScheduleSheets.swift */; };
		4CE9071DE9A5E1E5F3D45F0A /* AppShellView.swift in Sources */ = {isa = PBXBuildFile; fileRef = B4D119A0D929FA9AE7D47773 /* AppShellView.swift */; };
		55306D301F120767611231F5 /* MemdoWidget.appex in Embed Foundation Extensions */ = {isa = PBXBuildFile; fileRef = AE1B6FFACC369DADAFC99ADB /* MemdoWidget.appex */; settings = {ATTRIBUTES = (RemoveHeadersOnCopy, ); }; };
		5AFEEBA9CD4F0FEBBA50F09B /* ScheduleModel.swift in Sources */ = {isa = PBXBuildFile; fileRef = 07B46ABED061C6BD316DB8F3 /* ScheduleModel.swift */; };
		5C8DB08635A4922DF0808F7B /* TodayComponents.swift in Sources */ = {isa = PBXBuildFile; fileRef = E81203EAFA09124BA54F8AE7 /* TodayComponents.swift */; };
		6D52CEFC8B695B018FB30EAD /* MemdoApp.swift in Sources */ = {isa = PBXBuildFile; fileRef = 9B25474359568B8C6264B6E8 /* MemdoApp.swift */; };
		78F5DD11294A40F25A5A9524 /* DailySummaryView.swift in Sources */ = {isa = PBXBuildFile; fileRef = 6561C352731005322618C740 /* DailySummaryView.swift */; };
		78FEB722CFF3DC8EE7034FBD /* Assets.xcassets in Resources */ = {isa = PBXBuildFile; fileRef = A5FCF0E385E87960B56A11F4 /* Assets.xcassets */; };
		8440D2E9F99B1C9848CF21ED /* CalendarView.swift in Sources */ = {isa = PBXBuildFile; fileRef = 8FD6B2D482673663626353C2 /* CalendarView.swift */; };
		98172737F1AC51B31154A93D /* ScheduleRow.swift in Sources */ = {isa = PBXBuildFile; fileRef = 19BD21007334C06C0B2028F9 /* ScheduleRow.swift */; };
		A085AB23D35F4875B964535E /* SecureSessionStorage.swift in Sources */ = {isa = PBXBuildFile; fileRef = 8977951309B34272B060D2A9 /* SecureSessionStorage.swift */; };
		A09C21CAE62B67DF6753F375 /* AssistantView.swift in Sources */ = {isa = PBXBuildFile; fileRef = 2C57EC467343059432D7D60D /* AssistantView.swift */; };
		B941DEFC3022131300E1891A /* MemdoWidgetSchedule.swift in Sources */ = {isa = PBXBuildFile; fileRef = B941DEFB3022131300E1891A /* MemdoWidgetSchedule.swift */; };
		B941DEFD30221B9700E1891A /* MemdoWidgetSchedule.swift in Sources */ = {isa = PBXBuildFile; fileRef = B941DEFB3022131300E1891A /* MemdoWidgetSchedule.swift */; };
		B941DEFF3022D90000E1891A /* Preferences.swift in Sources */ = {isa = PBXBuildFile; fileRef = B941DEFE3022D90000E1891A /* Preferences.swift */; };
		B941DF013025698D00E1891A /* EventCapture.swift in Sources */ = {isa = PBXBuildFile; fileRef = B941DF003025698D00E1891A /* EventCapture.swift */; };
		B941DF033026FD4800E1891A /* AppShortcuts.swift in Sources */ = {isa = PBXBuildFile; fileRef = B941DF023026FD4800E1891A /* AppShortcuts.swift */; };
		C8F4B9A01D2E4F60718293A4 /* ScheduleAPI.swift in Sources */ = {isa = PBXBuildFile; fileRef = D9A5C0B12E3F4051728394A5 /* ScheduleAPI.swift */; };
		E117E6A55D78273E89DFAAC0 /* ScheduleSearchView.swift in Sources */ = {isa = PBXBuildFile; fileRef = FC9B39D6188C70A056DA658E /* ScheduleSearchView.swift */; };
		E49AD453117D9B5AB53EA8CE /* TodayView.swift in Sources */ = {isa = PBXBuildFile; fileRef = 257B3BF059A0E5D9A80D8E50 /* TodayView.swift */; };
		F63E8DD2470DCBE30FA93063 /* SettingsView.swift in Sources */ = {isa = PBXBuildFile; fileRef = 02910E4D9DB4CBEE1D8C7C10 /* SettingsView.swift */; };
		FE2A74E992A6431DAB112001 /* Supabase in Frameworks */ = {isa = PBXBuildFile; productRef = FE2A74E992A6431DAB112004 /* Supabase */; };
/* End PBXBuildFile section */

/* Begin PBXContainerItemProxy section */
		D88AEF70880F4A34DFD5652E /* PBXContainerItemProxy */ = {
			isa = PBXContainerItemProxy;
			containerPortal = 3B84853CA27BE767B097094F /* Project object */;
			proxyType = 1;
			remoteGlobalIDString = 435A95E3B147465EBFFCEFBE;
			remoteInfo = MemdoWidget;
		};
/* End PBXContainerItemProxy section */

/* Begin PBXCopyFilesBuildPhase section */
		7250461EED3A93CB14C80824 /* Embed Foundation Extensions */ = {
			isa = PBXCopyFilesBuildPhase;
			buildActionMask = 2147483647;
			dstPath = "";
			dstSubfolderSpec = 13;
			files = (
				55306D301F120767611231F5 /* MemdoWidget.appex in Embed Foundation Extensions */,
			);
			name = "Embed Foundation Extensions";
			runOnlyForDeploymentPostprocessing = 0;
		};
/* End PBXCopyFilesBuildPhase section */

/* Begin PBXFileReference section */
		02910E4D9DB4CBEE1D8C7C10 /* SettingsView.swift */ = {isa = PBXFileReference; lastKnownFileType = sourcecode.swift; path = SettingsView.swift; sourceTree = "<group>"; };
		07B46ABED061C6BD316DB8F3 /* ScheduleModel.swift */ = {isa = PBXFileReference; lastKnownFileType = sourcecode.swift; path = ScheduleModel.swift; sourceTree = "<group>"; };
		19BD21007334C06C0B2028F9 /* ScheduleRow.swift */ = {isa = PBXFileReference; lastKnownFileType = sourcecode.swift; path = ScheduleRow.swift; sourceTree = "<group>"; };
		CCC5E26AFD2D4A52B0B54F34 /* Config.xcconfig */ = {isa = PBXFileReference; lastKnownFileType = text.xcconfig; path = Config.xcconfig; sourceTree = "<group>"; };
		8977951309B34272B060D2A9 /* SecureSessionStorage.swift */ = {isa = PBXFileReference; lastKnownFileType = sourcecode.swift; path = SecureSessionStorage.swift; sourceTree = "<group>"; };
		1F8C4864695656352FE70BA3 /* ScheduleSheets.swift */ = {isa = PBXFileReference; lastKnownFileType = sourcecode.swift; path = ScheduleSheets.swift; sourceTree = "<group>"; };
		257B3BF059A0E5D9A80D8E50 /* TodayView.swift */ = {isa = PBXFileReference; lastKnownFileType = sourcecode.swift; path = TodayView.swift; sourceTree = "<group>"; };
		2C57EC467343059432D7D60D /* AssistantView.swift */ = {isa = PBXFileReference; lastKnownFileType = sourcecode.swift; path = AssistantView.swift; sourceTree = "<group>"; };
		3CB5605FC7B8059A8343A9D8 /* Info.plist */ = {isa = PBXFileReference; lastKnownFileType = text.plist; path = Info.plist; sourceTree = "<group>"; };
		42994A317F898780763B33D4 /* MemdoComponents.swift */ = {isa = PBXFileReference; lastKnownFileType = sourcecode.swift; path = MemdoComponents.swift; sourceTree = "<group>"; };
		6561C352731005322618C740 /* DailySummaryView.swift */ = {isa = PBXFileReference; lastKnownFileType = sourcecode.swift; path = DailySummaryView.swift; sourceTree = "<group>"; };
		7687EBCFF670FFE2F6CA37D2 /* Memdo.app */ = {isa = PBXFileReference; includeInIndex = 0; lastKnownFileType = wrapper.application; path = Memdo.app; sourceTree = BUILT_PRODUCTS_DIR; };
		83EC68D64631B324F171F399 /* Info.plist */ = {isa = PBXFileReference; lastKnownFileType = text.plist; path = Info.plist; sourceTree = "<group>"; };
		8FD6B2D482673663626353C2 /* CalendarView.swift */ = {isa = PBXFileReference; lastKnownFileType = sourcecode.swift; path = CalendarView.swift; sourceTree = "<group>"; };
		9B25474359568B8C6264B6E8 /* MemdoApp.swift */ = {isa = PBXFileReference; lastKnownFileType = sourcecode.swift; path = MemdoApp.swift; sourceTree = "<group>"; };
		A5FCF0E385E87960B56A11F4 /* Assets.xcassets */ = {isa = PBXFileReference; lastKnownFileType = folder.assetcatalog; path = Assets.xcassets; sourceTree = "<group>"; };
		AE1B6FFACC369DADAFC99ADB /* MemdoWidget.appex */ = {isa = PBXFileReference; includeInIndex = 0; lastKnownFileType = "wrapper.app-extension"; path = MemdoWidget.appex; sourceTree = BUILT_PRODUCTS_DIR; };
		B4D119A0D929FA9AE7D47773 /* AppShellView.swift */ = {isa = PBXFileReference; lastKnownFileType = sourcecode.swift; path = AppShellView.swift; sourceTree = "<group>"; };
		B941DEFB3022131300E1891A /* MemdoWidgetSchedule.swift */ = {isa = PBXFileReference; lastKnownFileType = sourcecode.swift; path = MemdoWidgetSchedule.swift; sourceTree = "<group>"; };
		B941DEFE3022D90000E1891A /* Preferences.swift */ = {isa = PBXFileReference; lastKnownFileType = sourcecode.swift; path = Preferences.swift; sourceTree = "<group>"; };
		B941DF003025698D00E1891A /* EventCapture.swift */ = {isa = PBXFileReference; lastKnownFileType = sourcecode.swift; path = EventCapture.swift; sourceTree = "<group>"; };
		B941DF023026FD4800E1891A /* AppShortcuts.swift */ = {isa = PBXFileReference; lastKnownFileType = sourcecode.swift; path = AppShortcuts.swift; sourceTree = "<group>"; };
		C4EA7A02C55094DEBD06AF37 /* MemdoWidget.swift */ = {isa = PBXFileReference; lastKnownFileType = sourcecode.swift; path = MemdoWidget.swift; sourceTree = "<group>"; };
		D9A5C0B12E3F4051728394A5 /* ScheduleAPI.swift */ = {isa = PBXFileReference; lastKnownFileType = sourcecode.swift; path = ScheduleAPI.swift; sourceTree = "<group>"; };
		E81203EAFA09124BA54F8AE7 /* TodayComponents.swift */ = {isa = PBXFileReference; lastKnownFileType = sourcecode.swift; path = TodayComponents.swift; sourceTree = "<group>"; };
		F29F2315ADA3175E0D4A894C /* MemdoTheme.swift */ = {isa = PBXFileReference; lastKnownFileType = sourcecode.swift; path = MemdoTheme.swift; sourceTree = "<group>"; };
		FC9B39D6188C70A056DA658E /* ScheduleSearchView.swift */ = {isa = PBXFileReference; lastKnownFileType = sourcecode.swift; path = ScheduleSearchView.swift; sourceTree = "<group>"; };
/* End PBXFileReference section */

/* Begin PBXFrameworksBuildPhase section */
		FE2A74E992A6431DAB112002 /* Frameworks */ = {
			isa = PBXFrameworksBuildPhase;
			buildActionMask = 2147483647;
			files = (
				FE2A74E992A6431DAB112001 /* Supabase in Frameworks */,
			);
			runOnlyForDeploymentPostprocessing = 0;
		};
/* End PBXFrameworksBuildPhase section */

/* Begin PBXGroup section */
		1C97FF6EDE54AD00BE4A0A37 /* MemdoWidget */ = {
			isa = PBXGroup;
			children = (
				3CB5605FC7B8059A8343A9D8 /* Info.plist */,
				C4EA7A02C55094DEBD06AF37 /* MemdoWidget.swift */,
			);
			path = MemdoWidget;
			sourceTree = "<group>";
		};
		2529AEF2A11C53E361FF1210 /* Products */ = {
			isa = PBXGroup;
			children = (
				7687EBCFF670FFE2F6CA37D2 /* Memdo.app */,
				AE1B6FFACC369DADAFC99ADB /* MemdoWidget.appex */,
			);
			name = Products;
			sourceTree = "<group>";
		};
		5D4D14025AC0E221E668A0F8 /* Memdo */ = {
			isa = PBXGroup;
			children = (
				B4D119A0D929FA9AE7D47773 /* AppShellView.swift */,
				A5FCF0E385E87960B56A11F4 /* Assets.xcassets */,
				2C57EC467343059432D7D60D /* AssistantView.swift */,
				8FD6B2D482673663626353C2 /* CalendarView.swift */,
				6561C352731005322618C740 /* DailySummaryView.swift */,
				83EC68D64631B324F171F399 /* Info.plist */,
				9B25474359568B8C6264B6E8 /* MemdoApp.swift */,
				42994A317F898780763B33D4 /* MemdoComponents.swift */,
				F29F2315ADA3175E0D4A894C /* MemdoTheme.swift */,
				D9A5C0B12E3F4051728394A5 /* ScheduleAPI.swift */,
				07B46ABED061C6BD316DB8F3 /* ScheduleModel.swift */,
				19BD21007334C06C0B2028F9 /* ScheduleRow.swift */,
				CCC5E26AFD2D4A52B0B54F34 /* Config.xcconfig */,
				8977951309B34272B060D2A9 /* SecureSessionStorage.swift */,
				FC9B39D6188C70A056DA658E /* ScheduleSearchView.swift */,
				1F8C4864695656352FE70BA3 /* ScheduleSheets.swift */,
				02910E4D9DB4CBEE1D8C7C10 /* SettingsView.swift */,
				E81203EAFA09124BA54F8AE7 /* TodayComponents.swift */,
				257B3BF059A0E5D9A80D8E50 /* TodayView.swift */,
				B941DEFB3022131300E1891A /* MemdoWidgetSchedule.swift */,
				B941DEFE3022D90000E1891A /* Preferences.swift */,
				B941DF003025698D00E1891A /* EventCapture.swift */,
				B941DF023026FD4800E1891A /* AppShortcuts.swift */,
			);
			path = Memdo;
			sourceTree = "<group>";
		};
		C936733213A2E83BBDD6CEEA = {
			isa = PBXGroup;
			children = (
				5D4D14025AC0E221E668A0F8 /* Memdo */,
				1C97FF6EDE54AD00BE4A0A37 /* MemdoWidget */,
				2529AEF2A11C53E361FF1210 /* Products */,
			);
			sourceTree = "<group>";
		};
/* End PBXGroup section */

/* Begin PBXNativeTarget section */
		435A95E3B147465EBFFCEFBE /* MemdoWidget */ = {
			isa = PBXNativeTarget;
			buildConfigurationList = F84B9E5F4847501839A4F85C /* Build configuration list for PBXNativeTarget "MemdoWidget" */;
			buildPhases = (
				9512733DD05B73EA1C4A0BCA /* Sources */,
			);
			buildRules = (
			);
			dependencies = (
			);
			name = MemdoWidget;
			packageProductDependencies = (
			);
			productName = MemdoWidget;
			productReference = AE1B6FFACC369DADAFC99ADB /* MemdoWidget.appex */;
			productType = "com.apple.product-type.app-extension";
		};
		EDA9105C2BB82DDC44D8F572 /* Memdo */ = {
			isa = PBXNativeTarget;
			buildConfigurationList = A98668BF3B00C961DCAB3EDF /* Build configuration list for PBXNativeTarget "Memdo" */;
			buildPhases = (
				B6EAAEBBCBA9992C43C1B8A5 /* Sources */,
				FE2A74E992A6431DAB112002 /* Frameworks */,
				5468C02C0083065B4D28CB4B /* Resources */,
				7250461EED3A93CB14C80824 /* Embed Foundation Extensions */,
			);
			buildRules = (
			);
			dependencies = (
				3FAFBF7AAA82D83C2F6169B9 /* PBXTargetDependency */,
			);
			name = Memdo;
			packageProductDependencies = (
				FE2A74E992A6431DAB112004 /* Supabase */,
			);
			productName = Memdo;
			productReference = 7687EBCFF670FFE2F6CA37D2 /* Memdo.app */;
			productType = "com.apple.product-type.application";
		};
/* End PBXNativeTarget section */

/* Begin PBXProject section */
		3B84853CA27BE767B097094F /* Project object */ = {
			isa = PBXProject;
			attributes = {
				BuildIndependentTargetsInParallel = YES;
				LastUpgradeCheck = 1430;
			};
			buildConfigurationList = 19005277C9F7D659B325E203 /* Build configuration list for PBXProject "Memdo" */;
			developmentRegion = en;
			hasScannedForEncodings = 0;
			knownRegions = (
				Base,
				en,
			);
			mainGroup = C936733213A2E83BBDD6CEEA;
			minimizedProjectReferenceProxies = 1;
			packageReferences = (
				FE2A74E992A6431DAB112003 /* XCRemoteSwiftPackageReference "supabase-swift" */,
			);
			preferredProjectObjectVersion = 77;
			productRefGroup = 2529AEF2A11C53E361FF1210 /* Products */;
			projectDirPath = "";
			projectRoot = "";
			targets = (
				EDA9105C2BB82DDC44D8F572 /* Memdo */,
				435A95E3B147465EBFFCEFBE /* MemdoWidget */,
			);
		};
/* End PBXProject section */

/* Begin PBXResourcesBuildPhase section */
		5468C02C0083065B4D28CB4B /* Resources */ = {
			isa = PBXResourcesBuildPhase;
			buildActionMask = 2147483647;
			files = (
				78FEB722CFF3DC8EE7034FBD /* Assets.xcassets in Resources */,
			);
			runOnlyForDeploymentPostprocessing = 0;
		};
/* End PBXResourcesBuildPhase section */

/* Begin PBXSourcesBuildPhase section */
		9512733DD05B73EA1C4A0BCA /* Sources */ = {
			isa = PBXSourcesBuildPhase;
			buildActionMask = 2147483647;
			files = (
				1ACFAEEBEB53F95656F314FC /* MemdoWidget.swift in Sources */,
				B941DEFD30221B9700E1891A /* MemdoWidgetSchedule.swift in Sources */,
			);
			runOnlyForDeploymentPostprocessing = 0;
		};
		B6EAAEBBCBA9992C43C1B8A5 /* Sources */ = {
			isa = PBXSourcesBuildPhase;
			buildActionMask = 2147483647;
			files = (
				4CE9071DE9A5E1E5F3D45F0A /* AppShellView.swift in Sources */,
				A09C21CAE62B67DF6753F375 /* AssistantView.swift in Sources */,
				8440D2E9F99B1C9848CF21ED /* CalendarView.swift in Sources */,
				78F5DD11294A40F25A5A9524 /* DailySummaryView.swift in Sources */,
				6D52CEFC8B695B018FB30EAD /* MemdoApp.swift in Sources */,
				2A29175D38335F059C4AE766 /* MemdoComponents.swift in Sources */,
				B941DEFF3022D90000E1891A /* Preferences.swift in Sources */,
				00D267B5D29A0D25FE6E98FA /* MemdoTheme.swift in Sources */,
				B941DEFC3022131300E1891A /* MemdoWidgetSchedule.swift in Sources */,
				C8F4B9A01D2E4F60718293A4 /* ScheduleAPI.swift in Sources */,
				5AFEEBA9CD4F0FEBBA50F09B /* ScheduleModel.swift in Sources */,
				B941DF013025698D00E1891A /* EventCapture.swift in Sources */,
				98172737F1AC51B31154A93D /* ScheduleRow.swift in Sources */,
				A085AB23D35F4875B964535E /* SecureSessionStorage.swift in Sources */,
				B941DF033026FD4800E1891A /* AppShortcuts.swift in Sources */,
				E117E6A55D78273E89DFAAC0 /* ScheduleSearchView.swift in Sources */,
				480BC8CB74B2601AFEEF5DBD /* ScheduleSheets.swift in Sources */,
				F63E8DD2470DCBE30FA93063 /* SettingsView.swift in Sources */,
				5C8DB08635A4922DF0808F7B /* TodayComponents.swift in Sources */,
				E49AD453117D9B5AB53EA8CE /* TodayView.swift in Sources */,
			);
			runOnlyForDeploymentPostprocessing = 0;
		};
/* End PBXSourcesBuildPhase section */

/* Begin PBXTargetDependency section */
		3FAFBF7AAA82D83C2F6169B9 /* PBXTargetDependency */ = {
			isa = PBXTargetDependency;
			target = 435A95E3B147465EBFFCEFBE /* MemdoWidget */;
			targetProxy = D88AEF70880F4A34DFD5652E /* PBXContainerItemProxy */;
		};
/* End PBXTargetDependency section */

/* Begin XCBuildConfiguration section */
		07DC1EAB0F49E2863D99B923 /* Debug */ = {
			isa = XCBuildConfiguration;
			buildSettings = {
				CODE_SIGN_ENTITLEMENTS = MemdoWidget/MemdoWidget.entitlements;
				GENERATE_INFOPLIST_FILE = NO;
				INFOPLIST_FILE = MemdoWidget/Info.plist;
				LD_RUNPATH_SEARCH_PATHS = (
					"$(inherited)",
					"@executable_path/Frameworks",
					"@executable_path/../../Frameworks",
				);
				PRODUCT_BUNDLE_IDENTIFIER = com.memdo.ios.widget;
				PRODUCT_NAME = MemdoWidget;
				SDKROOT = iphoneos;
				SKIP_INSTALL = YES;
				TARGETED_DEVICE_FAMILY = "1,2";
			};
			name = Debug;
		};
		07FE6F754E82B6F83673E62B /* Release */ = {
			isa = XCBuildConfiguration;
			buildSettings = {
				CODE_SIGN_ENTITLEMENTS = MemdoWidget/MemdoWidget.entitlements;
				GENERATE_INFOPLIST_FILE = NO;
				INFOPLIST_FILE = MemdoWidget/Info.plist;
				LD_RUNPATH_SEARCH_PATHS = (
					"$(inherited)",
					"@executable_path/Frameworks",
					"@executable_path/../../Frameworks",
				);
				PRODUCT_BUNDLE_IDENTIFIER = com.memdo.ios.widget;
				PRODUCT_NAME = MemdoWidget;
				SDKROOT = iphoneos;
				SKIP_INSTALL = YES;
				TARGETED_DEVICE_FAMILY = "1,2";
			};
			name = Release;
		};
		41EAE821237ABD4E305ABC97 /* Debug */ = {
			isa = XCBuildConfiguration;
			baseConfigurationReference = CCC5E26AFD2D4A52B0B54F34 /* Config.xcconfig */;
			buildSettings = {
				ASSETCATALOG_COMPILER_APPICON_NAME = AppIcon;
				CODE_SIGN_ENTITLEMENTS = Memdo/Memdo.entitlements;
				CODE_SIGN_IDENTITY = "iPhone Developer";
				GENERATE_INFOPLIST_FILE = NO;
				INFOPLIST_FILE = Memdo/Info.plist;
				LD_RUNPATH_SEARCH_PATHS = (
					"$(inherited)",
					"@executable_path/Frameworks",
				);
				PRODUCT_BUNDLE_IDENTIFIER = com.memdo.ios;
				PRODUCT_NAME = Memdo;
				SDKROOT = iphoneos;
				TARGETED_DEVICE_FAMILY = "1,2";
			};
			name = Debug;
		};
		5E1E91CB30E6F8FF8AEA8A9C /* Debug */ = {
			isa = XCBuildConfiguration;
			buildSettings = {
				ALWAYS_SEARCH_USER_PATHS = NO;
				CLANG_ANALYZER_NONNULL = YES;
				CLANG_ANALYZER_NUMBER_OBJECT_CONVERSION = YES_AGGRESSIVE;
				CLANG_CXX_LANGUAGE_STANDARD = "gnu++14";
				CLANG_CXX_LIBRARY = "libc++";
				CLANG_ENABLE_MODULES = YES;
				CLANG_ENABLE_OBJC_ARC = YES;
				CLANG_ENABLE_OBJC_WEAK = YES;
				CLANG_WARN_BLOCK_CAPTURE_AUTORELEASING = YES;
				CLANG_WARN_BOOL_CONVERSION = YES;
				CLANG_WARN_COMMA = YES;
				CLANG_WARN_CONSTANT_CONVERSION = YES;
				CLANG_WARN_DEPRECATED_OBJC_IMPLEMENTATIONS = YES;
				CLANG_WARN_DIRECT_OBJC_ISA_USAGE = YES_ERROR;
				CLANG_WARN_DOCUMENTATION_COMMENTS = YES;
				CLANG_WARN_EMPTY_BODY = YES;
				CLANG_WARN_ENUM_CONVERSION = YES;
				CLANG_WARN_INFINITE_RECURSION = YES;
				CLANG_WARN_INT_CONVERSION = YES;
				CLANG_WARN_NON_LITERAL_NULL_CONVERSION = YES;
				CLANG_WARN_OBJC_IMPLICIT_RETAIN_SELF = YES;
				CLANG_WARN_OBJC_LITERAL_CONVERSION = YES;
				CLANG_WARN_OBJC_ROOT_CLASS = YES_ERROR;
				CLANG_WARN_QUOTED_INCLUDE_IN_FRAMEWORK_HEADER = YES;
				CLANG_WARN_RANGE_LOOP_ANALYSIS = YES;
				CLANG_WARN_STRICT_PROTOTYPES = YES;
				CLANG_WARN_SUSPICIOUS_MOVE = YES;
				CLANG_WARN_UNGUARDED_AVAILABILITY = YES_AGGRESSIVE;
				CLANG_WARN_UNREACHABLE_CODE = YES;
				CLANG_WARN__DUPLICATE_METHOD_MATCH = YES;
				COPY_PHASE_STRIP = NO;
				DEBUG_INFORMATION_FORMAT = dwarf;
				ENABLE_STRICT_OBJC_MSGSEND = YES;
				ENABLE_TESTABILITY = YES;
				GCC_C_LANGUAGE_STANDARD = gnu11;
				GCC_DYNAMIC_NO_PIC = NO;
				GCC_NO_COMMON_BLOCKS = YES;
				GCC_OPTIMIZATION_LEVEL = 0;
				GCC_PREPROCESSOR_DEFINITIONS = (
					"$(inherited)",
					"DEBUG=1",
				);
				GCC_WARN_64_TO_32_BIT_CONVERSION = YES;
				GCC_WARN_ABOUT_RETURN_TYPE = YES_ERROR;
				GCC_WARN_UNDECLARED_SELECTOR = YES;
				GCC_WARN_UNINITIALIZED_AUTOS = YES_AGGRESSIVE;
				GCC_WARN_UNUSED_FUNCTION = YES;
				GCC_WARN_UNUSED_VARIABLE = YES;
				GENERATE_INFOPLIST_FILE = YES;
				INFOPLIST_KEY_UIApplicationSupportsIndirectInputEvents = YES;
				INFOPLIST_KEY_UILaunchScreen_Generation = YES;
				IPHONEOS_DEPLOYMENT_TARGET = 17.0;
				MTL_ENABLE_DEBUG_INFO = INCLUDE_SOURCE;
				MTL_FAST_MATH = YES;
				ONLY_ACTIVE_ARCH = YES;
				PRODUCT_NAME = "$(TARGET_NAME)";
				SDKROOT = iphoneos;
				SWIFT_ACTIVE_COMPILATION_CONDITIONS = DEBUG;
				SWIFT_OPTIMIZATION_LEVEL = "-Onone";
				SWIFT_VERSION = 6.0;
				TARGETED_DEVICE_FAMILY = 1;
			};
			name = Debug;
		};
		6B7BD2B29544DDBE5903B871 /* Release */ = {
			isa = XCBuildConfiguration;
			baseConfigurationReference = CCC5E26AFD2D4A52B0B54F34 /* Config.xcconfig */;
			buildSettings = {
				ASSETCATALOG_COMPILER_APPICON_NAME = AppIcon;
				CODE_SIGN_ENTITLEMENTS = Memdo/Memdo.entitlements;
				CODE_SIGN_IDENTITY = "iPhone Developer";
				GENERATE_INFOPLIST_FILE = NO;
				INFOPLIST_FILE = Memdo/Info.plist;
				LD_RUNPATH_SEARCH_PATHS = (
					"$(inherited)",
					"@executable_path/Frameworks",
				);
				PRODUCT_BUNDLE_IDENTIFIER = com.memdo.ios;
				PRODUCT_NAME = Memdo;
				SDKROOT = iphoneos;
				TARGETED_DEVICE_FAMILY = "1,2";
			};
			name = Release;
		};
		C1D767AFA49CE9646B2903C7 /* Release */ = {
			isa = XCBuildConfiguration;
			buildSettings = {
				ALWAYS_SEARCH_USER_PATHS = NO;
				CLANG_ANALYZER_NONNULL = YES;
				CLANG_ANALYZER_NUMBER_OBJECT_CONVERSION = YES_AGGRESSIVE;
				CLANG_CXX_LANGUAGE_STANDARD = "gnu++14";
				CLANG_CXX_LIBRARY = "libc++";
				CLANG_ENABLE_MODULES = YES;
				CLANG_ENABLE_OBJC_ARC = YES;
				CLANG_ENABLE_OBJC_WEAK = YES;
				CLANG_WARN_BLOCK_CAPTURE_AUTORELEASING = YES;
				CLANG_WARN_BOOL_CONVERSION = YES;
				CLANG_WARN_COMMA = YES;
				CLANG_WARN_CONSTANT_CONVERSION = YES;
				CLANG_WARN_DEPRECATED_OBJC_IMPLEMENTATIONS = YES;
				CLANG_WARN_DIRECT_OBJC_ISA_USAGE = YES_ERROR;
				CLANG_WARN_DOCUMENTATION_COMMENTS = YES;
				CLANG_WARN_EMPTY_BODY = YES;
				CLANG_WARN_ENUM_CONVERSION = YES;
				CLANG_WARN_INFINITE_RECURSION = YES;
				CLANG_WARN_INT_CONVERSION = YES;
				CLANG_WARN_NON_LITERAL_NULL_CONVERSION = YES;
				CLANG_WARN_OBJC_IMPLICIT_RETAIN_SELF = YES;
				CLANG_WARN_OBJC_LITERAL_CONVERSION = YES;
				CLANG_WARN_OBJC_ROOT_CLASS = YES_ERROR;
				CLANG_WARN_QUOTED_INCLUDE_IN_FRAMEWORK_HEADER = YES;
				CLANG_WARN_RANGE_LOOP_ANALYSIS = YES;
				CLANG_WARN_STRICT_PROTOTYPES = YES;
				CLANG_WARN_SUSPICIOUS_MOVE = YES;
				CLANG_WARN_UNGUARDED_AVAILABILITY = YES_AGGRESSIVE;
				CLANG_WARN_UNREACHABLE_CODE = YES;
				CLANG_WARN__DUPLICATE_METHOD_MATCH = YES;
				COPY_PHASE_STRIP = NO;
				DEBUG_INFORMATION_FORMAT = "dwarf-with-dsym";
				ENABLE_NS_ASSERTIONS = NO;
				ENABLE_STRICT_OBJC_MSGSEND = YES;
				GCC_C_LANGUAGE_STANDARD = gnu11;
				GCC_NO_COMMON_BLOCKS = YES;
				GCC_WARN_64_TO_32_BIT_CONVERSION = YES;
				GCC_WARN_ABOUT_RETURN_TYPE = YES_ERROR;
				GCC_WARN_UNDECLARED_SELECTOR = YES;
				GCC_WARN_UNINITIALIZED_AUTOS = YES_AGGRESSIVE;
				GCC_WARN_UNUSED_FUNCTION = YES;
				GCC_WARN_UNUSED_VARIABLE = YES;
				GENERATE_INFOPLIST_FILE = YES;
				INFOPLIST_KEY_UIApplicationSupportsIndirectInputEvents = YES;
				INFOPLIST_KEY_UILaunchScreen_Generation = YES;
				IPHONEOS_DEPLOYMENT_TARGET = 17.0;
				MTL_ENABLE_DEBUG_INFO = NO;
				MTL_FAST_MATH = YES;
				PRODUCT_NAME = "$(TARGET_NAME)";
				SDKROOT = iphoneos;
				SWIFT_COMPILATION_MODE = wholemodule;
				SWIFT_OPTIMIZATION_LEVEL = "-O";
				SWIFT_VERSION = 6.0;
				TARGETED_DEVICE_FAMILY = 1;
			};
			name = Release;
		};
/* End XCBuildConfiguration section */

/* Begin XCConfigurationList section */
		19005277C9F7D659B325E203 /* Build configuration list for PBXProject "Memdo" */ = {
			isa = XCConfigurationList;
			buildConfigurations = (
				5E1E91CB30E6F8FF8AEA8A9C /* Debug */,
				C1D767AFA49CE9646B2903C7 /* Release */,
			);
			defaultConfigurationIsVisible = 0;
			defaultConfigurationName = Debug;
		};
		A98668BF3B00C961DCAB3EDF /* Build configuration list for PBXNativeTarget "Memdo" */ = {
			isa = XCConfigurationList;
			buildConfigurations = (
				41EAE821237ABD4E305ABC97 /* Debug */,
				6B7BD2B29544DDBE5903B871 /* Release */,
			);
			defaultConfigurationIsVisible = 0;
			defaultConfigurationName = Debug;
		};
		F84B9E5F4847501839A4F85C /* Build configuration list for PBXNativeTarget "MemdoWidget" */ = {
			isa = XCConfigurationList;
			buildConfigurations = (
				07DC1EAB0F49E2863D99B923 /* Debug */,
				07FE6F754E82B6F83673E62B /* Release */,
			);
			defaultConfigurationIsVisible = 0;
			defaultConfigurationName = Debug;
		};
/* End XCConfigurationList section */

/* Begin XCRemoteSwiftPackageReference section */
		FE2A74E992A6431DAB112003 /* XCRemoteSwiftPackageReference "supabase-swift" */ = {
			isa = XCRemoteSwiftPackageReference;
			repositoryURL = "https://github.com/supabase/supabase-swift";
			requirement = {
				kind = upToNextMajorVersion;
				minimumVersion = 2.46.0;
			};
		};
/* End XCRemoteSwiftPackageReference section */

/* Begin XCSwiftPackageProductDependency section */
		FE2A74E992A6431DAB112004 /* Supabase */ = {
			isa = XCSwiftPackageProductDependency;
			package = FE2A74E992A6431DAB112003 /* XCRemoteSwiftPackageReference "supabase-swift" */;
			productName = Supabase;
		};
/* End XCSwiftPackageProductDependency section */
	};
	rootObject = 3B84853CA27BE767B097094F /* Project object */;
}
